
Microsoft Visual Studio Solution File, Format Version 12.00
# Visual Studio 11
Project("{FAE04EC0-301F-11D3-BF4B-00C04F79EFBC}") = "D2DEffectsHelloWorld", "D2DEffectsHelloWorld\D2DEffectsHelloWorld.csproj", "{FAB64B59-1B9F-4505-99CA-3D42ECD9E429}"
EndProject
Project("{FAE04EC0-301F-11D3-BF4B-00C04F79EFBC}") = "D2DLightingEffects", "D2DLightingEffects\D2DLightingEffects.csproj", "{04C428FE-B2A9-4B6C-909E-110ADDE42B39}"
EndProject
Project("{FAE04EC0-301F-11D3-BF4B-00C04F79EFBC}") = "MiniCubeBrushXaml.sample", "MiniCubeBrushXaml\MiniCubeBrushXaml.sample.csproj", "{EF9E60BE-6F01-401A-AAC5-0A7069369999}"
EndProject
Project("{FAE04EC0-301F-11D3-BF4B-00C04F79EFBC}") = "MiniCubeXaml.sample", "MiniCubeXaml\MiniCubeXaml.sample.csproj", "{B475FCC5-2933-49F8-A5FB-FB4B1B36E02C}"
EndProject
Project("{FAE04EC0-301F-11D3-BF4B-00C04F79EFBC}") = "CommonDX.sample", "CommonDX\CommonDX.sample.csproj", "{45CD76A3-E21E-47A3-8BFD-9A1241AADB9D}"
EndProject
Project("{FAE04EC0-301F-11D3-BF4B-00C04F79EFBC}") = "D2DCustomPixelShaderEffect", "D2DCustomPixelShaderEffect\D2DCustomPixelShaderEffect.csproj", "{A6F35710-283E-4B31-8899-015BE69B86B0}"
EndProject
Project("{FAE04EC0-301F-11D3-BF4B-00C04F79EFBC}") = "D2DCustomVertexShaderEffect", "D2DCustomVertexShaderEffect\D2DCustomVertexShaderEffect.csproj", "{948A61DA-DD75-4268-BFA1-26832BBE13F9}"
EndProject
Global
	GlobalSection(SolutionConfigurationPlatforms) = preSolution
		Debug|ARM = Debug|ARM
		Debug|Any CPU = Debug|Any CPU
		Debug|x64 = Debug|x64
		Debug|x86 = Debug|x86
		Release|ARM = Release|ARM
		Release|Any CPU = Release|Any CPU
		Release|x64 = Release|x64
		Release|x86 = Release|x86
	EndGlobalSection
	GlobalSection(ProjectConfigurationPlatforms) = postSolution
		{04C428FE-B2A9-4B6C-909E-110ADDE42B39}.Debug|ARM.ActiveCfg = Debug|ARM
		{04C428FE-B2A9-4B6C-909E-110ADDE42B39}.Debug|ARM.Build.0 = Debug|ARM
		{04C428FE-B2A9-4B6C-909E-110ADDE42B39}.Debug|ARM.Deploy.0 = Debug|ARM
		{04C428FE-B2A9-4B6C-909E-110ADDE42B39}.Debug|Any CPU.ActiveCfg = Debug|Any CPU
		{04C428FE-B2A9-4B6C-909E-110ADDE42B39}.Debug|Any CPU.Build.0 = Debug|Any CPU
		{04C428FE-B2A9-4B6C-909E-110ADDE42B39}.Debug|Any CPU.Deploy.0 = Debug|Any CPU
		{04C428FE-B2A9-4B6C-909E-110ADDE42B39}.Debug|x64.ActiveCfg = Debug|x64
		{04C428FE-B2A9-4B6C-909E-110ADDE42B39}.Debug|x64.Build.0 = Debug|x64
		{04C428FE-B2A9-4B6C-909E-110ADDE42B39}.Debug|x64.Deploy.0 = Debug|x64
		{04C428FE-B2A9-4B6C-909E-110ADDE42B39}.Debug|x86.ActiveCfg = Debug|x86
		{04C428FE-B2A9-4B6C-909E-110ADDE42B39}.Debug|x86.Build.0 = Debug|x86
		{04C428FE-B2A9-4B6C-909E-110ADDE42B39}.Debug|x86.Deploy.0 = Debug|x86
		{04C428FE-B2A9-4B6C-909E-110ADDE42B39}.Release|ARM.ActiveCfg = Release|ARM
		{04C428FE-B2A9-4B6C-909E-110ADDE42B39}.Release|ARM.Build.0 = Release|ARM
		{04C428FE-B2A9-4B6C-909E-110ADDE42B39}.Release|ARM.Deploy.0 = Release|ARM
		{04C428FE-B2A9-4B6C-909E-110ADDE42B39}.Release|Any CPU.ActiveCfg = Release|Any CPU
		{04C428FE-B2A9-4B6C-909E-110ADDE42B39}.Release|Any CPU.Build.0 = Release|Any CPU
		{04C428FE-B2A9-4B6C-909E-110ADDE42B39}.Release|Any CPU.Deploy.0 = Release|Any CPU
		{04C428FE-B2A9-4B6C-909E-110ADDE42B39}.Release|x64.ActiveCfg = Release|x64
		{04C428FE-B2A9-4B6C-909E-110ADDE42B39}.Release|x64.Build.0 = Release|x64
		{04C428FE-B2A9-4B6C-909E-110ADDE42B39}.Release|x64.Deploy.0 = Release|x64
		{04C428FE-B2A9-4B6C-909E-110ADDE42B39}.Release|x86.ActiveCfg = Release|x86
		{04C428FE-B2A9-4B6C-909E-110ADDE42B39}.Release|x86.Build.0 = Release|x86
		{04C428FE-B2A9-4B6C-909E-110ADDE42B39}.Release|x86.Deploy.0 = Release|x86
		{45CD76A3-E21E-47A3-8BFD-9A1241AADB9D}.Debug|ARM.ActiveCfg = Debug|ARM
		{45CD76A3-E21E-47A3-8BFD-9A1241AADB9D}.Debug|ARM.Build.0 = Debug|ARM
		{45CD76A3-E21E-47A3-8BFD-9A1241AADB9D}.Debug|Any CPU.ActiveCfg = Debug|Any CPU
		{45CD76A3-E21E-47A3-8BFD-9A1241AADB9D}.Debug|Any CPU.Build.0 = Debug|Any CPU
		{45CD76A3-E21E-47A3-8BFD-9A1241AADB9D}.Debug|x64.ActiveCfg = Debug|x64
		{45CD76A3-E21E-47A3-8BFD-9A1241AADB9D}.Debug|x64.Build.0 = Debug|x64
		{45CD76A3-E21E-47A3-8BFD-9A1241AADB9D}.Debug|x86.ActiveCfg = Debug|x86
		{45CD76A3-E21E-47A3-8BFD-9A1241AADB9D}.Debug|x86.Build.0 = Debug|x86
		{45CD76A3-E21E-47A3-8BFD-9A1241AADB9D}.Release|ARM.ActiveCfg = Release|ARM
		{45CD76A3-E21E-47A3-8BFD-9A1241AADB9D}.Release|ARM.Build.0 = Release|ARM
		{45CD76A3-E21E-47A3-8BFD-9A1241AADB9D}.Release|Any CPU.ActiveCfg = Release|Any CPU
		{45CD76A3-E21E-47A3-8BFD-9A1241AADB9D}.Release|Any CPU.Build.0 = Release|Any CPU
		{45CD76A3-E21E-47A3-8BFD-9A1241AADB9D}.Release|x64.ActiveCfg = Release|x64
		{45CD76A3-E21E-47A3-8BFD-9A1241AADB9D}.Release|x64.Build.0 = Release|x64
		{45CD76A3-E21E-47A3-8BFD-9A1241AADB9D}.Release|x86.ActiveCfg = Release|x86
		{45CD76A3-E21E-47A3-8BFD-9A1241AADB9D}.Release|x86.Build.0 = Release|x86
		{948A61DA-DD75-4268-BFA1-26832BBE13F9}.Debug|ARM.ActiveCfg = Debug|ARM
		{948A61DA-DD75-4268-BFA1-26832BBE13F9}.Debug|ARM.Build.0 = Debug|ARM
		{948A61DA-DD75-4268-BFA1-26832BBE13F9}.Debug|ARM.Deploy.0 = Debug|ARM
		{948A61DA-DD75-4268-BFA1-26832BBE13F9}.Debug|Any CPU.ActiveCfg = Debug|Any CPU
		{948A61DA-DD75-4268-BFA1-26832BBE13F9}.Debug|Any CPU.Build.0 = Debug|Any CPU
		{948A61DA-DD75-4268-BFA1-26832BBE13F9}.Debug|Any CPU.Deploy.0 = Debug|Any CPU
		{948A61DA-DD75-4268-BFA1-26832BBE13F9}.Debug|x64.ActiveCfg = Debug|x64
		{948A61DA-DD75-4268-BFA1-26832BBE13F9}.Debug|x64.Build.0 = Debug|x64
		{948A61DA-DD75-4268-BFA1-26832BBE13F9}.Debug|x64.Deploy.0 = Debug|x64
		{948A61DA-DD75-4268-BFA1-26832BBE13F9}.Debug|x86.ActiveCfg = Debug|x86
		{948A61DA-DD75-4268-BFA1-26832BBE13F9}.Debug|x86.Build.0 = Debug|x86
		{948A61DA-DD75-4268-BFA1-26832BBE13F9}.Debug|x86.Deploy.0 = Debug|x86
		{948A61DA-DD75-4268-BFA1-26832BBE13F9}.Release|ARM.ActiveCfg = Release|ARM
		{948A61DA-DD75-4268-BFA1-26832BBE13F9}.Release|ARM.Build.0 = Release|ARM
		{948A61DA-DD75-4268-BFA1-26832BBE13F9}.Release|ARM.Deploy.0 = Release|ARM
		{948A61DA-DD75-4268-BFA1-26832BBE13F9}.Release|Any CPU.ActiveCfg = Release|Any CPU
		{948A61DA-DD75-4268-BFA1-26832BBE13F9}.Release|Any CPU.Build.0 = Release|Any CPU
		{948A61DA-DD75-4268-BFA1-26832BBE13F9}.Release|Any CPU.Deploy.0 = Release|Any CPU
		{948A61DA-DD75-4268-BFA1-26832BBE13F9}.Release|x64.ActiveCfg = Release|x64
		{948A61DA-DD75-4268-BFA1-26832BBE13F9}.Release|x64.Build.0 = Release|x64
		{948A61DA-DD75-4268-BFA1-26832BBE13F9}.Release|x64.Deploy.0 = Release|x64
		{948A61DA-DD75-4268-BFA1-26832BBE13F9}.Release|x86.ActiveCfg = Release|x86
		{948A61DA-DD75-4268-BFA1-26832BBE13F9}.Release|x86.Build.0 = Release|x86
		{948A61DA-DD75-4268-BFA1-26832BBE13F9}.Release|x86.Deploy.0 = Release|x86
		{A6F35710-283E-4B31-8899-015BE69B86B0}.Debug|ARM.ActiveCfg = Debug|ARM
		{A6F35710-283E-4B31-8899-015BE69B86B0}.Debug|ARM.Build.0 = Debug|ARM
		{A6F35710-283E-4B31-8899-015BE69B86B0}.Debug|ARM.Deploy.0 = Debug|ARM
		{A6F35710-283E-4B31-8899-015BE69B86B0}.Debug|Any CPU.ActiveCfg = Debug|Any CPU
		{A6F35710-283E-4B31-8899-015BE69B86B0}.Debug|Any CPU.Build.0 = Debug|Any CPU
		{A6F35710-283E-4B31-8899-015BE69B86B0}.Debug|Any CPU.Deploy.0 = Debug|Any CPU
		{A6F35710-283E-4B31-8899-015BE69B86B0}.Debug|x64.ActiveCfg = Debug|x64
		{A6F35710-283E-4B31-8899-015BE69B86B0}.Debug|x64.Build.0 = Debug|x64
		{A6F35710-283E-4B31-8899-015BE69B86B0}.Debug|x64.Deploy.0 = Debug|x64
		{A6F35710-283E-4B31-8899-015BE69B86B0}.Debug|x86.ActiveCfg = Debug|x86
		{A6F35710-283E-4B31-8899-015BE69B86B0}.Debug|x86.Build.0 = Debug|x86
		{A6F35710-283E-4B31-8899-015BE69B86B0}.Debug|x86.Deploy.0 = Debug|x86
		{A6F35710-283E-4B31-8899-015BE69B86B0}.Release|ARM.ActiveCfg = Release|ARM
		{A6F35710-283E-4B31-8899-015BE69B86B0}.Release|ARM.Build.0 = Release|ARM
		{A6F35710-283E-4B31-8899-015BE69B86B0}.Release|ARM.Deploy.0 = Release|ARM
		{A6F35710-283E-4B31-8899-015BE69B86B0}.Release|Any CPU.ActiveCfg = Release|Any CPU
		{A6F35710-283E-4B31-8899-015BE69B86B0}.Release|Any CPU.Build.0 = Release|Any CPU
		{A6F35710-283E-4B31-8899-015BE69B86B0}.Release|Any CPU.Deploy.0 = Release|Any CPU
		{A6F35710-283E-4B31-8899-015BE69B86B0}.Release|x64.ActiveCfg = Release|x64
		{A6F35710-283E-4B31-8899-015BE69B86B0}.Release|x64.Build.0 = Release|x64
		{A6F35710-283E-4B31-8899-015BE69B86B0}.Release|x64.Deploy.0 = Release|x64
		{A6F35710-283E-4B31-8899-015BE69B86B0}.Release|x86.ActiveCfg = Release|x86
		{A6F35710-283E-4B31-8899-015BE69B86B0}.Release|x86.Build.0 = Release|x86
		{A6F35710-283E-4B31-8899-015BE69B86B0}.Release|x86.Deploy.0 = Release|x86
		{B475FCC5-2933-49F8-A5FB-FB4B1B36E02C}.Debug|ARM.ActiveCfg = Debug|ARM
		{B475FCC5-2933-49F8-A5FB-FB4B1B36E02C}.Debug|ARM.Build.0 = Debug|ARM
		{B475FCC5-2933-49F8-A5FB-FB4B1B36E02C}.Debug|ARM.Deploy.0 = Debug|ARM
		{B475FCC5-2933-49F8-A5FB-FB4B1B36E02C}.Debug|Any CPU.ActiveCfg = Debug|Any CPU
		{B475FCC5-2933-49F8-A5FB-FB4B1B36E02C}.Debug|Any CPU.Build.0 = Debug|Any CPU
		{B475FCC5-2933-49F8-A5FB-FB4B1B36E02C}.Debug|Any CPU.Deploy.0 = Debug|Any CPU
		{B475FCC5-2933-49F8-A5FB-FB4B1B36E02C}.Debug|x64.ActiveCfg = Debug|x64
		{B475FCC5-2933-49F8-A5FB-FB4B1B36E02C}.Debug|x64.Build.0 = Debug|x64
		{B475FCC5-2933-49F8-A5FB-FB4B1B36E02C}.Debug|x64.Deploy.0 = Debug|x64
		{B475FCC5-2933-49F8-A5FB-FB4B1B36E02C}.Debug|x86.ActiveCfg = Debug|x86
		{B475FCC5-2933-49F8-A5FB-FB4B1B36E02C}.Debug|x86.Build.0 = Debug|x86
		{B475FCC5-2933-49F8-A5FB-FB4B1B36E02C}.Debug|x86.Deploy.0 = Debug|x86
		{B475FCC5-2933-49F8-A5FB-FB4B1B36E02C}.Release|ARM.ActiveCfg = Release|ARM
		{B475FCC5-2933-49F8-A5FB-FB4B1B36E02C}.Release|ARM.Build.0 = Release|ARM
		{B475FCC5-2933-49F8-A5FB-FB4B1B36E02C}.Release|ARM.Deploy.0 = Release|ARM
		{B475FCC5-2933-49F8-A5FB-FB4B1B36E02C}.Release|Any CPU.ActiveCfg = Release|Any CPU
		{B475FCC5-2933-49F8-A5FB-FB4B1B36E02C}.Release|Any CPU.Build.0 = Release|Any CPU
		{B475FCC5-2933-49F8-A5FB-FB4B1B36E02C}.Release|Any CPU.Deploy.0 = Release|Any CPU
		{B475FCC5-2933-49F8-A5FB-FB4B1B36E02C}.Release|x64.ActiveCfg = Release|x64
		{B475FCC5-2933-49F8-A5FB-FB4B1B36E02C}.Release|x64.Build.0 = Release|x64
		{B475FCC5-2933-49F8-A5FB-FB4B1B36E02C}.Release|x64.Deploy.0 = Release|x64
		{B475FCC5-2933-49F8-A5FB-FB4B1B36E02C}.Release|x86.ActiveCfg = Release|x86
		{B475FCC5-2933-49F8-A5FB-FB4B1B36E02C}.Release|x86.Build.0 = Release|x86
		{B475FCC5-2933-49F8-A5FB-FB4B1B36E02C}.Release|x86.Deploy.0 = Release|x86
		{EF9E60BE-6F01-401A-AAC5-0A7069369999}.Debug|ARM.ActiveCfg = Debug|ARM
		{EF9E60BE-6F01-401A-AAC5-0A7069369999}.Debug|ARM.Build.0 = Debug|ARM
		{EF9E60BE-6F01-401A-AAC5-0A7069369999}.Debug|ARM.Deploy.0 = Debug|ARM
		{EF9E60BE-6F01-401A-AAC5-0A7069369999}.Debug|Any CPU.ActiveCfg = Debug|Any CPU
		{EF9E60BE-6F01-401A-AAC5-0A7069369999}.Debug|Any CPU.Build.0 = Debug|Any CPU
		{EF9E60BE-6F01-401A-AAC5-0A7069369999}.Debug|Any CPU.Deploy.0 = Debug|Any CPU
		{EF9E60BE-6F01-401A-AAC5-0A7069369999}.Debug|x64.ActiveCfg = Debug|x64
		{EF9E60BE-6F01-401A-AAC5-0A7069369999}.Debug|x64.Build.0 = Debug|x64
		{EF9E60BE-6F01-401A-AAC5-0A7069369999}.Debug|x64.Deploy.0 = Debug|x64
		{EF9E60BE-6F01-401A-AAC5-0A7069369999}.Debug|x86.ActiveCfg = Debug|x86
		{EF9E60BE-6F01-401A-AAC5-0A7069369999}.Debug|x86.Build.0 = Debug|x86
		{EF9E60BE-6F01-401A-AAC5-0A7069369999}.Debug|x86.Deploy.0 = Debug|x86
		{EF9E60BE-6F01-401A-AAC5-0A7069369999}.Release|ARM.ActiveCfg = Release|ARM
		{EF9E60BE-6F01-401A-AAC5-0A7069369999}.Release|ARM.Build.0 = Release|ARM
		{EF9E60BE-6F01-401A-AAC5-0A7069369999}.Release|ARM.Deploy.0 = Release|ARM
		{EF9E60BE-6F01-401A-AAC5-0A7069369999}.Release|Any CPU.ActiveCfg = Release|Any CPU
		{EF9E60BE-6F01-401A-AAC5-0A7069369999}.Release|Any CPU.Build.0 = Release|Any CPU
		{EF9E60BE-6F01-401A-AAC5-0A7069369999}.Release|Any CPU.Deploy.0 = Release|Any CPU
		{EF9E60BE-6F01-401A-AAC5-0A7069369999}.Release|x64.ActiveCfg = Release|x64
		{EF9E60BE-6F01-401A-AAC5-0A7069369999}.Release|x64.Build.0 = Release|x64
		{EF9E60BE-6F01-401A-AAC5-0A7069369999}.Release|x64.Deploy.0 = Release|x64
		{EF9E60BE-6F01-401A-AAC5-0A7069369999}.Release|x86.ActiveCfg = Release|x86
		{EF9E60BE-6F01-401A-AAC5-0A7069369999}.Release|x86.Build.0 = Release|x86
		{EF9E60BE-6F01-401A-AAC5-0A7069369999}.Release|x86.Deploy.0 = Release|x86
		{FAB64B59-1B9F-4505-99CA-3D42ECD9E429}.Debug|ARM.ActiveCfg = Debug|ARM
		{FAB64B59-1B9F-4505-99CA-3D42ECD9E429}.Debug|ARM.Build.0 = Debug|ARM
		{FAB64B59-1B9F-4505-99CA-3D42ECD9E429}.Debug|ARM.Deploy.0 = Debug|ARM
		{FAB64B59-1B9F-4505-99CA-3D42ECD9E429}.Debug|Any CPU.ActiveCfg = Debug|Any CPU
		{FAB64B59-1B9F-4505-99CA-3D42ECD9E429}.Debug|Any CPU.Build.0 = Debug|Any CPU
		{FAB64B59-1B9F-4505-99CA-3D42ECD9E429}.Debug|Any CPU.Deploy.0 = Debug|Any CPU
		{FAB64B59-1B9F-4505-99CA-3D42ECD9E429}.Debug|x64.ActiveCfg = Debug|x64
		{FAB64B59-1B9F-4505-99CA-3D42ECD9E429}.Debug|x64.Build.0 = Debug|x64
		{FAB64B59-1B9F-4505-99CA-3D42ECD9E429}.Debug|x64.Deploy.0 = Debug|x64
		{FAB64B59-1B9F-4505-99CA-3D42ECD9E429}.Debug|x86.ActiveCfg = Debug|x86
		{FAB64B59-1B9F-4505-99CA-3D42ECD9E429}.Debug|x86.Build.0 = Debug|x86
		{FAB64B59-1B9F-4505-99CA-3D42ECD9E429}.Debug|x86.Deploy.0 = Debug|x86
		{FAB64B59-1B9F-4505-99CA-3D42ECD9E429}.Release|ARM.ActiveCfg = Release|ARM
		{FAB64B59-1B9F-4505-99CA-3D42ECD9E429}.Release|ARM.Build.0 = Release|ARM
		{FAB64B59-1B9F-4505-99CA-3D42ECD9E429}.Release|ARM.Deploy.0 = Release|ARM
		{FAB64B59-1B9F-4505-99CA-3D42ECD9E429}.Release|Any CPU.ActiveCfg = Release|Any CPU
		{FAB64B59-1B9F-4505-99CA-3D42ECD9E429}.Release|Any CPU.Build.0 = Release|Any CPU
		{FAB64B59-1B9F-4505-99CA-3D42ECD9E429}.Release|Any CPU.Deploy.0 = Release|Any CPU
		{FAB64B59-1B9F-4505-99CA-3D42ECD9E429}.Release|x64.ActiveCfg = Release|x64
		{FAB64B59-1B9F-4505-99CA-3D42ECD9E429}.Release|x64.Build.0 = Release|x64
		{FAB64B59-1B9F-4505-99CA-3D42ECD9E429}.Release|x64.Deploy.0 = Release|x64
		{FAB64B59-1B9F-4505-99CA-3D42ECD9E429}.Release|x86.ActiveCfg = Release|x86
		{FAB64B59-1B9F-4505-99CA-3D42ECD9E429}.Release|x86.Build.0 = Release|x86
		{FAB64B59-1B9F-4505-99CA-3D42ECD9E429}.Release|x86.Deploy.0 = Release|x86
	EndGlobalSection
	GlobalSection(SolutionProperties) = preSolution
		HideSolutionNode = FALSE
	EndGlobalSection
EndGlobal
