
Microsoft Visual Studio Solution File, Format Version 12.00
# Visual Studio 2012
Project("{2150E333-8FDC-42A3-9474-1A3956D46DE8}") = "Sources", "Sources", "{CC8DB471-0644-430D-9D4B-808A2475BEC0}"
	ProjectSection(SolutionItems) = preProject
		Source\Mapping.Direct3D1x.xml = Source\Mapping.Direct3D1x.xml
		Source\Mapping.xml = Source\Mapping.xml
		Source\SharedAssemblyInfo.cs = Source\SharedAssemblyInfo.cs
	EndProjectSection
EndProject
Project("{2150E333-8FDC-42A3-9474-1A3956D46DE8}") = "Tools", "Tools", "{F1AF9A3B-7856-46C9-992A-391E5455BF1F}"
EndProject
Project("{FAE04EC0-301F-11D3-BF4B-00C04F79EFBC}") = "SharpDX", "Source\SharpDX\SharpDX.csproj", "{D0BCD56A-41C4-4A4E-8590-26864CED07FF}"
	ProjectSection(ProjectDependencies) = postProject
		{31F85A16-CB01-4456-BE3C-76E9FF3A1343} = {31F85A16-CB01-4456-BE3C-76E9FF3A1343}
		{4E2D9A17-2195-4A51-AAE3-924517440293} = {4E2D9A17-2195-4A51-AAE3-924517440293}
	EndProjectSection
EndProject
Project("{FAE04EC0-301F-11D3-BF4B-00C04F79EFBC}") = "SharpDX.D3DCompiler", "Source\SharpDX.D3DCompiler\SharpDX.D3DCompiler.csproj", "{361D3F81-A48A-47F2-80DF-CA4F9536CB4E}"
EndProject
Project("{FAE04EC0-301F-11D3-BF4B-00C04F79EFBC}") = "SharpDX.Direct2D1", "Source\SharpDX.Direct2D1\SharpDX.Direct2D1.csproj", "{C97878F4-1510-4BBA-8153-BD71DA7D50D8}"
EndProject
Project("{FAE04EC0-301F-11D3-BF4B-00C04F79EFBC}") = "SharpDX.Direct3D10", "Source\SharpDX.Direct3D10\SharpDX.Direct3D10.csproj", "{618AFA87-81A8-4B1C-8876-5457D49F2DEF}"
EndProject
Project("{FAE04EC0-301F-11D3-BF4B-00C04F79EFBC}") = "SharpDX.Direct3D11", "Source\SharpDX.Direct3D11\SharpDX.Direct3D11.csproj", "{736DFB52-1AFE-4EFF-9710-89046AB5B1F9}"
EndProject
Project("{FAE04EC0-301F-11D3-BF4B-00C04F79EFBC}") = "SharpDX.DirectSound", "Source\SharpDX.DirectSound\SharpDX.DirectSound.csproj", "{E927F2D5-8E27-462A-8687-CB207EE01164}"
EndProject
Project("{FAE04EC0-301F-11D3-BF4B-00C04F79EFBC}") = "SharpDX.DXGI", "Source\SharpDX.DXGI\SharpDX.DXGI.csproj", "{3FC6DE77-B412-4101-9E64-6B9AA831179B}"
EndProject
Project("{FAE04EC0-301F-11D3-BF4B-00C04F79EFBC}") = "SharpDX.XAudio2", "Source\SharpDX.XAudio2\SharpDX.XAudio2.csproj", "{4995127E-0B8E-45B8-80C4-6BAC1BBE3783}"
EndProject
Project("{FAE04EC0-301F-11D3-BF4B-00C04F79EFBC}") = "SharpDX.Direct3D9", "Source\SharpDX.Direct3D9\SharpDX.Direct3D9.csproj", "{B4D984DF-85B8-4BBF-8C3B-5CEF905F40D9}"
EndProject
Project("{FAE04EC0-301F-11D3-BF4B-00C04F79EFBC}") = "SharpDX.DirectInput", "Source\SharpDX.DirectInput\SharpDX.DirectInput.csproj", "{112F146B-7C01-490B-B943-EA9341ACCAF2}"
EndProject
Project("{FAE04EC0-301F-11D3-BF4B-00C04F79EFBC}") = "SharpCli", "Source\Tools\SharpCli\SharpCli.csproj", "{4E2D9A17-2195-4A51-AAE3-924517440293}"
	ProjectSection(ProjectDependencies) = postProject
		{5E597A82-9DE9-4BA5-AD76-51202190E951} = {5E597A82-9DE9-4BA5-AD76-51202190E951}
	EndProjectSection
EndProject
Project("{FAE04EC0-301F-11D3-BF4B-00C04F79EFBC}") = "SharpGen", "Source\Tools\SharpGen\SharpGen.csproj", "{31F85A16-CB01-4456-BE3C-76E9FF3A1343}"
	ProjectSection(ProjectDependencies) = postProject
		{5E597A82-9DE9-4BA5-AD76-51202190E951} = {5E597A82-9DE9-4BA5-AD76-51202190E951}
	EndProjectSection
EndProject
Project("{FAE04EC0-301F-11D3-BF4B-00C04F79EFBC}") = "SharpPak", "Source\Tools\SharpPak\SharpPak.csproj", "{5E597A82-9DE9-4BA5-AD76-51202190E951}"
EndProject
Project("{FAE04EC0-301F-11D3-BF4B-00C04F79EFBC}") = "Documentation", "Documentation\Documentation.csproj", "{9AA405CA-B7FD-44D0-9EBC-21F5D0F44DEB}"
EndProject
Project("{2150E333-8FDC-42A3-9474-1A3956D46DE8}") = "Documentation", "Documentation", "{57C5C966-ADB2-43F2-BB54-99BCB56C9F10}"
	ProjectSection(SolutionItems) = preProject
		ChangeLog.txt = ChangeLog.txt
		README.markdown = README.markdown
		ReleaseNotes.html = ReleaseNotes.html
	EndProjectSection
EndProject
Project("{2150E333-8FDC-42A3-9474-1A3956D46DE8}") = "Tests", "Tests", "{1B526C0E-EE4A-4E8F-BF8F-8C7397FB4918}"
EndProject
Project("{FAE04EC0-301F-11D3-BF4B-00C04F79EFBC}") = "SharpDX.XACT3", "Source\SharpDX.XACT3\SharpDX.XACT3.csproj", "{4939860C-5D5B-4D56-89C8-1980A9EBB392}"
EndProject
Project("{FAE04EC0-301F-11D3-BF4B-00C04F79EFBC}") = "SharpDX.RawInput", "Source\SharpDX.RawInput\SharpDX.RawInput.csproj", "{05D17A7B-F200-48C0-B8F9-B7211665A17F}"
EndProject
Project("{FAE04EC0-301F-11D3-BF4B-00C04F79EFBC}") = "SharpDX.XInput", "Source\SharpDX.XInput\SharpDX.XInput.csproj", "{764D7CE5-F78B-432E-A849-E40BA44522D6}"
EndProject
Project("{2150E333-8FDC-42A3-9474-1A3956D46DE8}") = "Build", "Build", "{E462D87D-C180-4114-B8C8-914E6735BF44}"
	ProjectSection(SolutionItems) = preProject
		SharpDX.build = SharpDX.build
		SharpDX.PostSettings.targets = SharpDX.PostSettings.targets
		SharpDX.PreSettings.targets = SharpDX.PreSettings.targets
		SharpDX.targets = SharpDX.targets
	EndProjectSection
EndProject
Project("{FAE04EC0-301F-11D3-BF4B-00C04F79EFBC}") = "SharpDX.Tests", "Source\Tests\SharpDX.Tests\SharpDX.Tests.csproj", "{931FA266-E756-41CA-9736-8B29235DC999}"
EndProject
Project("{FAE04EC0-301F-11D3-BF4B-00C04F79EFBC}") = "SharpDX.Animation", "Source\SharpDX.Animation\SharpDX.Animation.csproj", "{874DEC63-9AB9-4A09-B1EA-E8FB1F1B68A1}"
EndProject
Project("{FAE04EC0-301F-11D3-BF4B-00C04F79EFBC}") = "SharpDX.MediaFoundation", "Source\SharpDX.MediaFoundation\SharpDX.MediaFoundation.csproj", "{CA21A201-078B-4EBE-A2AB-C3B1FFEC99F9}"
EndProject
Project("{FAE04EC0-301F-11D3-BF4B-00C04F79EFBC}") = "SharpDX.Direct3D11.Effects", "Source\SharpDX.Direct3D11.Effects\SharpDX.Direct3D11.Effects.csproj", "{BBB50A46-3291-4C62-B884-D1AB64F71EA5}"
EndProject
Project("{2150E333-8FDC-42A3-9474-1A3956D46DE8}") = "Toolkit", "Toolkit", "{529B140D-B91D-49EA-B173-9ADD6AB2A2A3}"
EndProject
Project("{FAE04EC0-301F-11D3-BF4B-00C04F79EFBC}") = "SharpDX.Toolkit.Graphics", "Source\Toolkit\SharpDX.Toolkit.Graphics\SharpDX.Toolkit.Graphics.csproj", "{53EF08A7-4224-434C-A62C-F29807C1C750}"
	ProjectSection(ProjectDependencies) = postProject
		{BCE106B4-0C81-4705-8A9C-C4C4F5EAB702} = {BCE106B4-0C81-4705-8A9C-C4C4F5EAB702}
		{8BFFF9D1-84EC-4FBA-9BEB-710ECF1857A8} = {8BFFF9D1-84EC-4FBA-9BEB-710ECF1857A8}
	EndProjectSection
EndProject
Project("{FAE04EC0-301F-11D3-BF4B-00C04F79EFBC}") = "SharpDX.Toolkit.Graphics.Tests", "Source\Tests\SharpDX.Toolkit.Graphics.Tests\SharpDX.Toolkit.Graphics.Tests.csproj", "{4E0E6A4D-930D-4660-8DE0-E30FF1F9F4A9}"
EndProject
Project("{FAE04EC0-301F-11D3-BF4B-00C04F79EFBC}") = "SharpDX.Toolkit", "Source\Toolkit\SharpDX.Toolkit\SharpDX.Toolkit.csproj", "{9FF0707C-75BB-4984-A01F-B9EAAD293F6C}"
EndProject
Project("{FAE04EC0-301F-11D3-BF4B-00C04F79EFBC}") = "SharpDX.Toolkit.Compiler", "Source\Toolkit\SharpDX.Toolkit.Compiler\SharpDX.Toolkit.Compiler.csproj", "{8BFFF9D1-84EC-4FBA-9BEB-710ECF1857A8}"
EndProject
Project("{FAE04EC0-301F-11D3-BF4B-00C04F79EFBC}") = "tkfxc", "Source\Toolkit\tkfxc\tkfxc.csproj", "{BCE106B4-0C81-4705-8A9C-C4C4F5EAB702}"
EndProject
Project("{FAE04EC0-301F-11D3-BF4B-00C04F79EFBC}") = "SharpGitLog", "Source\Tools\SharpGitLog\SharpGitLog.csproj", "{15BA35B5-3E54-4715-8857-36F4F96F51FB}"
EndProject
Project("{FAE04EC0-301F-11D3-BF4B-00C04F79EFBC}") = "tkfont", "Source\Toolkit\tkfont\tkfont.csproj", "{7329B02D-C504-482A-A156-181D48CE493C}"
EndProject
Project("{FAE04EC0-301F-11D3-BF4B-00C04F79EFBC}") = "SharpDX.Toolkit.Game", "Source\Toolkit\SharpDX.Toolkit.Game\SharpDX.Toolkit.Game.csproj", "{B2516A23-1A99-4263-964A-B820FD07FA80}"
EndProject
Project("{FAE04EC0-301F-11D3-BF4B-00C04F79EFBC}") = "SharpDX.Toolkit.Input", "Source\Toolkit\SharpDX.Toolkit.Input\SharpDX.Toolkit.Input.csproj", "{46452614-6B06-400F-A74C-1632C79B762C}"
EndProject
Project("{FAE04EC0-301F-11D3-BF4B-00C04F79EFBC}") = "SharpDX.Toolkit.CompilerTask", "Source\Toolkit\SharpDX.Toolkit.CompilerTask\SharpDX.Toolkit.CompilerTask.csproj", "{90F4C7BC-7A08-4C0F-A5D7-ED9D1D3900D4}"
EndProject
Project("{FAE04EC0-301F-11D3-BF4B-00C04F79EFBC}") = "tkmodel", "Source\Toolkit\tkmodel\tkmodel.csproj", "{76FD0713-F217-4485-89B3-C6423DB46C58}"
EndProject
Global
	GlobalSection(SolutionConfigurationPlatforms) = preSolution
		DIRECTX11_1Debug|Any CPU = DIRECTX11_1Debug|Any CPU
		DIRECTX11_1Release|Any CPU = DIRECTX11_1Release|Any CPU
		DIRECTX11_2Debug|Any CPU = DIRECTX11_2Debug|Any CPU
		DIRECTX11_2Release|Any CPU = DIRECTX11_2Release|Any CPU
		Net20Debug|Any CPU = Net20Debug|Any CPU
		Net20Release|Any CPU = Net20Release|Any CPU
		Net40Debug|Any CPU = Net40Debug|Any CPU
		Net40Release|Any CPU = Net40Release|Any CPU
		ToolsDebug|Any CPU = ToolsDebug|Any CPU
		Win8Debug|Any CPU = Win8Debug|Any CPU
		Win8DX11_2Debug|Any CPU = Win8DX11_2Debug|Any CPU
		Win8DX11_2Release|Any CPU = Win8DX11_2Release|Any CPU
		Win8Release|Any CPU = Win8Release|Any CPU
		WP8Debug|Any CPU = WP8Debug|Any CPU
		WP8Release|Any CPU = WP8Release|Any CPU
	EndGlobalSection
	GlobalSection(ProjectConfigurationPlatforms) = postSolution
		{D0BCD56A-41C4-4A4E-8590-26864CED07FF}.DIRECTX11_1Debug|Any CPU.ActiveCfg = DIRECTX11_1Debug|Any CPU
		{D0BCD56A-41C4-4A4E-8590-26864CED07FF}.DIRECTX11_1Debug|Any CPU.Build.0 = DIRECTX11_1Debug|Any CPU
		{D0BCD56A-41C4-4A4E-8590-26864CED07FF}.DIRECTX11_1Release|Any CPU.ActiveCfg = DIRECTX11_1Release|Any CPU
		{D0BCD56A-41C4-4A4E-8590-26864CED07FF}.DIRECTX11_1Release|Any CPU.Build.0 = DIRECTX11_1Release|Any CPU
		{D0BCD56A-41C4-4A4E-8590-26864CED07FF}.DIRECTX11_2Debug|Any CPU.ActiveCfg = DIRECTX11_2Debug|Any CPU
		{D0BCD56A-41C4-4A4E-8590-26864CED07FF}.DIRECTX11_2Debug|Any CPU.Build.0 = DIRECTX11_2Debug|Any CPU
		{D0BCD56A-41C4-4A4E-8590-26864CED07FF}.DIRECTX11_2Release|Any CPU.ActiveCfg = DIRECTX11_2Release|Any CPU
		{D0BCD56A-41C4-4A4E-8590-26864CED07FF}.DIRECTX11_2Release|Any CPU.Build.0 = DIRECTX11_2Release|Any CPU
		{D0BCD56A-41C4-4A4E-8590-26864CED07FF}.Net20Debug|Any CPU.ActiveCfg = Net20Debug|Any CPU
		{D0BCD56A-41C4-4A4E-8590-26864CED07FF}.Net20Debug|Any CPU.Build.0 = Net20Debug|Any CPU
		{D0BCD56A-41C4-4A4E-8590-26864CED07FF}.Net20Release|Any CPU.ActiveCfg = Net20Release|Any CPU
		{D0BCD56A-41C4-4A4E-8590-26864CED07FF}.Net20Release|Any CPU.Build.0 = Net20Release|Any CPU
		{D0BCD56A-41C4-4A4E-8590-26864CED07FF}.Net40Debug|Any CPU.ActiveCfg = Net40Debug|Any CPU
		{D0BCD56A-41C4-4A4E-8590-26864CED07FF}.Net40Debug|Any CPU.Build.0 = Net40Debug|Any CPU
		{D0BCD56A-41C4-4A4E-8590-26864CED07FF}.Net40Release|Any CPU.ActiveCfg = Net40Release|Any CPU
		{D0BCD56A-41C4-4A4E-8590-26864CED07FF}.Net40Release|Any CPU.Build.0 = Net40Release|Any CPU
		{D0BCD56A-41C4-4A4E-8590-26864CED07FF}.ToolsDebug|Any CPU.ActiveCfg = Net20Release|Any CPU
		{D0BCD56A-41C4-4A4E-8590-26864CED07FF}.Win8Debug|Any CPU.ActiveCfg = Win8Debug|Any CPU
		{D0BCD56A-41C4-4A4E-8590-26864CED07FF}.Win8Debug|Any CPU.Build.0 = Win8Debug|Any CPU
		{D0BCD56A-41C4-4A4E-8590-26864CED07FF}.Win8DX11_2Debug|Any CPU.ActiveCfg = Win8DX11_2Debug|Any CPU
		{D0BCD56A-41C4-4A4E-8590-26864CED07FF}.Win8DX11_2Debug|Any CPU.Build.0 = Win8DX11_2Debug|Any CPU
		{D0BCD56A-41C4-4A4E-8590-26864CED07FF}.Win8DX11_2Release|Any CPU.ActiveCfg = Win8DX11_2Release|Any CPU
		{D0BCD56A-41C4-4A4E-8590-26864CED07FF}.Win8DX11_2Release|Any CPU.Build.0 = Win8DX11_2Release|Any CPU
		{D0BCD56A-41C4-4A4E-8590-26864CED07FF}.Win8Release|Any CPU.ActiveCfg = Win8Release|Any CPU
		{D0BCD56A-41C4-4A4E-8590-26864CED07FF}.Win8Release|Any CPU.Build.0 = Win8Release|Any CPU
		{D0BCD56A-41C4-4A4E-8590-26864CED07FF}.WP8Debug|Any CPU.ActiveCfg = WP8Debug|Any CPU
		{D0BCD56A-41C4-4A4E-8590-26864CED07FF}.WP8Debug|Any CPU.Build.0 = WP8Debug|Any CPU
		{D0BCD56A-41C4-4A4E-8590-26864CED07FF}.WP8Release|Any CPU.ActiveCfg = WP8Release|Any CPU
		{D0BCD56A-41C4-4A4E-8590-26864CED07FF}.WP8Release|Any CPU.Build.0 = WP8Release|Any CPU
		{361D3F81-A48A-47F2-80DF-CA4F9536CB4E}.DIRECTX11_1Debug|Any CPU.ActiveCfg = DIRECTX11_1Debug|Any CPU
		{361D3F81-A48A-47F2-80DF-CA4F9536CB4E}.DIRECTX11_1Debug|Any CPU.Build.0 = DIRECTX11_1Debug|Any CPU
		{361D3F81-A48A-47F2-80DF-CA4F9536CB4E}.DIRECTX11_1Release|Any CPU.ActiveCfg = DIRECTX11_1Release|Any CPU
		{361D3F81-A48A-47F2-80DF-CA4F9536CB4E}.DIRECTX11_1Release|Any CPU.Build.0 = DIRECTX11_1Release|Any CPU
		{361D3F81-A48A-47F2-80DF-CA4F9536CB4E}.DIRECTX11_2Debug|Any CPU.ActiveCfg = DIRECTX11_2Debug|Any CPU
		{361D3F81-A48A-47F2-80DF-CA4F9536CB4E}.DIRECTX11_2Debug|Any CPU.Build.0 = DIRECTX11_2Debug|Any CPU
		{361D3F81-A48A-47F2-80DF-CA4F9536CB4E}.DIRECTX11_2Release|Any CPU.ActiveCfg = DIRECTX11_2Release|Any CPU
		{361D3F81-A48A-47F2-80DF-CA4F9536CB4E}.DIRECTX11_2Release|Any CPU.Build.0 = DIRECTX11_2Release|Any CPU
		{361D3F81-A48A-47F2-80DF-CA4F9536CB4E}.Net20Debug|Any CPU.ActiveCfg = Net20Debug|Any CPU
		{361D3F81-A48A-47F2-80DF-CA4F9536CB4E}.Net20Debug|Any CPU.Build.0 = Net20Debug|Any CPU
		{361D3F81-A48A-47F2-80DF-CA4F9536CB4E}.Net20Release|Any CPU.ActiveCfg = Net20Release|Any CPU
		{361D3F81-A48A-47F2-80DF-CA4F9536CB4E}.Net20Release|Any CPU.Build.0 = Net20Release|Any CPU
		{361D3F81-A48A-47F2-80DF-CA4F9536CB4E}.Net40Debug|Any CPU.ActiveCfg = Net40Debug|Any CPU
		{361D3F81-A48A-47F2-80DF-CA4F9536CB4E}.Net40Debug|Any CPU.Build.0 = Net40Debug|Any CPU
		{361D3F81-A48A-47F2-80DF-CA4F9536CB4E}.Net40Release|Any CPU.ActiveCfg = Net40Release|Any CPU
		{361D3F81-A48A-47F2-80DF-CA4F9536CB4E}.Net40Release|Any CPU.Build.0 = Net40Release|Any CPU
		{361D3F81-A48A-47F2-80DF-CA4F9536CB4E}.ToolsDebug|Any CPU.ActiveCfg = Net20Release|Any CPU
		{361D3F81-A48A-47F2-80DF-CA4F9536CB4E}.Win8Debug|Any CPU.ActiveCfg = Win8Debug|Any CPU
		{361D3F81-A48A-47F2-80DF-CA4F9536CB4E}.Win8Debug|Any CPU.Build.0 = Win8Debug|Any CPU
		{361D3F81-A48A-47F2-80DF-CA4F9536CB4E}.Win8DX11_2Debug|Any CPU.ActiveCfg = Win8DX11_2Debug|Any CPU
		{361D3F81-A48A-47F2-80DF-CA4F9536CB4E}.Win8DX11_2Debug|Any CPU.Build.0 = Win8DX11_2Debug|Any CPU
		{361D3F81-A48A-47F2-80DF-CA4F9536CB4E}.Win8DX11_2Release|Any CPU.ActiveCfg = Win8DX11_2Release|Any CPU
		{361D3F81-A48A-47F2-80DF-CA4F9536CB4E}.Win8DX11_2Release|Any CPU.Build.0 = Win8DX11_2Release|Any CPU
		{361D3F81-A48A-47F2-80DF-CA4F9536CB4E}.Win8Release|Any CPU.ActiveCfg = Win8Release|Any CPU
		{361D3F81-A48A-47F2-80DF-CA4F9536CB4E}.Win8Release|Any CPU.Build.0 = Win8Release|Any CPU
		{361D3F81-A48A-47F2-80DF-CA4F9536CB4E}.WP8Debug|Any CPU.ActiveCfg = WP8Debug|Any CPU
		{361D3F81-A48A-47F2-80DF-CA4F9536CB4E}.WP8Debug|Any CPU.Build.0 = WP8Debug|Any CPU
		{361D3F81-A48A-47F2-80DF-CA4F9536CB4E}.WP8Release|Any CPU.ActiveCfg = WP8Release|Any CPU
		{361D3F81-A48A-47F2-80DF-CA4F9536CB4E}.WP8Release|Any CPU.Build.0 = WP8Release|Any CPU
		{C97878F4-1510-4BBA-8153-BD71DA7D50D8}.DIRECTX11_1Debug|Any CPU.ActiveCfg = DIRECTX11_1Debug|Any CPU
		{C97878F4-1510-4BBA-8153-BD71DA7D50D8}.DIRECTX11_1Debug|Any CPU.Build.0 = DIRECTX11_1Debug|Any CPU
		{C97878F4-1510-4BBA-8153-BD71DA7D50D8}.DIRECTX11_1Release|Any CPU.ActiveCfg = DIRECTX11_1Release|Any CPU
		{C97878F4-1510-4BBA-8153-BD71DA7D50D8}.DIRECTX11_1Release|Any CPU.Build.0 = DIRECTX11_1Release|Any CPU
		{C97878F4-1510-4BBA-8153-BD71DA7D50D8}.DIRECTX11_2Debug|Any CPU.ActiveCfg = DIRECTX11_2Debug|Any CPU
		{C97878F4-1510-4BBA-8153-BD71DA7D50D8}.DIRECTX11_2Debug|Any CPU.Build.0 = DIRECTX11_2Debug|Any CPU
		{C97878F4-1510-4BBA-8153-BD71DA7D50D8}.DIRECTX11_2Release|Any CPU.ActiveCfg = DIRECTX11_2Release|Any CPU
		{C97878F4-1510-4BBA-8153-BD71DA7D50D8}.DIRECTX11_2Release|Any CPU.Build.0 = DIRECTX11_2Release|Any CPU
		{C97878F4-1510-4BBA-8153-BD71DA7D50D8}.Net20Debug|Any CPU.ActiveCfg = Net20Debug|Any CPU
		{C97878F4-1510-4BBA-8153-BD71DA7D50D8}.Net20Debug|Any CPU.Build.0 = Net20Debug|Any CPU
		{C97878F4-1510-4BBA-8153-BD71DA7D50D8}.Net20Release|Any CPU.ActiveCfg = Net20Release|Any CPU
		{C97878F4-1510-4BBA-8153-BD71DA7D50D8}.Net20Release|Any CPU.Build.0 = Net20Release|Any CPU
		{C97878F4-1510-4BBA-8153-BD71DA7D50D8}.Net40Debug|Any CPU.ActiveCfg = Net40Debug|Any CPU
		{C97878F4-1510-4BBA-8153-BD71DA7D50D8}.Net40Debug|Any CPU.Build.0 = Net40Debug|Any CPU
		{C97878F4-1510-4BBA-8153-BD71DA7D50D8}.Net40Release|Any CPU.ActiveCfg = Net40Release|Any CPU
		{C97878F4-1510-4BBA-8153-BD71DA7D50D8}.Net40Release|Any CPU.Build.0 = Net40Release|Any CPU
		{C97878F4-1510-4BBA-8153-BD71DA7D50D8}.ToolsDebug|Any CPU.ActiveCfg = Net20Release|Any CPU
		{C97878F4-1510-4BBA-8153-BD71DA7D50D8}.Win8Debug|Any CPU.ActiveCfg = Win8Debug|Any CPU
		{C97878F4-1510-4BBA-8153-BD71DA7D50D8}.Win8Debug|Any CPU.Build.0 = Win8Debug|Any CPU
		{C97878F4-1510-4BBA-8153-BD71DA7D50D8}.Win8DX11_2Debug|Any CPU.ActiveCfg = Win8DX11_2Debug|Any CPU
		{C97878F4-1510-4BBA-8153-BD71DA7D50D8}.Win8DX11_2Debug|Any CPU.Build.0 = Win8DX11_2Debug|Any CPU
		{C97878F4-1510-4BBA-8153-BD71DA7D50D8}.Win8DX11_2Release|Any CPU.ActiveCfg = Win8DX11_2Release|Any CPU
		{C97878F4-1510-4BBA-8153-BD71DA7D50D8}.Win8DX11_2Release|Any CPU.Build.0 = Win8DX11_2Release|Any CPU
		{C97878F4-1510-4BBA-8153-BD71DA7D50D8}.Win8Release|Any CPU.ActiveCfg = Win8Release|Any CPU
		{C97878F4-1510-4BBA-8153-BD71DA7D50D8}.Win8Release|Any CPU.Build.0 = Win8Release|Any CPU
		{C97878F4-1510-4BBA-8153-BD71DA7D50D8}.WP8Debug|Any CPU.ActiveCfg = WP8Debug|Any CPU
		{C97878F4-1510-4BBA-8153-BD71DA7D50D8}.WP8Debug|Any CPU.Build.0 = WP8Debug|Any CPU
		{C97878F4-1510-4BBA-8153-BD71DA7D50D8}.WP8Release|Any CPU.ActiveCfg = WP8Release|Any CPU
		{C97878F4-1510-4BBA-8153-BD71DA7D50D8}.WP8Release|Any CPU.Build.0 = WP8Release|Any CPU
		{618AFA87-81A8-4B1C-8876-5457D49F2DEF}.DIRECTX11_1Debug|Any CPU.ActiveCfg = DIRECTX11_1Debug|Any CPU
		{618AFA87-81A8-4B1C-8876-5457D49F2DEF}.DIRECTX11_1Release|Any CPU.ActiveCfg = DIRECTX11_1Release|Any CPU
		{618AFA87-81A8-4B1C-8876-5457D49F2DEF}.DIRECTX11_2Debug|Any CPU.ActiveCfg = DIRECTX11_2Debug|Any CPU
		{618AFA87-81A8-4B1C-8876-5457D49F2DEF}.DIRECTX11_2Release|Any CPU.ActiveCfg = DIRECTX11_2Release|Any CPU
		{618AFA87-81A8-4B1C-8876-5457D49F2DEF}.Net20Debug|Any CPU.ActiveCfg = Net20Debug|Any CPU
		{618AFA87-81A8-4B1C-8876-5457D49F2DEF}.Net20Debug|Any CPU.Build.0 = Net20Debug|Any CPU
		{618AFA87-81A8-4B1C-8876-5457D49F2DEF}.Net20Release|Any CPU.ActiveCfg = Net20Release|Any CPU
		{618AFA87-81A8-4B1C-8876-5457D49F2DEF}.Net20Release|Any CPU.Build.0 = Net20Release|Any CPU
		{618AFA87-81A8-4B1C-8876-5457D49F2DEF}.Net40Debug|Any CPU.ActiveCfg = Net40Debug|Any CPU
		{618AFA87-81A8-4B1C-8876-5457D49F2DEF}.Net40Debug|Any CPU.Build.0 = Net40Debug|Any CPU
		{618AFA87-81A8-4B1C-8876-5457D49F2DEF}.Net40Release|Any CPU.ActiveCfg = Net40Release|Any CPU
		{618AFA87-81A8-4B1C-8876-5457D49F2DEF}.Net40Release|Any CPU.Build.0 = Net40Release|Any CPU
		{618AFA87-81A8-4B1C-8876-5457D49F2DEF}.ToolsDebug|Any CPU.ActiveCfg = Net20Release|Any CPU
		{618AFA87-81A8-4B1C-8876-5457D49F2DEF}.Win8Debug|Any CPU.ActiveCfg = Win8Debug|Any CPU
		{618AFA87-81A8-4B1C-8876-5457D49F2DEF}.Win8DX11_2Debug|Any CPU.ActiveCfg = Win8DX11_2Debug|Any CPU
		{618AFA87-81A8-4B1C-8876-5457D49F2DEF}.Win8DX11_2Release|Any CPU.ActiveCfg = Win8DX11_2Release|Any CPU
		{618AFA87-81A8-4B1C-8876-5457D49F2DEF}.Win8Release|Any CPU.ActiveCfg = Win8Release|Any CPU
		{618AFA87-81A8-4B1C-8876-5457D49F2DEF}.WP8Debug|Any CPU.ActiveCfg = WP8Debug|Any CPU
		{618AFA87-81A8-4B1C-8876-5457D49F2DEF}.WP8Debug|Any CPU.Build.0 = WP8Debug|Any CPU
		{618AFA87-81A8-4B1C-8876-5457D49F2DEF}.WP8Release|Any CPU.ActiveCfg = WP8Release|Any CPU
		{618AFA87-81A8-4B1C-8876-5457D49F2DEF}.WP8Release|Any CPU.Build.0 = WP8Release|Any CPU
		{736DFB52-1AFE-4EFF-9710-89046AB5B1F9}.DIRECTX11_1Debug|Any CPU.ActiveCfg = DIRECTX11_1Debug|Any CPU
		{736DFB52-1AFE-4EFF-9710-89046AB5B1F9}.DIRECTX11_1Debug|Any CPU.Build.0 = DIRECTX11_1Debug|Any CPU
		{736DFB52-1AFE-4EFF-9710-89046AB5B1F9}.DIRECTX11_1Release|Any CPU.ActiveCfg = DIRECTX11_1Release|Any CPU
		{736DFB52-1AFE-4EFF-9710-89046AB5B1F9}.DIRECTX11_1Release|Any CPU.Build.0 = DIRECTX11_1Release|Any CPU
		{736DFB52-1AFE-4EFF-9710-89046AB5B1F9}.DIRECTX11_2Debug|Any CPU.ActiveCfg = DIRECTX11_2Debug|Any CPU
		{736DFB52-1AFE-4EFF-9710-89046AB5B1F9}.DIRECTX11_2Debug|Any CPU.Build.0 = DIRECTX11_2Debug|Any CPU
		{736DFB52-1AFE-4EFF-9710-89046AB5B1F9}.DIRECTX11_2Release|Any CPU.ActiveCfg = DIRECTX11_2Release|Any CPU
		{736DFB52-1AFE-4EFF-9710-89046AB5B1F9}.DIRECTX11_2Release|Any CPU.Build.0 = DIRECTX11_2Release|Any CPU
		{736DFB52-1AFE-4EFF-9710-89046AB5B1F9}.Net20Debug|Any CPU.ActiveCfg = Net20Debug|Any CPU
		{736DFB52-1AFE-4EFF-9710-89046AB5B1F9}.Net20Debug|Any CPU.Build.0 = Net20Debug|Any CPU
		{736DFB52-1AFE-4EFF-9710-89046AB5B1F9}.Net20Release|Any CPU.ActiveCfg = Net20Release|Any CPU
		{736DFB52-1AFE-4EFF-9710-89046AB5B1F9}.Net20Release|Any CPU.Build.0 = Net20Release|Any CPU
		{736DFB52-1AFE-4EFF-9710-89046AB5B1F9}.Net40Debug|Any CPU.ActiveCfg = Net40Debug|Any CPU
		{736DFB52-1AFE-4EFF-9710-89046AB5B1F9}.Net40Debug|Any CPU.Build.0 = Net40Debug|Any CPU
		{736DFB52-1AFE-4EFF-9710-89046AB5B1F9}.Net40Release|Any CPU.ActiveCfg = Net40Release|Any CPU
		{736DFB52-1AFE-4EFF-9710-89046AB5B1F9}.Net40Release|Any CPU.Build.0 = Net40Release|Any CPU
		{736DFB52-1AFE-4EFF-9710-89046AB5B1F9}.ToolsDebug|Any CPU.ActiveCfg = Net20Release|Any CPU
		{736DFB52-1AFE-4EFF-9710-89046AB5B1F9}.Win8Debug|Any CPU.ActiveCfg = Win8Debug|Any CPU
		{736DFB52-1AFE-4EFF-9710-89046AB5B1F9}.Win8Debug|Any CPU.Build.0 = Win8Debug|Any CPU
		{736DFB52-1AFE-4EFF-9710-89046AB5B1F9}.Win8DX11_2Debug|Any CPU.ActiveCfg = Win8DX11_2Debug|Any CPU
		{736DFB52-1AFE-4EFF-9710-89046AB5B1F9}.Win8DX11_2Debug|Any CPU.Build.0 = Win8DX11_2Debug|Any CPU
		{736DFB52-1AFE-4EFF-9710-89046AB5B1F9}.Win8DX11_2Release|Any CPU.ActiveCfg = Win8DX11_2Release|Any CPU
		{736DFB52-1AFE-4EFF-9710-89046AB5B1F9}.Win8DX11_2Release|Any CPU.Build.0 = Win8DX11_2Release|Any CPU
		{736DFB52-1AFE-4EFF-9710-89046AB5B1F9}.Win8Release|Any CPU.ActiveCfg = Win8Release|Any CPU
		{736DFB52-1AFE-4EFF-9710-89046AB5B1F9}.Win8Release|Any CPU.Build.0 = Win8Release|Any CPU
		{736DFB52-1AFE-4EFF-9710-89046AB5B1F9}.WP8Debug|Any CPU.ActiveCfg = WP8Debug|Any CPU
		{736DFB52-1AFE-4EFF-9710-89046AB5B1F9}.WP8Debug|Any CPU.Build.0 = WP8Debug|Any CPU
		{736DFB52-1AFE-4EFF-9710-89046AB5B1F9}.WP8Release|Any CPU.ActiveCfg = WP8Release|Any CPU
		{736DFB52-1AFE-4EFF-9710-89046AB5B1F9}.WP8Release|Any CPU.Build.0 = WP8Release|Any CPU
		{E927F2D5-8E27-462A-8687-CB207EE01164}.DIRECTX11_1Debug|Any CPU.ActiveCfg = DIRECTX11_1Debug|Any CPU
		{E927F2D5-8E27-462A-8687-CB207EE01164}.DIRECTX11_1Release|Any CPU.ActiveCfg = DIRECTX11_1Release|Any CPU
		{E927F2D5-8E27-462A-8687-CB207EE01164}.DIRECTX11_2Debug|Any CPU.ActiveCfg = DIRECTX11_2Debug|Any CPU
		{E927F2D5-8E27-462A-8687-CB207EE01164}.DIRECTX11_2Release|Any CPU.ActiveCfg = DIRECTX11_2Release|Any CPU
		{E927F2D5-8E27-462A-8687-CB207EE01164}.Net20Debug|Any CPU.ActiveCfg = Net20Debug|Any CPU
		{E927F2D5-8E27-462A-8687-CB207EE01164}.Net20Debug|Any CPU.Build.0 = Net20Debug|Any CPU
		{E927F2D5-8E27-462A-8687-CB207EE01164}.Net20Release|Any CPU.ActiveCfg = Net20Release|Any CPU
		{E927F2D5-8E27-462A-8687-CB207EE01164}.Net20Release|Any CPU.Build.0 = Net20Release|Any CPU
		{E927F2D5-8E27-462A-8687-CB207EE01164}.Net40Debug|Any CPU.ActiveCfg = Net40Debug|Any CPU
		{E927F2D5-8E27-462A-8687-CB207EE01164}.Net40Debug|Any CPU.Build.0 = Net40Debug|Any CPU
		{E927F2D5-8E27-462A-8687-CB207EE01164}.Net40Release|Any CPU.ActiveCfg = Net40Release|Any CPU
		{E927F2D5-8E27-462A-8687-CB207EE01164}.Net40Release|Any CPU.Build.0 = Net40Release|Any CPU
		{E927F2D5-8E27-462A-8687-CB207EE01164}.ToolsDebug|Any CPU.ActiveCfg = Net20Release|Any CPU
		{E927F2D5-8E27-462A-8687-CB207EE01164}.Win8Debug|Any CPU.ActiveCfg = Win8Debug|Any CPU
		{E927F2D5-8E27-462A-8687-CB207EE01164}.Win8DX11_2Debug|Any CPU.ActiveCfg = Win8DX11_2Debug|Any CPU
		{E927F2D5-8E27-462A-8687-CB207EE01164}.Win8DX11_2Release|Any CPU.ActiveCfg = Win8DX11_2Release|Any CPU
		{E927F2D5-8E27-462A-8687-CB207EE01164}.Win8Release|Any CPU.ActiveCfg = Win8Release|Any CPU
		{E927F2D5-8E27-462A-8687-CB207EE01164}.WP8Debug|Any CPU.ActiveCfg = WP8Debug|Any CPU
		{E927F2D5-8E27-462A-8687-CB207EE01164}.WP8Debug|Any CPU.Build.0 = WP8Debug|Any CPU
		{E927F2D5-8E27-462A-8687-CB207EE01164}.WP8Release|Any CPU.ActiveCfg = WP8Release|Any CPU
		{E927F2D5-8E27-462A-8687-CB207EE01164}.WP8Release|Any CPU.Build.0 = WP8Release|Any CPU
		{3FC6DE77-B412-4101-9E64-6B9AA831179B}.DIRECTX11_1Debug|Any CPU.ActiveCfg = DIRECTX11_1Debug|Any CPU
		{3FC6DE77-B412-4101-9E64-6B9AA831179B}.DIRECTX11_1Debug|Any CPU.Build.0 = DIRECTX11_1Debug|Any CPU
		{3FC6DE77-B412-4101-9E64-6B9AA831179B}.DIRECTX11_1Release|Any CPU.ActiveCfg = DIRECTX11_1Release|Any CPU
		{3FC6DE77-B412-4101-9E64-6B9AA831179B}.DIRECTX11_1Release|Any CPU.Build.0 = DIRECTX11_1Release|Any CPU
		{3FC6DE77-B412-4101-9E64-6B9AA831179B}.DIRECTX11_2Debug|Any CPU.ActiveCfg = DIRECTX11_2Debug|Any CPU
		{3FC6DE77-B412-4101-9E64-6B9AA831179B}.DIRECTX11_2Debug|Any CPU.Build.0 = DIRECTX11_2Debug|Any CPU
		{3FC6DE77-B412-4101-9E64-6B9AA831179B}.DIRECTX11_2Release|Any CPU.ActiveCfg = DIRECTX11_2Release|Any CPU
		{3FC6DE77-B412-4101-9E64-6B9AA831179B}.DIRECTX11_2Release|Any CPU.Build.0 = DIRECTX11_2Release|Any CPU
		{3FC6DE77-B412-4101-9E64-6B9AA831179B}.Net20Debug|Any CPU.ActiveCfg = Net20Debug|Any CPU
		{3FC6DE77-B412-4101-9E64-6B9AA831179B}.Net20Debug|Any CPU.Build.0 = Net20Debug|Any CPU
		{3FC6DE77-B412-4101-9E64-6B9AA831179B}.Net20Release|Any CPU.ActiveCfg = Net20Release|Any CPU
		{3FC6DE77-B412-4101-9E64-6B9AA831179B}.Net20Release|Any CPU.Build.0 = Net20Release|Any CPU
		{3FC6DE77-B412-4101-9E64-6B9AA831179B}.Net40Debug|Any CPU.ActiveCfg = Net40Debug|Any CPU
		{3FC6DE77-B412-4101-9E64-6B9AA831179B}.Net40Debug|Any CPU.Build.0 = Net40Debug|Any CPU
		{3FC6DE77-B412-4101-9E64-6B9AA831179B}.Net40Release|Any CPU.ActiveCfg = Net40Release|Any CPU
		{3FC6DE77-B412-4101-9E64-6B9AA831179B}.Net40Release|Any CPU.Build.0 = Net40Release|Any CPU
		{3FC6DE77-B412-4101-9E64-6B9AA831179B}.ToolsDebug|Any CPU.ActiveCfg = Net20Release|Any CPU
		{3FC6DE77-B412-4101-9E64-6B9AA831179B}.Win8Debug|Any CPU.ActiveCfg = Win8Debug|Any CPU
		{3FC6DE77-B412-4101-9E64-6B9AA831179B}.Win8Debug|Any CPU.Build.0 = Win8Debug|Any CPU
		{3FC6DE77-B412-4101-9E64-6B9AA831179B}.Win8DX11_2Debug|Any CPU.ActiveCfg = Win8DX11_2Debug|Any CPU
		{3FC6DE77-B412-4101-9E64-6B9AA831179B}.Win8DX11_2Debug|Any CPU.Build.0 = Win8DX11_2Debug|Any CPU
		{3FC6DE77-B412-4101-9E64-6B9AA831179B}.Win8DX11_2Release|Any CPU.ActiveCfg = Win8DX11_2Release|Any CPU
		{3FC6DE77-B412-4101-9E64-6B9AA831179B}.Win8DX11_2Release|Any CPU.Build.0 = Win8DX11_2Release|Any CPU
		{3FC6DE77-B412-4101-9E64-6B9AA831179B}.Win8Release|Any CPU.ActiveCfg = Win8Release|Any CPU
		{3FC6DE77-B412-4101-9E64-6B9AA831179B}.Win8Release|Any CPU.Build.0 = Win8Release|Any CPU
		{3FC6DE77-B412-4101-9E64-6B9AA831179B}.WP8Debug|Any CPU.ActiveCfg = WP8Debug|Any CPU
		{3FC6DE77-B412-4101-9E64-6B9AA831179B}.WP8Debug|Any CPU.Build.0 = WP8Debug|Any CPU
		{3FC6DE77-B412-4101-9E64-6B9AA831179B}.WP8Release|Any CPU.ActiveCfg = WP8Release|Any CPU
		{3FC6DE77-B412-4101-9E64-6B9AA831179B}.WP8Release|Any CPU.Build.0 = WP8Release|Any CPU
		{4995127E-0B8E-45B8-80C4-6BAC1BBE3783}.DIRECTX11_1Debug|Any CPU.ActiveCfg = DIRECTX11_1Debug|Any CPU
		{4995127E-0B8E-45B8-80C4-6BAC1BBE3783}.DIRECTX11_1Debug|Any CPU.Build.0 = DIRECTX11_1Debug|Any CPU
		{4995127E-0B8E-45B8-80C4-6BAC1BBE3783}.DIRECTX11_1Release|Any CPU.ActiveCfg = DIRECTX11_1Release|Any CPU
		{4995127E-0B8E-45B8-80C4-6BAC1BBE3783}.DIRECTX11_1Release|Any CPU.Build.0 = DIRECTX11_1Release|Any CPU
		{4995127E-0B8E-45B8-80C4-6BAC1BBE3783}.DIRECTX11_2Debug|Any CPU.ActiveCfg = DIRECTX11_2Debug|Any CPU
		{4995127E-0B8E-45B8-80C4-6BAC1BBE3783}.DIRECTX11_2Debug|Any CPU.Build.0 = DIRECTX11_2Debug|Any CPU
		{4995127E-0B8E-45B8-80C4-6BAC1BBE3783}.DIRECTX11_2Release|Any CPU.ActiveCfg = DIRECTX11_2Release|Any CPU
		{4995127E-0B8E-45B8-80C4-6BAC1BBE3783}.DIRECTX11_2Release|Any CPU.Build.0 = DIRECTX11_2Release|Any CPU
		{4995127E-0B8E-45B8-80C4-6BAC1BBE3783}.Net20Debug|Any CPU.ActiveCfg = Net20Debug|Any CPU
		{4995127E-0B8E-45B8-80C4-6BAC1BBE3783}.Net20Debug|Any CPU.Build.0 = Net20Debug|Any CPU
		{4995127E-0B8E-45B8-80C4-6BAC1BBE3783}.Net20Release|Any CPU.ActiveCfg = Net20Release|Any CPU
		{4995127E-0B8E-45B8-80C4-6BAC1BBE3783}.Net20Release|Any CPU.Build.0 = Net20Release|Any CPU
		{4995127E-0B8E-45B8-80C4-6BAC1BBE3783}.Net40Debug|Any CPU.ActiveCfg = Net40Debug|Any CPU
		{4995127E-0B8E-45B8-80C4-6BAC1BBE3783}.Net40Debug|Any CPU.Build.0 = Net40Debug|Any CPU
		{4995127E-0B8E-45B8-80C4-6BAC1BBE3783}.Net40Release|Any CPU.ActiveCfg = Net40Release|Any CPU
		{4995127E-0B8E-45B8-80C4-6BAC1BBE3783}.Net40Release|Any CPU.Build.0 = Net40Release|Any CPU
		{4995127E-0B8E-45B8-80C4-6BAC1BBE3783}.ToolsDebug|Any CPU.ActiveCfg = Net20Release|Any CPU
		{4995127E-0B8E-45B8-80C4-6BAC1BBE3783}.Win8Debug|Any CPU.ActiveCfg = Win8Debug|Any CPU
		{4995127E-0B8E-45B8-80C4-6BAC1BBE3783}.Win8Debug|Any CPU.Build.0 = Win8Debug|Any CPU
		{4995127E-0B8E-45B8-80C4-6BAC1BBE3783}.Win8DX11_2Debug|Any CPU.ActiveCfg = Win8DX11_2Debug|Any CPU
		{4995127E-0B8E-45B8-80C4-6BAC1BBE3783}.Win8DX11_2Debug|Any CPU.Build.0 = Win8DX11_2Debug|Any CPU
		{4995127E-0B8E-45B8-80C4-6BAC1BBE3783}.Win8DX11_2Release|Any CPU.ActiveCfg = Win8DX11_2Release|Any CPU
		{4995127E-0B8E-45B8-80C4-6BAC1BBE3783}.Win8DX11_2Release|Any CPU.Build.0 = Win8DX11_2Release|Any CPU
		{4995127E-0B8E-45B8-80C4-6BAC1BBE3783}.Win8Release|Any CPU.ActiveCfg = Win8Release|Any CPU
		{4995127E-0B8E-45B8-80C4-6BAC1BBE3783}.Win8Release|Any CPU.Build.0 = Win8Release|Any CPU
		{4995127E-0B8E-45B8-80C4-6BAC1BBE3783}.WP8Debug|Any CPU.ActiveCfg = WP8Debug|Any CPU
		{4995127E-0B8E-45B8-80C4-6BAC1BBE3783}.WP8Debug|Any CPU.Build.0 = WP8Debug|Any CPU
		{4995127E-0B8E-45B8-80C4-6BAC1BBE3783}.WP8Release|Any CPU.ActiveCfg = WP8Release|Any CPU
		{4995127E-0B8E-45B8-80C4-6BAC1BBE3783}.WP8Release|Any CPU.Build.0 = WP8Release|Any CPU
		{B4D984DF-85B8-4BBF-8C3B-5CEF905F40D9}.DIRECTX11_1Debug|Any CPU.ActiveCfg = DIRECTX11_1Debug|Any CPU
		{B4D984DF-85B8-4BBF-8C3B-5CEF905F40D9}.DIRECTX11_1Release|Any CPU.ActiveCfg = DIRECTX11_1Release|Any CPU
		{B4D984DF-85B8-4BBF-8C3B-5CEF905F40D9}.DIRECTX11_2Debug|Any CPU.ActiveCfg = DIRECTX11_2Debug|Any CPU
		{B4D984DF-85B8-4BBF-8C3B-5CEF905F40D9}.DIRECTX11_2Release|Any CPU.ActiveCfg = DIRECTX11_2Release|Any CPU
		{B4D984DF-85B8-4BBF-8C3B-5CEF905F40D9}.Net20Debug|Any CPU.ActiveCfg = Net20Debug|Any CPU
		{B4D984DF-85B8-4BBF-8C3B-5CEF905F40D9}.Net20Debug|Any CPU.Build.0 = Net20Debug|Any CPU
		{B4D984DF-85B8-4BBF-8C3B-5CEF905F40D9}.Net20Release|Any CPU.ActiveCfg = Net20Release|Any CPU
		{B4D984DF-85B8-4BBF-8C3B-5CEF905F40D9}.Net20Release|Any CPU.Build.0 = Net20Release|Any CPU
		{B4D984DF-85B8-4BBF-8C3B-5CEF905F40D9}.Net40Debug|Any CPU.ActiveCfg = Net40Debug|Any CPU
		{B4D984DF-85B8-4BBF-8C3B-5CEF905F40D9}.Net40Debug|Any CPU.Build.0 = Net40Debug|Any CPU
		{B4D984DF-85B8-4BBF-8C3B-5CEF905F40D9}.Net40Release|Any CPU.ActiveCfg = Net40Release|Any CPU
		{B4D984DF-85B8-4BBF-8C3B-5CEF905F40D9}.Net40Release|Any CPU.Build.0 = Net40Release|Any CPU
		{B4D984DF-85B8-4BBF-8C3B-5CEF905F40D9}.ToolsDebug|Any CPU.ActiveCfg = Net20Release|Any CPU
		{B4D984DF-85B8-4BBF-8C3B-5CEF905F40D9}.Win8Debug|Any CPU.ActiveCfg = Win8Debug|Any CPU
		{B4D984DF-85B8-4BBF-8C3B-5CEF905F40D9}.Win8DX11_2Debug|Any CPU.ActiveCfg = Win8DX11_2Debug|Any CPU
		{B4D984DF-85B8-4BBF-8C3B-5CEF905F40D9}.Win8DX11_2Release|Any CPU.ActiveCfg = Win8DX11_2Release|Any CPU
		{B4D984DF-85B8-4BBF-8C3B-5CEF905F40D9}.Win8Release|Any CPU.ActiveCfg = Win8Release|Any CPU
		{B4D984DF-85B8-4BBF-8C3B-5CEF905F40D9}.WP8Debug|Any CPU.ActiveCfg = WP8Debug|Any CPU
		{B4D984DF-85B8-4BBF-8C3B-5CEF905F40D9}.WP8Debug|Any CPU.Build.0 = WP8Debug|Any CPU
		{B4D984DF-85B8-4BBF-8C3B-5CEF905F40D9}.WP8Release|Any CPU.ActiveCfg = WP8Release|Any CPU
		{B4D984DF-85B8-4BBF-8C3B-5CEF905F40D9}.WP8Release|Any CPU.Build.0 = WP8Release|Any CPU
		{112F146B-7C01-490B-B943-EA9341ACCAF2}.DIRECTX11_1Debug|Any CPU.ActiveCfg = DIRECTX11_1Debug|Any CPU
		{112F146B-7C01-490B-B943-EA9341ACCAF2}.DIRECTX11_1Release|Any CPU.ActiveCfg = DIRECTX11_1Release|Any CPU
		{112F146B-7C01-490B-B943-EA9341ACCAF2}.DIRECTX11_2Debug|Any CPU.ActiveCfg = DIRECTX11_2Debug|Any CPU
		{112F146B-7C01-490B-B943-EA9341ACCAF2}.DIRECTX11_2Release|Any CPU.ActiveCfg = DIRECTX11_2Release|Any CPU
		{112F146B-7C01-490B-B943-EA9341ACCAF2}.Net20Debug|Any CPU.ActiveCfg = Net20Debug|Any CPU
		{112F146B-7C01-490B-B943-EA9341ACCAF2}.Net20Debug|Any CPU.Build.0 = Net20Debug|Any CPU
		{112F146B-7C01-490B-B943-EA9341ACCAF2}.Net20Release|Any CPU.ActiveCfg = Net20Release|Any CPU
		{112F146B-7C01-490B-B943-EA9341ACCAF2}.Net20Release|Any CPU.Build.0 = Net20Release|Any CPU
		{112F146B-7C01-490B-B943-EA9341ACCAF2}.Net40Debug|Any CPU.ActiveCfg = Net40Debug|Any CPU
		{112F146B-7C01-490B-B943-EA9341ACCAF2}.Net40Debug|Any CPU.Build.0 = Net40Debug|Any CPU
		{112F146B-7C01-490B-B943-EA9341ACCAF2}.Net40Release|Any CPU.ActiveCfg = Net40Release|Any CPU
		{112F146B-7C01-490B-B943-EA9341ACCAF2}.Net40Release|Any CPU.Build.0 = Net40Release|Any CPU
		{112F146B-7C01-490B-B943-EA9341ACCAF2}.ToolsDebug|Any CPU.ActiveCfg = Net20Release|Any CPU
		{112F146B-7C01-490B-B943-EA9341ACCAF2}.Win8Debug|Any CPU.ActiveCfg = Win8Debug|Any CPU
		{112F146B-7C01-490B-B943-EA9341ACCAF2}.Win8DX11_2Debug|Any CPU.ActiveCfg = Win8DX11_2Debug|Any CPU
		{112F146B-7C01-490B-B943-EA9341ACCAF2}.Win8DX11_2Release|Any CPU.ActiveCfg = Win8DX11_2Release|Any CPU
		{112F146B-7C01-490B-B943-EA9341ACCAF2}.Win8Release|Any CPU.ActiveCfg = Win8Release|Any CPU
		{112F146B-7C01-490B-B943-EA9341ACCAF2}.WP8Debug|Any CPU.ActiveCfg = WP8Debug|Any CPU
		{112F146B-7C01-490B-B943-EA9341ACCAF2}.WP8Debug|Any CPU.Build.0 = WP8Debug|Any CPU
		{112F146B-7C01-490B-B943-EA9341ACCAF2}.WP8Release|Any CPU.ActiveCfg = WP8Release|Any CPU
		{112F146B-7C01-490B-B943-EA9341ACCAF2}.WP8Release|Any CPU.Build.0 = WP8Release|Any CPU
		{4E2D9A17-2195-4A51-AAE3-924517440293}.DIRECTX11_1Debug|Any CPU.ActiveCfg = Debug|Any CPU
		{4E2D9A17-2195-4A51-AAE3-924517440293}.DIRECTX11_1Debug|Any CPU.Build.0 = Debug|Any CPU
		{4E2D9A17-2195-4A51-AAE3-924517440293}.DIRECTX11_1Release|Any CPU.ActiveCfg = Release|Any CPU
		{4E2D9A17-2195-4A51-AAE3-924517440293}.DIRECTX11_1Release|Any CPU.Build.0 = Release|Any CPU
		{4E2D9A17-2195-4A51-AAE3-924517440293}.DIRECTX11_2Debug|Any CPU.ActiveCfg = Debug|Any CPU
		{4E2D9A17-2195-4A51-AAE3-924517440293}.DIRECTX11_2Debug|Any CPU.Build.0 = Debug|Any CPU
		{4E2D9A17-2195-4A51-AAE3-924517440293}.DIRECTX11_2Release|Any CPU.ActiveCfg = Release|Any CPU
		{4E2D9A17-2195-4A51-AAE3-924517440293}.DIRECTX11_2Release|Any CPU.Build.0 = Release|Any CPU
		{4E2D9A17-2195-4A51-AAE3-924517440293}.Net20Debug|Any CPU.ActiveCfg = Debug|Any CPU
		{4E2D9A17-2195-4A51-AAE3-924517440293}.Net20Debug|Any CPU.Build.0 = Debug|Any CPU
		{4E2D9A17-2195-4A51-AAE3-924517440293}.Net20Release|Any CPU.ActiveCfg = Release|Any CPU
		{4E2D9A17-2195-4A51-AAE3-924517440293}.Net20Release|Any CPU.Build.0 = Release|Any CPU
		{4E2D9A17-2195-4A51-AAE3-924517440293}.Net40Debug|Any CPU.ActiveCfg = Debug|Any CPU
		{4E2D9A17-2195-4A51-AAE3-924517440293}.Net40Debug|Any CPU.Build.0 = Debug|Any CPU
		{4E2D9A17-2195-4A51-AAE3-924517440293}.Net40Release|Any CPU.ActiveCfg = Release|Any CPU
		{4E2D9A17-2195-4A51-AAE3-924517440293}.Net40Release|Any CPU.Build.0 = Release|Any CPU
		{4E2D9A17-2195-4A51-AAE3-924517440293}.ToolsDebug|Any CPU.ActiveCfg = Debug|Any CPU
		{4E2D9A17-2195-4A51-AAE3-924517440293}.ToolsDebug|Any CPU.Build.0 = Debug|Any CPU
		{4E2D9A17-2195-4A51-AAE3-924517440293}.Win8Debug|Any CPU.ActiveCfg = Win8Debug|Any CPU
		{4E2D9A17-2195-4A51-AAE3-924517440293}.Win8Debug|Any CPU.Build.0 = Win8Debug|Any CPU
		{4E2D9A17-2195-4A51-AAE3-924517440293}.Win8DX11_2Debug|Any CPU.ActiveCfg = Win8Debug|Any CPU
		{4E2D9A17-2195-4A51-AAE3-924517440293}.Win8DX11_2Debug|Any CPU.Build.0 = Win8Debug|Any CPU
		{4E2D9A17-2195-4A51-AAE3-924517440293}.Win8DX11_2Release|Any CPU.ActiveCfg = Release|Any CPU
		{4E2D9A17-2195-4A51-AAE3-924517440293}.Win8DX11_2Release|Any CPU.Build.0 = Release|Any CPU
		{4E2D9A17-2195-4A51-AAE3-924517440293}.Win8Release|Any CPU.ActiveCfg = Win8Release|Any CPU
		{4E2D9A17-2195-4A51-AAE3-924517440293}.Win8Release|Any CPU.Build.0 = Win8Release|Any CPU
		{4E2D9A17-2195-4A51-AAE3-924517440293}.WP8Debug|Any CPU.ActiveCfg = Debug|Any CPU
		{4E2D9A17-2195-4A51-AAE3-924517440293}.WP8Debug|Any CPU.Build.0 = Debug|Any CPU
		{4E2D9A17-2195-4A51-AAE3-924517440293}.WP8Release|Any CPU.ActiveCfg = Release|Any CPU
		{4E2D9A17-2195-4A51-AAE3-924517440293}.WP8Release|Any CPU.Build.0 = Release|Any CPU
		{31F85A16-CB01-4456-BE3C-76E9FF3A1343}.DIRECTX11_1Debug|Any CPU.ActiveCfg = DIRECTX11_1Debug|Any CPU
		{31F85A16-CB01-4456-BE3C-76E9FF3A1343}.DIRECTX11_1Debug|Any CPU.Build.0 = DIRECTX11_1Debug|Any CPU
		{31F85A16-CB01-4456-BE3C-76E9FF3A1343}.DIRECTX11_1Release|Any CPU.ActiveCfg = DIRECTX11_1Release|Any CPU
		{31F85A16-CB01-4456-BE3C-76E9FF3A1343}.DIRECTX11_1Release|Any CPU.Build.0 = DIRECTX11_1Release|Any CPU
		{31F85A16-CB01-4456-BE3C-76E9FF3A1343}.DIRECTX11_2Debug|Any CPU.ActiveCfg = DIRECTX11_2Debug|Any CPU
		{31F85A16-CB01-4456-BE3C-76E9FF3A1343}.DIRECTX11_2Debug|Any CPU.Build.0 = DIRECTX11_2Debug|Any CPU
		{31F85A16-CB01-4456-BE3C-76E9FF3A1343}.DIRECTX11_2Release|Any CPU.ActiveCfg = DIRECTX11_2Release|Any CPU
		{31F85A16-CB01-4456-BE3C-76E9FF3A1343}.DIRECTX11_2Release|Any CPU.Build.0 = DIRECTX11_2Release|Any CPU
		{31F85A16-CB01-4456-BE3C-76E9FF3A1343}.Net20Debug|Any CPU.ActiveCfg = Net20Debug|Any CPU
		{31F85A16-CB01-4456-BE3C-76E9FF3A1343}.Net20Debug|Any CPU.Build.0 = Net20Debug|Any CPU
		{31F85A16-CB01-4456-BE3C-76E9FF3A1343}.Net20Release|Any CPU.ActiveCfg = Net20Release|Any CPU
		{31F85A16-CB01-4456-BE3C-76E9FF3A1343}.Net20Release|Any CPU.Build.0 = Net20Release|Any CPU
		{31F85A16-CB01-4456-BE3C-76E9FF3A1343}.Net40Debug|Any CPU.ActiveCfg = Net40Debug|Any CPU
		{31F85A16-CB01-4456-BE3C-76E9FF3A1343}.Net40Debug|Any CPU.Build.0 = Net40Debug|Any CPU
		{31F85A16-CB01-4456-BE3C-76E9FF3A1343}.Net40Release|Any CPU.ActiveCfg = Net40Release|Any CPU
		{31F85A16-CB01-4456-BE3C-76E9FF3A1343}.Net40Release|Any CPU.Build.0 = Net40Release|Any CPU
		{31F85A16-CB01-4456-BE3C-76E9FF3A1343}.ToolsDebug|Any CPU.ActiveCfg = Net20Release|Any CPU
		{31F85A16-CB01-4456-BE3C-76E9FF3A1343}.ToolsDebug|Any CPU.Build.0 = Net20Release|Any CPU
		{31F85A16-CB01-4456-BE3C-76E9FF3A1343}.Win8Debug|Any CPU.ActiveCfg = Win8Debug|Any CPU
		{31F85A16-CB01-4456-BE3C-76E9FF3A1343}.Win8Debug|Any CPU.Build.0 = Win8Debug|Any CPU
		{31F85A16-CB01-4456-BE3C-76E9FF3A1343}.Win8DX11_2Debug|Any CPU.ActiveCfg = Win8DX11_2Debug|Any CPU
		{31F85A16-CB01-4456-BE3C-76E9FF3A1343}.Win8DX11_2Debug|Any CPU.Build.0 = Win8DX11_2Debug|Any CPU
		{31F85A16-CB01-4456-BE3C-76E9FF3A1343}.Win8DX11_2Release|Any CPU.ActiveCfg = Win8DX11_2Release|Any CPU
		{31F85A16-CB01-4456-BE3C-76E9FF3A1343}.Win8DX11_2Release|Any CPU.Build.0 = Win8DX11_2Release|Any CPU
		{31F85A16-CB01-4456-BE3C-76E9FF3A1343}.Win8Release|Any CPU.ActiveCfg = Win8Release|Any CPU
		{31F85A16-CB01-4456-BE3C-76E9FF3A1343}.Win8Release|Any CPU.Build.0 = Win8Release|Any CPU
		{31F85A16-CB01-4456-BE3C-76E9FF3A1343}.WP8Debug|Any CPU.ActiveCfg = WP8Debug|Any CPU
		{31F85A16-CB01-4456-BE3C-76E9FF3A1343}.WP8Debug|Any CPU.Build.0 = WP8Debug|Any CPU
		{31F85A16-CB01-4456-BE3C-76E9FF3A1343}.WP8Release|Any CPU.ActiveCfg = WP8Release|Any CPU
		{31F85A16-CB01-4456-BE3C-76E9FF3A1343}.WP8Release|Any CPU.Build.0 = WP8Release|Any CPU
		{5E597A82-9DE9-4BA5-AD76-51202190E951}.DIRECTX11_1Debug|Any CPU.ActiveCfg = Debug|Any CPU
		{5E597A82-9DE9-4BA5-AD76-51202190E951}.DIRECTX11_1Debug|Any CPU.Build.0 = Debug|Any CPU
		{5E597A82-9DE9-4BA5-AD76-51202190E951}.DIRECTX11_1Release|Any CPU.ActiveCfg = Release|Any CPU
		{5E597A82-9DE9-4BA5-AD76-51202190E951}.DIRECTX11_1Release|Any CPU.Build.0 = Release|Any CPU
		{5E597A82-9DE9-4BA5-AD76-51202190E951}.DIRECTX11_2Debug|Any CPU.ActiveCfg = Debug|Any CPU
		{5E597A82-9DE9-4BA5-AD76-51202190E951}.DIRECTX11_2Debug|Any CPU.Build.0 = Debug|Any CPU
		{5E597A82-9DE9-4BA5-AD76-51202190E951}.DIRECTX11_2Release|Any CPU.ActiveCfg = Release|Any CPU
		{5E597A82-9DE9-4BA5-AD76-51202190E951}.DIRECTX11_2Release|Any CPU.Build.0 = Release|Any CPU
		{5E597A82-9DE9-4BA5-AD76-51202190E951}.Net20Debug|Any CPU.ActiveCfg = Debug|Any CPU
		{5E597A82-9DE9-4BA5-AD76-51202190E951}.Net20Debug|Any CPU.Build.0 = Debug|Any CPU
		{5E597A82-9DE9-4BA5-AD76-51202190E951}.Net20Release|Any CPU.ActiveCfg = Release|Any CPU
		{5E597A82-9DE9-4BA5-AD76-51202190E951}.Net20Release|Any CPU.Build.0 = Release|Any CPU
		{5E597A82-9DE9-4BA5-AD76-51202190E951}.Net40Debug|Any CPU.ActiveCfg = Debug|Any CPU
		{5E597A82-9DE9-4BA5-AD76-51202190E951}.Net40Debug|Any CPU.Build.0 = Debug|Any CPU
		{5E597A82-9DE9-4BA5-AD76-51202190E951}.Net40Release|Any CPU.ActiveCfg = Release|Any CPU
		{5E597A82-9DE9-4BA5-AD76-51202190E951}.Net40Release|Any CPU.Build.0 = Release|Any CPU
		{5E597A82-9DE9-4BA5-AD76-51202190E951}.ToolsDebug|Any CPU.ActiveCfg = Debug|Any CPU
		{5E597A82-9DE9-4BA5-AD76-51202190E951}.ToolsDebug|Any CPU.Build.0 = Debug|Any CPU
		{5E597A82-9DE9-4BA5-AD76-51202190E951}.Win8Debug|Any CPU.ActiveCfg = Win8Debug|Any CPU
		{5E597A82-9DE9-4BA5-AD76-51202190E951}.Win8Debug|Any CPU.Build.0 = Win8Debug|Any CPU
		{5E597A82-9DE9-4BA5-AD76-51202190E951}.Win8DX11_2Debug|Any CPU.ActiveCfg = Win8Debug|Any CPU
		{5E597A82-9DE9-4BA5-AD76-51202190E951}.Win8DX11_2Debug|Any CPU.Build.0 = Win8Debug|Any CPU
		{5E597A82-9DE9-4BA5-AD76-51202190E951}.Win8DX11_2Release|Any CPU.ActiveCfg = Release|Any CPU
		{5E597A82-9DE9-4BA5-AD76-51202190E951}.Win8DX11_2Release|Any CPU.Build.0 = Release|Any CPU
		{5E597A82-9DE9-4BA5-AD76-51202190E951}.Win8Release|Any CPU.ActiveCfg = Win8Release|Any CPU
		{5E597A82-9DE9-4BA5-AD76-51202190E951}.Win8Release|Any CPU.Build.0 = Win8Release|Any CPU
		{5E597A82-9DE9-4BA5-AD76-51202190E951}.WP8Debug|Any CPU.ActiveCfg = Debug|Any CPU
		{5E597A82-9DE9-4BA5-AD76-51202190E951}.WP8Debug|Any CPU.Build.0 = Debug|Any CPU
		{5E597A82-9DE9-4BA5-AD76-51202190E951}.WP8Release|Any CPU.ActiveCfg = Release|Any CPU
		{5E597A82-9DE9-4BA5-AD76-51202190E951}.WP8Release|Any CPU.Build.0 = Release|Any CPU
		{9AA405CA-B7FD-44D0-9EBC-21F5D0F44DEB}.DIRECTX11_1Debug|Any CPU.ActiveCfg = Debug|Any CPU
		{9AA405CA-B7FD-44D0-9EBC-21F5D0F44DEB}.DIRECTX11_1Release|Any CPU.ActiveCfg = Release|Any CPU
		{9AA405CA-B7FD-44D0-9EBC-21F5D0F44DEB}.DIRECTX11_2Debug|Any CPU.ActiveCfg = Debug|Any CPU
		{9AA405CA-B7FD-44D0-9EBC-21F5D0F44DEB}.DIRECTX11_2Release|Any CPU.ActiveCfg = Release|Any CPU
		{9AA405CA-B7FD-44D0-9EBC-21F5D0F44DEB}.Net20Debug|Any CPU.ActiveCfg = Debug|Any CPU
		{9AA405CA-B7FD-44D0-9EBC-21F5D0F44DEB}.Net20Release|Any CPU.ActiveCfg = Release|Any CPU
		{9AA405CA-B7FD-44D0-9EBC-21F5D0F44DEB}.Net40Debug|Any CPU.ActiveCfg = Debug|Any CPU
		{9AA405CA-B7FD-44D0-9EBC-21F5D0F44DEB}.Net40Release|Any CPU.ActiveCfg = Release|Any CPU
		{9AA405CA-B7FD-44D0-9EBC-21F5D0F44DEB}.ToolsDebug|Any CPU.ActiveCfg = Debug|Any CPU
		{9AA405CA-B7FD-44D0-9EBC-21F5D0F44DEB}.Win8Debug|Any CPU.ActiveCfg = Win8Debug|Any CPU
		{9AA405CA-B7FD-44D0-9EBC-21F5D0F44DEB}.Win8DX11_2Debug|Any CPU.ActiveCfg = Win8Debug|Any CPU
		{9AA405CA-B7FD-44D0-9EBC-21F5D0F44DEB}.Win8DX11_2Release|Any CPU.ActiveCfg = Release|Any CPU
		{9AA405CA-B7FD-44D0-9EBC-21F5D0F44DEB}.Win8DX11_2Release|Any CPU.Build.0 = Release|Any CPU
		{9AA405CA-B7FD-44D0-9EBC-21F5D0F44DEB}.Win8Release|Any CPU.ActiveCfg = Win8Release|Any CPU
		{9AA405CA-B7FD-44D0-9EBC-21F5D0F44DEB}.WP8Debug|Any CPU.ActiveCfg = Debug|Any CPU
		{9AA405CA-B7FD-44D0-9EBC-21F5D0F44DEB}.WP8Debug|Any CPU.Build.0 = Debug|Any CPU
		{9AA405CA-B7FD-44D0-9EBC-21F5D0F44DEB}.WP8Release|Any CPU.ActiveCfg = Release|Any CPU
		{9AA405CA-B7FD-44D0-9EBC-21F5D0F44DEB}.WP8Release|Any CPU.Build.0 = Release|Any CPU
		{4939860C-5D5B-4D56-89C8-1980A9EBB392}.DIRECTX11_1Debug|Any CPU.ActiveCfg = DIRECTX11_1Debug|Any CPU
		{4939860C-5D5B-4D56-89C8-1980A9EBB392}.DIRECTX11_1Release|Any CPU.ActiveCfg = DIRECTX11_1Release|Any CPU
		{4939860C-5D5B-4D56-89C8-1980A9EBB392}.DIRECTX11_2Debug|Any CPU.ActiveCfg = DIRECTX11_2Debug|Any CPU
		{4939860C-5D5B-4D56-89C8-1980A9EBB392}.DIRECTX11_2Release|Any CPU.ActiveCfg = DIRECTX11_2Release|Any CPU
		{4939860C-5D5B-4D56-89C8-1980A9EBB392}.Net20Debug|Any CPU.ActiveCfg = Net20Debug|Any CPU
		{4939860C-5D5B-4D56-89C8-1980A9EBB392}.Net20Debug|Any CPU.Build.0 = Net20Debug|Any CPU
		{4939860C-5D5B-4D56-89C8-1980A9EBB392}.Net20Release|Any CPU.ActiveCfg = Net20Release|Any CPU
		{4939860C-5D5B-4D56-89C8-1980A9EBB392}.Net20Release|Any CPU.Build.0 = Net20Release|Any CPU
		{4939860C-5D5B-4D56-89C8-1980A9EBB392}.Net40Debug|Any CPU.ActiveCfg = Net40Debug|Any CPU
		{4939860C-5D5B-4D56-89C8-1980A9EBB392}.Net40Debug|Any CPU.Build.0 = Net40Debug|Any CPU
		{4939860C-5D5B-4D56-89C8-1980A9EBB392}.Net40Release|Any CPU.ActiveCfg = Net40Release|Any CPU
		{4939860C-5D5B-4D56-89C8-1980A9EBB392}.Net40Release|Any CPU.Build.0 = Net40Release|Any CPU
		{4939860C-5D5B-4D56-89C8-1980A9EBB392}.ToolsDebug|Any CPU.ActiveCfg = Net20Release|Any CPU
		{4939860C-5D5B-4D56-89C8-1980A9EBB392}.Win8Debug|Any CPU.ActiveCfg = Win8Debug|Any CPU
		{4939860C-5D5B-4D56-89C8-1980A9EBB392}.Win8DX11_2Debug|Any CPU.ActiveCfg = Win8DX11_2Debug|Any CPU
		{4939860C-5D5B-4D56-89C8-1980A9EBB392}.Win8DX11_2Release|Any CPU.ActiveCfg = Win8DX11_2Release|Any CPU
		{4939860C-5D5B-4D56-89C8-1980A9EBB392}.Win8Release|Any CPU.ActiveCfg = Win8Release|Any CPU
		{4939860C-5D5B-4D56-89C8-1980A9EBB392}.WP8Debug|Any CPU.ActiveCfg = WP8Debug|Any CPU
		{4939860C-5D5B-4D56-89C8-1980A9EBB392}.WP8Debug|Any CPU.Build.0 = WP8Debug|Any CPU
		{4939860C-5D5B-4D56-89C8-1980A9EBB392}.WP8Release|Any CPU.ActiveCfg = WP8Release|Any CPU
		{4939860C-5D5B-4D56-89C8-1980A9EBB392}.WP8Release|Any CPU.Build.0 = WP8Release|Any CPU
		{05D17A7B-F200-48C0-B8F9-B7211665A17F}.DIRECTX11_1Debug|Any CPU.ActiveCfg = DIRECTX11_1Debug|Any CPU
		{05D17A7B-F200-48C0-B8F9-B7211665A17F}.DIRECTX11_1Debug|Any CPU.Build.0 = DIRECTX11_1Debug|Any CPU
		{05D17A7B-F200-48C0-B8F9-B7211665A17F}.DIRECTX11_1Release|Any CPU.ActiveCfg = DIRECTX11_1Release|Any CPU
		{05D17A7B-F200-48C0-B8F9-B7211665A17F}.DIRECTX11_1Release|Any CPU.Build.0 = DIRECTX11_1Release|Any CPU
		{05D17A7B-F200-48C0-B8F9-B7211665A17F}.DIRECTX11_2Debug|Any CPU.ActiveCfg = DIRECTX11_2Debug|Any CPU
		{05D17A7B-F200-48C0-B8F9-B7211665A17F}.DIRECTX11_2Debug|Any CPU.Build.0 = DIRECTX11_2Debug|Any CPU
		{05D17A7B-F200-48C0-B8F9-B7211665A17F}.DIRECTX11_2Release|Any CPU.ActiveCfg = DIRECTX11_2Release|Any CPU
		{05D17A7B-F200-48C0-B8F9-B7211665A17F}.DIRECTX11_2Release|Any CPU.Build.0 = DIRECTX11_2Release|Any CPU
		{05D17A7B-F200-48C0-B8F9-B7211665A17F}.Net20Debug|Any CPU.ActiveCfg = Net20Debug|Any CPU
		{05D17A7B-F200-48C0-B8F9-B7211665A17F}.Net20Debug|Any CPU.Build.0 = Net20Debug|Any CPU
		{05D17A7B-F200-48C0-B8F9-B7211665A17F}.Net20Release|Any CPU.ActiveCfg = Net20Release|Any CPU
		{05D17A7B-F200-48C0-B8F9-B7211665A17F}.Net20Release|Any CPU.Build.0 = Net20Release|Any CPU
		{05D17A7B-F200-48C0-B8F9-B7211665A17F}.Net40Debug|Any CPU.ActiveCfg = Net40Debug|Any CPU
		{05D17A7B-F200-48C0-B8F9-B7211665A17F}.Net40Debug|Any CPU.Build.0 = Net40Debug|Any CPU
		{05D17A7B-F200-48C0-B8F9-B7211665A17F}.Net40Release|Any CPU.ActiveCfg = Net40Release|Any CPU
		{05D17A7B-F200-48C0-B8F9-B7211665A17F}.Net40Release|Any CPU.Build.0 = Net40Release|Any CPU
		{05D17A7B-F200-48C0-B8F9-B7211665A17F}.ToolsDebug|Any CPU.ActiveCfg = Net20Release|Any CPU
		{05D17A7B-F200-48C0-B8F9-B7211665A17F}.Win8Debug|Any CPU.ActiveCfg = Win8Debug|Any CPU
		{05D17A7B-F200-48C0-B8F9-B7211665A17F}.Win8DX11_2Debug|Any CPU.ActiveCfg = Win8DX11_2Debug|Any CPU
		{05D17A7B-F200-48C0-B8F9-B7211665A17F}.Win8DX11_2Release|Any CPU.ActiveCfg = Win8DX11_2Release|Any CPU
		{05D17A7B-F200-48C0-B8F9-B7211665A17F}.Win8Release|Any CPU.ActiveCfg = Win8Release|Any CPU
		{05D17A7B-F200-48C0-B8F9-B7211665A17F}.WP8Debug|Any CPU.ActiveCfg = WP8Debug|Any CPU
		{05D17A7B-F200-48C0-B8F9-B7211665A17F}.WP8Debug|Any CPU.Build.0 = WP8Debug|Any CPU
		{05D17A7B-F200-48C0-B8F9-B7211665A17F}.WP8Release|Any CPU.ActiveCfg = WP8Release|Any CPU
		{05D17A7B-F200-48C0-B8F9-B7211665A17F}.WP8Release|Any CPU.Build.0 = WP8Release|Any CPU
		{764D7CE5-F78B-432E-A849-E40BA44522D6}.DIRECTX11_1Debug|Any CPU.ActiveCfg = DIRECTX11_1Debug|Any CPU
		{764D7CE5-F78B-432E-A849-E40BA44522D6}.DIRECTX11_1Debug|Any CPU.Build.0 = DIRECTX11_1Debug|Any CPU
		{764D7CE5-F78B-432E-A849-E40BA44522D6}.DIRECTX11_1Release|Any CPU.ActiveCfg = DIRECTX11_1Release|Any CPU
		{764D7CE5-F78B-432E-A849-E40BA44522D6}.DIRECTX11_1Release|Any CPU.Build.0 = DIRECTX11_1Release|Any CPU
		{764D7CE5-F78B-432E-A849-E40BA44522D6}.DIRECTX11_2Debug|Any CPU.ActiveCfg = DIRECTX11_2Debug|Any CPU
		{764D7CE5-F78B-432E-A849-E40BA44522D6}.DIRECTX11_2Debug|Any CPU.Build.0 = DIRECTX11_2Debug|Any CPU
		{764D7CE5-F78B-432E-A849-E40BA44522D6}.DIRECTX11_2Release|Any CPU.ActiveCfg = DIRECTX11_2Release|Any CPU
		{764D7CE5-F78B-432E-A849-E40BA44522D6}.DIRECTX11_2Release|Any CPU.Build.0 = DIRECTX11_2Release|Any CPU
		{764D7CE5-F78B-432E-A849-E40BA44522D6}.Net20Debug|Any CPU.ActiveCfg = Net20Debug|Any CPU
		{764D7CE5-F78B-432E-A849-E40BA44522D6}.Net20Debug|Any CPU.Build.0 = Net20Debug|Any CPU
		{764D7CE5-F78B-432E-A849-E40BA44522D6}.Net20Release|Any CPU.ActiveCfg = Net20Release|Any CPU
		{764D7CE5-F78B-432E-A849-E40BA44522D6}.Net20Release|Any CPU.Build.0 = Net20Release|Any CPU
		{764D7CE5-F78B-432E-A849-E40BA44522D6}.Net40Debug|Any CPU.ActiveCfg = Net40Debug|Any CPU
		{764D7CE5-F78B-432E-A849-E40BA44522D6}.Net40Debug|Any CPU.Build.0 = Net40Debug|Any CPU
		{764D7CE5-F78B-432E-A849-E40BA44522D6}.Net40Release|Any CPU.ActiveCfg = Net40Release|Any CPU
		{764D7CE5-F78B-432E-A849-E40BA44522D6}.Net40Release|Any CPU.Build.0 = Net40Release|Any CPU
		{764D7CE5-F78B-432E-A849-E40BA44522D6}.ToolsDebug|Any CPU.ActiveCfg = Net20Release|Any CPU
		{764D7CE5-F78B-432E-A849-E40BA44522D6}.Win8Debug|Any CPU.ActiveCfg = Win8Debug|Any CPU
		{764D7CE5-F78B-432E-A849-E40BA44522D6}.Win8Debug|Any CPU.Build.0 = Win8Debug|Any CPU
		{764D7CE5-F78B-432E-A849-E40BA44522D6}.Win8DX11_2Debug|Any CPU.ActiveCfg = Win8DX11_2Debug|Any CPU
		{764D7CE5-F78B-432E-A849-E40BA44522D6}.Win8DX11_2Debug|Any CPU.Build.0 = Win8DX11_2Debug|Any CPU
		{764D7CE5-F78B-432E-A849-E40BA44522D6}.Win8DX11_2Release|Any CPU.ActiveCfg = Win8DX11_2Release|Any CPU
		{764D7CE5-F78B-432E-A849-E40BA44522D6}.Win8DX11_2Release|Any CPU.Build.0 = Win8DX11_2Release|Any CPU
		{764D7CE5-F78B-432E-A849-E40BA44522D6}.Win8Release|Any CPU.ActiveCfg = Win8Release|Any CPU
		{764D7CE5-F78B-432E-A849-E40BA44522D6}.Win8Release|Any CPU.Build.0 = Win8Release|Any CPU
		{764D7CE5-F78B-432E-A849-E40BA44522D6}.WP8Debug|Any CPU.ActiveCfg = WP8Debug|Any CPU
		{764D7CE5-F78B-432E-A849-E40BA44522D6}.WP8Debug|Any CPU.Build.0 = WP8Debug|Any CPU
		{764D7CE5-F78B-432E-A849-E40BA44522D6}.WP8Release|Any CPU.ActiveCfg = WP8Release|Any CPU
		{764D7CE5-F78B-432E-A849-E40BA44522D6}.WP8Release|Any CPU.Build.0 = WP8Release|Any CPU
		{931FA266-E756-41CA-9736-8B29235DC999}.DIRECTX11_1Debug|Any CPU.ActiveCfg = Debug|Any CPU
		{931FA266-E756-41CA-9736-8B29235DC999}.DIRECTX11_1Debug|Any CPU.Build.0 = Debug|Any CPU
		{931FA266-E756-41CA-9736-8B29235DC999}.DIRECTX11_1Release|Any CPU.ActiveCfg = Release|Any CPU
		{931FA266-E756-41CA-9736-8B29235DC999}.DIRECTX11_2Debug|Any CPU.ActiveCfg = Debug|Any CPU
		{931FA266-E756-41CA-9736-8B29235DC999}.DIRECTX11_2Debug|Any CPU.Build.0 = Debug|Any CPU
		{931FA266-E756-41CA-9736-8B29235DC999}.DIRECTX11_2Release|Any CPU.ActiveCfg = Release|Any CPU
		{931FA266-E756-41CA-9736-8B29235DC999}.Net20Debug|Any CPU.ActiveCfg = Debug|Any CPU
		{931FA266-E756-41CA-9736-8B29235DC999}.Net20Debug|Any CPU.Build.0 = Debug|Any CPU
		{931FA266-E756-41CA-9736-8B29235DC999}.Net20Release|Any CPU.ActiveCfg = Release|Any CPU
		{931FA266-E756-41CA-9736-8B29235DC999}.Net40Debug|Any CPU.ActiveCfg = Debug|Any CPU
		{931FA266-E756-41CA-9736-8B29235DC999}.Net40Debug|Any CPU.Build.0 = Debug|Any CPU
		{931FA266-E756-41CA-9736-8B29235DC999}.Net40Release|Any CPU.ActiveCfg = Release|Any CPU
		{931FA266-E756-41CA-9736-8B29235DC999}.ToolsDebug|Any CPU.ActiveCfg = Debug|Any CPU
		{931FA266-E756-41CA-9736-8B29235DC999}.Win8Debug|Any CPU.ActiveCfg = Debug|Any CPU
		{931FA266-E756-41CA-9736-8B29235DC999}.Win8DX11_2Debug|Any CPU.ActiveCfg = Debug|Any CPU
		{931FA266-E756-41CA-9736-8B29235DC999}.Win8DX11_2Release|Any CPU.ActiveCfg = Release|Any CPU
		{931FA266-E756-41CA-9736-8B29235DC999}.Win8Release|Any CPU.ActiveCfg = Release|Any CPU
		{931FA266-E756-41CA-9736-8B29235DC999}.WP8Debug|Any CPU.ActiveCfg = Debug|Any CPU
		{931FA266-E756-41CA-9736-8B29235DC999}.WP8Debug|Any CPU.Build.0 = Debug|Any CPU
		{931FA266-E756-41CA-9736-8B29235DC999}.WP8Release|Any CPU.ActiveCfg = Release|Any CPU
		{931FA266-E756-41CA-9736-8B29235DC999}.WP8Release|Any CPU.Build.0 = Release|Any CPU
		{874DEC63-9AB9-4A09-B1EA-E8FB1F1B68A1}.DIRECTX11_1Debug|Any CPU.ActiveCfg = DIRECTX11_1Debug|Any CPU
		{874DEC63-9AB9-4A09-B1EA-E8FB1F1B68A1}.DIRECTX11_1Release|Any CPU.ActiveCfg = DIRECTX11_1Release|Any CPU
		{874DEC63-9AB9-4A09-B1EA-E8FB1F1B68A1}.DIRECTX11_2Debug|Any CPU.ActiveCfg = DIRECTX11_2Debug|Any CPU
		{874DEC63-9AB9-4A09-B1EA-E8FB1F1B68A1}.DIRECTX11_2Release|Any CPU.ActiveCfg = DIRECTX11_2Release|Any CPU
		{874DEC63-9AB9-4A09-B1EA-E8FB1F1B68A1}.Net20Debug|Any CPU.ActiveCfg = Net20Debug|Any CPU
		{874DEC63-9AB9-4A09-B1EA-E8FB1F1B68A1}.Net20Debug|Any CPU.Build.0 = Net20Debug|Any CPU
		{874DEC63-9AB9-4A09-B1EA-E8FB1F1B68A1}.Net20Release|Any CPU.ActiveCfg = Net20Release|Any CPU
		{874DEC63-9AB9-4A09-B1EA-E8FB1F1B68A1}.Net40Debug|Any CPU.ActiveCfg = Net40Debug|Any CPU
		{874DEC63-9AB9-4A09-B1EA-E8FB1F1B68A1}.Net40Debug|Any CPU.Build.0 = Net40Debug|Any CPU
		{874DEC63-9AB9-4A09-B1EA-E8FB1F1B68A1}.Net40Release|Any CPU.ActiveCfg = Net40Release|Any CPU
		{874DEC63-9AB9-4A09-B1EA-E8FB1F1B68A1}.ToolsDebug|Any CPU.ActiveCfg = Net20Release|Any CPU
		{874DEC63-9AB9-4A09-B1EA-E8FB1F1B68A1}.Win8Debug|Any CPU.ActiveCfg = Win8Debug|Any CPU
		{874DEC63-9AB9-4A09-B1EA-E8FB1F1B68A1}.Win8DX11_2Debug|Any CPU.ActiveCfg = Win8DX11_2Debug|Any CPU
		{874DEC63-9AB9-4A09-B1EA-E8FB1F1B68A1}.Win8DX11_2Release|Any CPU.ActiveCfg = Win8DX11_2Release|Any CPU
		{874DEC63-9AB9-4A09-B1EA-E8FB1F1B68A1}.Win8Release|Any CPU.ActiveCfg = Win8Release|Any CPU
		{874DEC63-9AB9-4A09-B1EA-E8FB1F1B68A1}.WP8Debug|Any CPU.ActiveCfg = WP8Debug|Any CPU
		{874DEC63-9AB9-4A09-B1EA-E8FB1F1B68A1}.WP8Debug|Any CPU.Build.0 = WP8Debug|Any CPU
		{874DEC63-9AB9-4A09-B1EA-E8FB1F1B68A1}.WP8Release|Any CPU.ActiveCfg = WP8Release|Any CPU
		{874DEC63-9AB9-4A09-B1EA-E8FB1F1B68A1}.WP8Release|Any CPU.Build.0 = WP8Release|Any CPU
		{CA21A201-078B-4EBE-A2AB-C3B1FFEC99F9}.DIRECTX11_1Debug|Any CPU.ActiveCfg = DIRECTX11_1Debug|Any CPU
		{CA21A201-078B-4EBE-A2AB-C3B1FFEC99F9}.DIRECTX11_1Debug|Any CPU.Build.0 = DIRECTX11_1Debug|Any CPU
		{CA21A201-078B-4EBE-A2AB-C3B1FFEC99F9}.DIRECTX11_1Release|Any CPU.ActiveCfg = DIRECTX11_1Release|Any CPU
		{CA21A201-078B-4EBE-A2AB-C3B1FFEC99F9}.DIRECTX11_1Release|Any CPU.Build.0 = DIRECTX11_1Release|Any CPU
		{CA21A201-078B-4EBE-A2AB-C3B1FFEC99F9}.DIRECTX11_2Debug|Any CPU.ActiveCfg = DIRECTX11_2Debug|Any CPU
		{CA21A201-078B-4EBE-A2AB-C3B1FFEC99F9}.DIRECTX11_2Debug|Any CPU.Build.0 = DIRECTX11_2Debug|Any CPU
		{CA21A201-078B-4EBE-A2AB-C3B1FFEC99F9}.DIRECTX11_2Release|Any CPU.ActiveCfg = DIRECTX11_2Release|Any CPU
		{CA21A201-078B-4EBE-A2AB-C3B1FFEC99F9}.DIRECTX11_2Release|Any CPU.Build.0 = DIRECTX11_2Release|Any CPU
		{CA21A201-078B-4EBE-A2AB-C3B1FFEC99F9}.Net20Debug|Any CPU.ActiveCfg = Net20Debug|Any CPU
		{CA21A201-078B-4EBE-A2AB-C3B1FFEC99F9}.Net20Debug|Any CPU.Build.0 = Net20Debug|Any CPU
		{CA21A201-078B-4EBE-A2AB-C3B1FFEC99F9}.Net20Release|Any CPU.ActiveCfg = Net20Release|Any CPU
		{CA21A201-078B-4EBE-A2AB-C3B1FFEC99F9}.Net20Release|Any CPU.Build.0 = Net20Release|Any CPU
		{CA21A201-078B-4EBE-A2AB-C3B1FFEC99F9}.Net40Debug|Any CPU.ActiveCfg = Net40Debug|Any CPU
		{CA21A201-078B-4EBE-A2AB-C3B1FFEC99F9}.Net40Debug|Any CPU.Build.0 = Net40Debug|Any CPU
		{CA21A201-078B-4EBE-A2AB-C3B1FFEC99F9}.Net40Release|Any CPU.ActiveCfg = Net40Release|Any CPU
		{CA21A201-078B-4EBE-A2AB-C3B1FFEC99F9}.Net40Release|Any CPU.Build.0 = Net40Release|Any CPU
		{CA21A201-078B-4EBE-A2AB-C3B1FFEC99F9}.ToolsDebug|Any CPU.ActiveCfg = Net20Release|Any CPU
		{CA21A201-078B-4EBE-A2AB-C3B1FFEC99F9}.Win8Debug|Any CPU.ActiveCfg = Win8Debug|Any CPU
		{CA21A201-078B-4EBE-A2AB-C3B1FFEC99F9}.Win8Debug|Any CPU.Build.0 = Win8Debug|Any CPU
		{CA21A201-078B-4EBE-A2AB-C3B1FFEC99F9}.Win8DX11_2Debug|Any CPU.ActiveCfg = Win8DX11_2Debug|Any CPU
		{CA21A201-078B-4EBE-A2AB-C3B1FFEC99F9}.Win8DX11_2Debug|Any CPU.Build.0 = Win8DX11_2Debug|Any CPU
		{CA21A201-078B-4EBE-A2AB-C3B1FFEC99F9}.Win8DX11_2Release|Any CPU.ActiveCfg = Win8DX11_2Release|Any CPU
		{CA21A201-078B-4EBE-A2AB-C3B1FFEC99F9}.Win8DX11_2Release|Any CPU.Build.0 = Win8DX11_2Release|Any CPU
		{CA21A201-078B-4EBE-A2AB-C3B1FFEC99F9}.Win8Release|Any CPU.ActiveCfg = Win8Release|Any CPU
		{CA21A201-078B-4EBE-A2AB-C3B1FFEC99F9}.Win8Release|Any CPU.Build.0 = Win8Release|Any CPU
		{CA21A201-078B-4EBE-A2AB-C3B1FFEC99F9}.WP8Debug|Any CPU.ActiveCfg = WP8Debug|Any CPU
		{CA21A201-078B-4EBE-A2AB-C3B1FFEC99F9}.WP8Debug|Any CPU.Build.0 = WP8Debug|Any CPU
		{CA21A201-078B-4EBE-A2AB-C3B1FFEC99F9}.WP8Release|Any CPU.ActiveCfg = WP8Release|Any CPU
		{CA21A201-078B-4EBE-A2AB-C3B1FFEC99F9}.WP8Release|Any CPU.Build.0 = WP8Release|Any CPU
		{BBB50A46-3291-4C62-B884-D1AB64F71EA5}.DIRECTX11_1Debug|Any CPU.ActiveCfg = DIRECTX11_1Debug|Any CPU
		{BBB50A46-3291-4C62-B884-D1AB64F71EA5}.DIRECTX11_1Debug|Any CPU.Build.0 = DIRECTX11_1Debug|Any CPU
		{BBB50A46-3291-4C62-B884-D1AB64F71EA5}.DIRECTX11_1Release|Any CPU.ActiveCfg = DIRECTX11_1Release|Any CPU
		{BBB50A46-3291-4C62-B884-D1AB64F71EA5}.DIRECTX11_1Release|Any CPU.Build.0 = DIRECTX11_1Release|Any CPU
		{BBB50A46-3291-4C62-B884-D1AB64F71EA5}.DIRECTX11_2Debug|Any CPU.ActiveCfg = DIRECTX11_2Debug|Any CPU
		{BBB50A46-3291-4C62-B884-D1AB64F71EA5}.DIRECTX11_2Debug|Any CPU.Build.0 = DIRECTX11_2Debug|Any CPU
		{BBB50A46-3291-4C62-B884-D1AB64F71EA5}.DIRECTX11_2Release|Any CPU.ActiveCfg = DIRECTX11_2Release|Any CPU
		{BBB50A46-3291-4C62-B884-D1AB64F71EA5}.DIRECTX11_2Release|Any CPU.Build.0 = DIRECTX11_2Release|Any CPU
		{BBB50A46-3291-4C62-B884-D1AB64F71EA5}.Net20Debug|Any CPU.ActiveCfg = Net20Debug|Any CPU
		{BBB50A46-3291-4C62-B884-D1AB64F71EA5}.Net20Debug|Any CPU.Build.0 = Net20Debug|Any CPU
		{BBB50A46-3291-4C62-B884-D1AB64F71EA5}.Net20Release|Any CPU.ActiveCfg = Net20Release|Any CPU
		{BBB50A46-3291-4C62-B884-D1AB64F71EA5}.Net20Release|Any CPU.Build.0 = Net20Release|Any CPU
		{BBB50A46-3291-4C62-B884-D1AB64F71EA5}.Net40Debug|Any CPU.ActiveCfg = Net40Debug|Any CPU
		{BBB50A46-3291-4C62-B884-D1AB64F71EA5}.Net40Debug|Any CPU.Build.0 = Net40Debug|Any CPU
		{BBB50A46-3291-4C62-B884-D1AB64F71EA5}.Net40Release|Any CPU.ActiveCfg = Net40Release|Any CPU
		{BBB50A46-3291-4C62-B884-D1AB64F71EA5}.Net40Release|Any CPU.Build.0 = Net40Release|Any CPU
		{BBB50A46-3291-4C62-B884-D1AB64F71EA5}.ToolsDebug|Any CPU.ActiveCfg = Net20Release|Any CPU
		{BBB50A46-3291-4C62-B884-D1AB64F71EA5}.Win8Debug|Any CPU.ActiveCfg = Win8Debug|Any CPU
		{BBB50A46-3291-4C62-B884-D1AB64F71EA5}.Win8DX11_2Debug|Any CPU.ActiveCfg = Win8DX11_2Debug|Any CPU
		{BBB50A46-3291-4C62-B884-D1AB64F71EA5}.Win8DX11_2Release|Any CPU.ActiveCfg = Win8DX11_2Release|Any CPU
		{BBB50A46-3291-4C62-B884-D1AB64F71EA5}.Win8Release|Any CPU.ActiveCfg = Win8Release|Any CPU
		{BBB50A46-3291-4C62-B884-D1AB64F71EA5}.WP8Debug|Any CPU.ActiveCfg = WP8Debug|Any CPU
		{BBB50A46-3291-4C62-B884-D1AB64F71EA5}.WP8Debug|Any CPU.Build.0 = WP8Debug|Any CPU
		{BBB50A46-3291-4C62-B884-D1AB64F71EA5}.WP8Release|Any CPU.ActiveCfg = WP8Release|Any CPU
		{BBB50A46-3291-4C62-B884-D1AB64F71EA5}.WP8Release|Any CPU.Build.0 = WP8Release|Any CPU
		{53EF08A7-4224-434C-A62C-F29807C1C750}.DIRECTX11_1Debug|Any CPU.ActiveCfg = DIRECTX11_1Debug|Any CPU
		{53EF08A7-4224-434C-A62C-F29807C1C750}.DIRECTX11_1Debug|Any CPU.Build.0 = DIRECTX11_1Debug|Any CPU
		{53EF08A7-4224-434C-A62C-F29807C1C750}.DIRECTX11_1Release|Any CPU.ActiveCfg = DIRECTX11_1Release|Any CPU
		{53EF08A7-4224-434C-A62C-F29807C1C750}.DIRECTX11_1Release|Any CPU.Build.0 = DIRECTX11_1Release|Any CPU
		{53EF08A7-4224-434C-A62C-F29807C1C750}.DIRECTX11_2Debug|Any CPU.ActiveCfg = DIRECTX11_2Debug|Any CPU
		{53EF08A7-4224-434C-A62C-F29807C1C750}.DIRECTX11_2Debug|Any CPU.Build.0 = DIRECTX11_2Debug|Any CPU
		{53EF08A7-4224-434C-A62C-F29807C1C750}.DIRECTX11_2Release|Any CPU.ActiveCfg = DIRECTX11_2Release|Any CPU
		{53EF08A7-4224-434C-A62C-F29807C1C750}.DIRECTX11_2Release|Any CPU.Build.0 = DIRECTX11_2Release|Any CPU
		{53EF08A7-4224-434C-A62C-F29807C1C750}.Net20Debug|Any CPU.ActiveCfg = Net20Debug|Any CPU
		{53EF08A7-4224-434C-A62C-F29807C1C750}.Net20Debug|Any CPU.Build.0 = Net20Debug|Any CPU
		{53EF08A7-4224-434C-A62C-F29807C1C750}.Net20Release|Any CPU.ActiveCfg = Net20Release|Any CPU
		{53EF08A7-4224-434C-A62C-F29807C1C750}.Net20Release|Any CPU.Build.0 = Net20Release|Any CPU
		{53EF08A7-4224-434C-A62C-F29807C1C750}.Net40Debug|Any CPU.ActiveCfg = Net40Debug|Any CPU
		{53EF08A7-4224-434C-A62C-F29807C1C750}.Net40Debug|Any CPU.Build.0 = Net40Debug|Any CPU
		{53EF08A7-4224-434C-A62C-F29807C1C750}.Net40Release|Any CPU.ActiveCfg = Net40Release|Any CPU
		{53EF08A7-4224-434C-A62C-F29807C1C750}.Net40Release|Any CPU.Build.0 = Net40Release|Any CPU
		{53EF08A7-4224-434C-A62C-F29807C1C750}.ToolsDebug|Any CPU.ActiveCfg = Net20Release|Any CPU
		{53EF08A7-4224-434C-A62C-F29807C1C750}.Win8Debug|Any CPU.ActiveCfg = Win8Debug|Any CPU
		{53EF08A7-4224-434C-A62C-F29807C1C750}.Win8Debug|Any CPU.Build.0 = Win8Debug|Any CPU
		{53EF08A7-4224-434C-A62C-F29807C1C750}.Win8DX11_2Debug|Any CPU.ActiveCfg = Win8DX11_2Debug|Any CPU
		{53EF08A7-4224-434C-A62C-F29807C1C750}.Win8DX11_2Debug|Any CPU.Build.0 = Win8DX11_2Debug|Any CPU
		{53EF08A7-4224-434C-A62C-F29807C1C750}.Win8DX11_2Release|Any CPU.ActiveCfg = Win8DX11_2Release|Any CPU
		{53EF08A7-4224-434C-A62C-F29807C1C750}.Win8DX11_2Release|Any CPU.Build.0 = Win8DX11_2Release|Any CPU
		{53EF08A7-4224-434C-A62C-F29807C1C750}.Win8Release|Any CPU.ActiveCfg = Win8Release|Any CPU
		{53EF08A7-4224-434C-A62C-F29807C1C750}.Win8Release|Any CPU.Build.0 = Win8Release|Any CPU
		{53EF08A7-4224-434C-A62C-F29807C1C750}.WP8Debug|Any CPU.ActiveCfg = WP8Debug|Any CPU
		{53EF08A7-4224-434C-A62C-F29807C1C750}.WP8Debug|Any CPU.Build.0 = WP8Debug|Any CPU
		{53EF08A7-4224-434C-A62C-F29807C1C750}.WP8Release|Any CPU.ActiveCfg = WP8Release|Any CPU
		{53EF08A7-4224-434C-A62C-F29807C1C750}.WP8Release|Any CPU.Build.0 = WP8Release|Any CPU
		{4E0E6A4D-930D-4660-8DE0-E30FF1F9F4A9}.DIRECTX11_1Debug|Any CPU.ActiveCfg = Debug|Any CPU
		{4E0E6A4D-930D-4660-8DE0-E30FF1F9F4A9}.DIRECTX11_1Debug|Any CPU.Build.0 = Debug|Any CPU
		{4E0E6A4D-930D-4660-8DE0-E30FF1F9F4A9}.DIRECTX11_1Release|Any CPU.ActiveCfg = Release|Any CPU
		{4E0E6A4D-930D-4660-8DE0-E30FF1F9F4A9}.DIRECTX11_2Debug|Any CPU.ActiveCfg = Debug|Any CPU
		{4E0E6A4D-930D-4660-8DE0-E30FF1F9F4A9}.DIRECTX11_2Debug|Any CPU.Build.0 = Debug|Any CPU
		{4E0E6A4D-930D-4660-8DE0-E30FF1F9F4A9}.DIRECTX11_2Release|Any CPU.ActiveCfg = Release|Any CPU
		{4E0E6A4D-930D-4660-8DE0-E30FF1F9F4A9}.Net20Debug|Any CPU.ActiveCfg = Debug|Any CPU
		{4E0E6A4D-930D-4660-8DE0-E30FF1F9F4A9}.Net20Debug|Any CPU.Build.0 = Debug|Any CPU
		{4E0E6A4D-930D-4660-8DE0-E30FF1F9F4A9}.Net20Release|Any CPU.ActiveCfg = Release|Any CPU
		{4E0E6A4D-930D-4660-8DE0-E30FF1F9F4A9}.Net20Release|Any CPU.Build.0 = Release|Any CPU
		{4E0E6A4D-930D-4660-8DE0-E30FF1F9F4A9}.Net40Debug|Any CPU.ActiveCfg = Debug|Any CPU
		{4E0E6A4D-930D-4660-8DE0-E30FF1F9F4A9}.Net40Debug|Any CPU.Build.0 = Debug|Any CPU
		{4E0E6A4D-930D-4660-8DE0-E30FF1F9F4A9}.Net40Release|Any CPU.ActiveCfg = Release|Any CPU
		{4E0E6A4D-930D-4660-8DE0-E30FF1F9F4A9}.Net40Release|Any CPU.Build.0 = Release|Any CPU
		{4E0E6A4D-930D-4660-8DE0-E30FF1F9F4A9}.ToolsDebug|Any CPU.ActiveCfg = Debug|Any CPU
		{4E0E6A4D-930D-4660-8DE0-E30FF1F9F4A9}.Win8Debug|Any CPU.ActiveCfg = Debug|Any CPU
		{4E0E6A4D-930D-4660-8DE0-E30FF1F9F4A9}.Win8DX11_2Debug|Any CPU.ActiveCfg = Debug|Any CPU
		{4E0E6A4D-930D-4660-8DE0-E30FF1F9F4A9}.Win8DX11_2Release|Any CPU.ActiveCfg = Release|Any CPU
		{4E0E6A4D-930D-4660-8DE0-E30FF1F9F4A9}.Win8Release|Any CPU.ActiveCfg = Release|Any CPU
		{4E0E6A4D-930D-4660-8DE0-E30FF1F9F4A9}.WP8Debug|Any CPU.ActiveCfg = Debug|Any CPU
		{4E0E6A4D-930D-4660-8DE0-E30FF1F9F4A9}.WP8Debug|Any CPU.Build.0 = Debug|Any CPU
		{4E0E6A4D-930D-4660-8DE0-E30FF1F9F4A9}.WP8Release|Any CPU.ActiveCfg = Release|Any CPU
		{4E0E6A4D-930D-4660-8DE0-E30FF1F9F4A9}.WP8Release|Any CPU.Build.0 = Release|Any CPU
		{9FF0707C-75BB-4984-A01F-B9EAAD293F6C}.DIRECTX11_1Debug|Any CPU.ActiveCfg = DIRECTX11_1Debug|Any CPU
		{9FF0707C-75BB-4984-A01F-B9EAAD293F6C}.DIRECTX11_1Debug|Any CPU.Build.0 = DIRECTX11_1Debug|Any CPU
		{9FF0707C-75BB-4984-A01F-B9EAAD293F6C}.DIRECTX11_1Release|Any CPU.ActiveCfg = DIRECTX11_1Release|Any CPU
		{9FF0707C-75BB-4984-A01F-B9EAAD293F6C}.DIRECTX11_1Release|Any CPU.Build.0 = DIRECTX11_1Release|Any CPU
		{9FF0707C-75BB-4984-A01F-B9EAAD293F6C}.DIRECTX11_2Debug|Any CPU.ActiveCfg = DIRECTX11_2Debug|Any CPU
		{9FF0707C-75BB-4984-A01F-B9EAAD293F6C}.DIRECTX11_2Debug|Any CPU.Build.0 = DIRECTX11_2Debug|Any CPU
		{9FF0707C-75BB-4984-A01F-B9EAAD293F6C}.DIRECTX11_2Release|Any CPU.ActiveCfg = DIRECTX11_2Release|Any CPU
		{9FF0707C-75BB-4984-A01F-B9EAAD293F6C}.DIRECTX11_2Release|Any CPU.Build.0 = DIRECTX11_2Release|Any CPU
		{9FF0707C-75BB-4984-A01F-B9EAAD293F6C}.Net20Debug|Any CPU.ActiveCfg = Net20Debug|Any CPU
		{9FF0707C-75BB-4984-A01F-B9EAAD293F6C}.Net20Debug|Any CPU.Build.0 = Net20Debug|Any CPU
		{9FF0707C-75BB-4984-A01F-B9EAAD293F6C}.Net20Release|Any CPU.ActiveCfg = Net20Release|Any CPU
		{9FF0707C-75BB-4984-A01F-B9EAAD293F6C}.Net20Release|Any CPU.Build.0 = Net20Release|Any CPU
		{9FF0707C-75BB-4984-A01F-B9EAAD293F6C}.Net40Debug|Any CPU.ActiveCfg = Net40Debug|Any CPU
		{9FF0707C-75BB-4984-A01F-B9EAAD293F6C}.Net40Debug|Any CPU.Build.0 = Net40Debug|Any CPU
		{9FF0707C-75BB-4984-A01F-B9EAAD293F6C}.Net40Release|Any CPU.ActiveCfg = Net40Release|Any CPU
		{9FF0707C-75BB-4984-A01F-B9EAAD293F6C}.Net40Release|Any CPU.Build.0 = Net40Release|Any CPU
		{9FF0707C-75BB-4984-A01F-B9EAAD293F6C}.ToolsDebug|Any CPU.ActiveCfg = Release|Any CPU
		{9FF0707C-75BB-4984-A01F-B9EAAD293F6C}.Win8Debug|Any CPU.ActiveCfg = Win8Debug|Any CPU
		{9FF0707C-75BB-4984-A01F-B9EAAD293F6C}.Win8Debug|Any CPU.Build.0 = Win8Debug|Any CPU
		{9FF0707C-75BB-4984-A01F-B9EAAD293F6C}.Win8DX11_2Debug|Any CPU.ActiveCfg = Win8DX11_2Debug|Any CPU
		{9FF0707C-75BB-4984-A01F-B9EAAD293F6C}.Win8DX11_2Debug|Any CPU.Build.0 = Win8DX11_2Debug|Any CPU
		{9FF0707C-75BB-4984-A01F-B9EAAD293F6C}.Win8DX11_2Release|Any CPU.ActiveCfg = Win8DX11_2Release|Any CPU
		{9FF0707C-75BB-4984-A01F-B9EAAD293F6C}.Win8DX11_2Release|Any CPU.Build.0 = Win8DX11_2Release|Any CPU
		{9FF0707C-75BB-4984-A01F-B9EAAD293F6C}.Win8Release|Any CPU.ActiveCfg = Win8Release|Any CPU
		{9FF0707C-75BB-4984-A01F-B9EAAD293F6C}.Win8Release|Any CPU.Build.0 = Win8Release|Any CPU
		{9FF0707C-75BB-4984-A01F-B9EAAD293F6C}.WP8Debug|Any CPU.ActiveCfg = WP8Debug|Any CPU
		{9FF0707C-75BB-4984-A01F-B9EAAD293F6C}.WP8Debug|Any CPU.Build.0 = WP8Debug|Any CPU
		{9FF0707C-75BB-4984-A01F-B9EAAD293F6C}.WP8Release|Any CPU.ActiveCfg = WP8Release|Any CPU
		{9FF0707C-75BB-4984-A01F-B9EAAD293F6C}.WP8Release|Any CPU.Build.0 = WP8Release|Any CPU
		{8BFFF9D1-84EC-4FBA-9BEB-710ECF1857A8}.DIRECTX11_1Debug|Any CPU.ActiveCfg = DIRECTX11_1Debug|Any CPU
		{8BFFF9D1-84EC-4FBA-9BEB-710ECF1857A8}.DIRECTX11_1Debug|Any CPU.Build.0 = DIRECTX11_1Debug|Any CPU
		{8BFFF9D1-84EC-4FBA-9BEB-710ECF1857A8}.DIRECTX11_1Release|Any CPU.ActiveCfg = DIRECTX11_1Release|Any CPU
		{8BFFF9D1-84EC-4FBA-9BEB-710ECF1857A8}.DIRECTX11_1Release|Any CPU.Build.0 = DIRECTX11_1Release|Any CPU
		{8BFFF9D1-84EC-4FBA-9BEB-710ECF1857A8}.DIRECTX11_2Debug|Any CPU.ActiveCfg = DIRECTX11_2Debug|Any CPU
		{8BFFF9D1-84EC-4FBA-9BEB-710ECF1857A8}.DIRECTX11_2Debug|Any CPU.Build.0 = DIRECTX11_2Debug|Any CPU
		{8BFFF9D1-84EC-4FBA-9BEB-710ECF1857A8}.DIRECTX11_2Release|Any CPU.ActiveCfg = DIRECTX11_2Release|Any CPU
		{8BFFF9D1-84EC-4FBA-9BEB-710ECF1857A8}.DIRECTX11_2Release|Any CPU.Build.0 = DIRECTX11_2Release|Any CPU
		{8BFFF9D1-84EC-4FBA-9BEB-710ECF1857A8}.Net20Debug|Any CPU.ActiveCfg = Net20Debug|Any CPU
		{8BFFF9D1-84EC-4FBA-9BEB-710ECF1857A8}.Net20Debug|Any CPU.Build.0 = Net20Debug|Any CPU
		{8BFFF9D1-84EC-4FBA-9BEB-710ECF1857A8}.Net20Release|Any CPU.ActiveCfg = Net20Release|Any CPU
		{8BFFF9D1-84EC-4FBA-9BEB-710ECF1857A8}.Net20Release|Any CPU.Build.0 = Net20Release|Any CPU
		{8BFFF9D1-84EC-4FBA-9BEB-710ECF1857A8}.Net40Debug|Any CPU.ActiveCfg = Net40Debug|Any CPU
		{8BFFF9D1-84EC-4FBA-9BEB-710ECF1857A8}.Net40Debug|Any CPU.Build.0 = Net40Debug|Any CPU
		{8BFFF9D1-84EC-4FBA-9BEB-710ECF1857A8}.Net40Release|Any CPU.ActiveCfg = Net40Release|Any CPU
		{8BFFF9D1-84EC-4FBA-9BEB-710ECF1857A8}.Net40Release|Any CPU.Build.0 = Net40Release|Any CPU
		{8BFFF9D1-84EC-4FBA-9BEB-710ECF1857A8}.ToolsDebug|Any CPU.ActiveCfg = Win8Release|Any CPU
		{8BFFF9D1-84EC-4FBA-9BEB-710ECF1857A8}.Win8Debug|Any CPU.ActiveCfg = Win8Debug|Any CPU
		{8BFFF9D1-84EC-4FBA-9BEB-710ECF1857A8}.Win8DX11_2Debug|Any CPU.ActiveCfg = Win8DX11_2Debug|Any CPU
		{8BFFF9D1-84EC-4FBA-9BEB-710ECF1857A8}.Win8DX11_2Release|Any CPU.ActiveCfg = Win8DX11_2Release|Any CPU
		{8BFFF9D1-84EC-4FBA-9BEB-710ECF1857A8}.Win8Release|Any CPU.ActiveCfg = Win8Release|Any CPU
		{8BFFF9D1-84EC-4FBA-9BEB-710ECF1857A8}.WP8Debug|Any CPU.ActiveCfg = WP8Debug|Any CPU
		{8BFFF9D1-84EC-4FBA-9BEB-710ECF1857A8}.WP8Debug|Any CPU.Build.0 = WP8Debug|Any CPU
		{8BFFF9D1-84EC-4FBA-9BEB-710ECF1857A8}.WP8Release|Any CPU.ActiveCfg = WP8Release|Any CPU
		{8BFFF9D1-84EC-4FBA-9BEB-710ECF1857A8}.WP8Release|Any CPU.Build.0 = WP8Release|Any CPU
		{BCE106B4-0C81-4705-8A9C-C4C4F5EAB702}.DIRECTX11_1Debug|Any CPU.ActiveCfg = DIRECTX11_1Debug|Any CPU
		{BCE106B4-0C81-4705-8A9C-C4C4F5EAB702}.DIRECTX11_1Debug|Any CPU.Build.0 = DIRECTX11_1Debug|Any CPU
		{BCE106B4-0C81-4705-8A9C-C4C4F5EAB702}.DIRECTX11_1Release|Any CPU.ActiveCfg = DIRECTX11_1Release|Any CPU
		{BCE106B4-0C81-4705-8A9C-C4C4F5EAB702}.DIRECTX11_1Release|Any CPU.Build.0 = DIRECTX11_1Release|Any CPU
		{BCE106B4-0C81-4705-8A9C-C4C4F5EAB702}.DIRECTX11_2Debug|Any CPU.ActiveCfg = DIRECTX11_2Debug|Any CPU
		{BCE106B4-0C81-4705-8A9C-C4C4F5EAB702}.DIRECTX11_2Debug|Any CPU.Build.0 = DIRECTX11_2Debug|Any CPU
		{BCE106B4-0C81-4705-8A9C-C4C4F5EAB702}.DIRECTX11_2Release|Any CPU.ActiveCfg = DIRECTX11_2Release|Any CPU
		{BCE106B4-0C81-4705-8A9C-C4C4F5EAB702}.DIRECTX11_2Release|Any CPU.Build.0 = DIRECTX11_2Release|Any CPU
		{BCE106B4-0C81-4705-8A9C-C4C4F5EAB702}.Net20Debug|Any CPU.ActiveCfg = Net20Debug|Any CPU
		{BCE106B4-0C81-4705-8A9C-C4C4F5EAB702}.Net20Debug|Any CPU.Build.0 = Net20Debug|Any CPU
		{BCE106B4-0C81-4705-8A9C-C4C4F5EAB702}.Net20Release|Any CPU.ActiveCfg = Net20Release|Any CPU
		{BCE106B4-0C81-4705-8A9C-C4C4F5EAB702}.Net20Release|Any CPU.Build.0 = Net20Release|Any CPU
		{BCE106B4-0C81-4705-8A9C-C4C4F5EAB702}.Net40Debug|Any CPU.ActiveCfg = Net40Debug|Any CPU
		{BCE106B4-0C81-4705-8A9C-C4C4F5EAB702}.Net40Debug|Any CPU.Build.0 = Net40Debug|Any CPU
		{BCE106B4-0C81-4705-8A9C-C4C4F5EAB702}.Net40Release|Any CPU.ActiveCfg = Net40Release|Any CPU
		{BCE106B4-0C81-4705-8A9C-C4C4F5EAB702}.Net40Release|Any CPU.Build.0 = Net40Release|Any CPU
		{BCE106B4-0C81-4705-8A9C-C4C4F5EAB702}.ToolsDebug|Any CPU.ActiveCfg = Win8Release|Any CPU
		{BCE106B4-0C81-4705-8A9C-C4C4F5EAB702}.Win8Debug|Any CPU.ActiveCfg = Win8Debug|Any CPU
		{BCE106B4-0C81-4705-8A9C-C4C4F5EAB702}.Win8DX11_2Debug|Any CPU.ActiveCfg = Win8DX11_2Debug|Any CPU
		{BCE106B4-0C81-4705-8A9C-C4C4F5EAB702}.Win8DX11_2Release|Any CPU.ActiveCfg = Win8DX11_2Release|Any CPU
		{BCE106B4-0C81-4705-8A9C-C4C4F5EAB702}.Win8Release|Any CPU.ActiveCfg = Win8Release|Any CPU
		{BCE106B4-0C81-4705-8A9C-C4C4F5EAB702}.WP8Debug|Any CPU.ActiveCfg = WP8Debug|Any CPU
		{BCE106B4-0C81-4705-8A9C-C4C4F5EAB702}.WP8Debug|Any CPU.Build.0 = WP8Debug|Any CPU
		{BCE106B4-0C81-4705-8A9C-C4C4F5EAB702}.WP8Release|Any CPU.ActiveCfg = WP8Release|Any CPU
		{BCE106B4-0C81-4705-8A9C-C4C4F5EAB702}.WP8Release|Any CPU.Build.0 = WP8Release|Any CPU
		{15BA35B5-3E54-4715-8857-36F4F96F51FB}.DIRECTX11_1Debug|Any CPU.ActiveCfg = Debug|Any CPU
		{15BA35B5-3E54-4715-8857-36F4F96F51FB}.DIRECTX11_1Debug|Any CPU.Build.0 = Debug|Any CPU
		{15BA35B5-3E54-4715-8857-36F4F96F51FB}.DIRECTX11_1Release|Any CPU.ActiveCfg = Release|Any CPU
		{15BA35B5-3E54-4715-8857-36F4F96F51FB}.DIRECTX11_1Release|Any CPU.Build.0 = Release|Any CPU
		{15BA35B5-3E54-4715-8857-36F4F96F51FB}.DIRECTX11_2Debug|Any CPU.ActiveCfg = Debug|Any CPU
		{15BA35B5-3E54-4715-8857-36F4F96F51FB}.DIRECTX11_2Debug|Any CPU.Build.0 = Debug|Any CPU
		{15BA35B5-3E54-4715-8857-36F4F96F51FB}.DIRECTX11_2Release|Any CPU.ActiveCfg = Release|Any CPU
		{15BA35B5-3E54-4715-8857-36F4F96F51FB}.DIRECTX11_2Release|Any CPU.Build.0 = Release|Any CPU
		{15BA35B5-3E54-4715-8857-36F4F96F51FB}.Net20Debug|Any CPU.ActiveCfg = Debug|Any CPU
		{15BA35B5-3E54-4715-8857-36F4F96F51FB}.Net20Debug|Any CPU.Build.0 = Debug|Any CPU
		{15BA35B5-3E54-4715-8857-36F4F96F51FB}.Net20Release|Any CPU.ActiveCfg = Release|Any CPU
		{15BA35B5-3E54-4715-8857-36F4F96F51FB}.Net20Release|Any CPU.Build.0 = Release|Any CPU
		{15BA35B5-3E54-4715-8857-36F4F96F51FB}.Net40Debug|Any CPU.ActiveCfg = Debug|Any CPU
		{15BA35B5-3E54-4715-8857-36F4F96F51FB}.Net40Debug|Any CPU.Build.0 = Debug|Any CPU
		{15BA35B5-3E54-4715-8857-36F4F96F51FB}.Net40Release|Any CPU.ActiveCfg = Release|Any CPU
		{15BA35B5-3E54-4715-8857-36F4F96F51FB}.Net40Release|Any CPU.Build.0 = Release|Any CPU
		{15BA35B5-3E54-4715-8857-36F4F96F51FB}.ToolsDebug|Any CPU.ActiveCfg = Debug|Any CPU
		{15BA35B5-3E54-4715-8857-36F4F96F51FB}.ToolsDebug|Any CPU.Build.0 = Debug|Any CPU
		{15BA35B5-3E54-4715-8857-36F4F96F51FB}.Win8Debug|Any CPU.ActiveCfg = Debug|Any CPU
		{15BA35B5-3E54-4715-8857-36F4F96F51FB}.Win8Debug|Any CPU.Build.0 = Debug|Any CPU
		{15BA35B5-3E54-4715-8857-36F4F96F51FB}.Win8DX11_2Debug|Any CPU.ActiveCfg = Debug|Any CPU
		{15BA35B5-3E54-4715-8857-36F4F96F51FB}.Win8DX11_2Debug|Any CPU.Build.0 = Debug|Any CPU
		{15BA35B5-3E54-4715-8857-36F4F96F51FB}.Win8DX11_2Release|Any CPU.ActiveCfg = Release|Any CPU
		{15BA35B5-3E54-4715-8857-36F4F96F51FB}.Win8DX11_2Release|Any CPU.Build.0 = Release|Any CPU
		{15BA35B5-3E54-4715-8857-36F4F96F51FB}.Win8Release|Any CPU.ActiveCfg = Release|Any CPU
		{15BA35B5-3E54-4715-8857-36F4F96F51FB}.Win8Release|Any CPU.Build.0 = Release|Any CPU
		{15BA35B5-3E54-4715-8857-36F4F96F51FB}.WP8Debug|Any CPU.ActiveCfg = Debug|Any CPU
		{15BA35B5-3E54-4715-8857-36F4F96F51FB}.WP8Debug|Any CPU.Build.0 = Debug|Any CPU
		{15BA35B5-3E54-4715-8857-36F4F96F51FB}.WP8Release|Any CPU.ActiveCfg = Release|Any CPU
		{15BA35B5-3E54-4715-8857-36F4F96F51FB}.WP8Release|Any CPU.Build.0 = Release|Any CPU
		{7329B02D-C504-482A-A156-181D48CE493C}.DIRECTX11_1Debug|Any CPU.ActiveCfg = DIRECTX11_1Debug|Any CPU
		{7329B02D-C504-482A-A156-181D48CE493C}.DIRECTX11_1Debug|Any CPU.Build.0 = DIRECTX11_1Debug|Any CPU
		{7329B02D-C504-482A-A156-181D48CE493C}.DIRECTX11_1Release|Any CPU.ActiveCfg = DIRECTX11_1Release|Any CPU
		{7329B02D-C504-482A-A156-181D48CE493C}.DIRECTX11_1Release|Any CPU.Build.0 = DIRECTX11_1Release|Any CPU
		{7329B02D-C504-482A-A156-181D48CE493C}.DIRECTX11_2Debug|Any CPU.ActiveCfg = DIRECTX11_2Debug|Any CPU
		{7329B02D-C504-482A-A156-181D48CE493C}.DIRECTX11_2Debug|Any CPU.Build.0 = DIRECTX11_2Debug|Any CPU
		{7329B02D-C504-482A-A156-181D48CE493C}.DIRECTX11_2Release|Any CPU.ActiveCfg = DIRECTX11_2Release|Any CPU
		{7329B02D-C504-482A-A156-181D48CE493C}.DIRECTX11_2Release|Any CPU.Build.0 = DIRECTX11_2Release|Any CPU
		{7329B02D-C504-482A-A156-181D48CE493C}.Net20Debug|Any CPU.ActiveCfg = Net20Debug|Any CPU
		{7329B02D-C504-482A-A156-181D48CE493C}.Net20Debug|Any CPU.Build.0 = Net20Debug|Any CPU
		{7329B02D-C504-482A-A156-181D48CE493C}.Net20Release|Any CPU.ActiveCfg = Net20Release|Any CPU
		{7329B02D-C504-482A-A156-181D48CE493C}.Net20Release|Any CPU.Build.0 = Net20Release|Any CPU
		{7329B02D-C504-482A-A156-181D48CE493C}.Net40Debug|Any CPU.ActiveCfg = Net40Debug|Any CPU
		{7329B02D-C504-482A-A156-181D48CE493C}.Net40Debug|Any CPU.Build.0 = Net40Debug|Any CPU
		{7329B02D-C504-482A-A156-181D48CE493C}.Net40Release|Any CPU.ActiveCfg = Net40Release|Any CPU
		{7329B02D-C504-482A-A156-181D48CE493C}.Net40Release|Any CPU.Build.0 = Net40Release|Any CPU
		{7329B02D-C504-482A-A156-181D48CE493C}.ToolsDebug|Any CPU.ActiveCfg = Win8Release|Any CPU
		{7329B02D-C504-482A-A156-181D48CE493C}.ToolsDebug|Any CPU.Build.0 = Win8Release|Any CPU
		{7329B02D-C504-482A-A156-181D48CE493C}.Win8Debug|Any CPU.ActiveCfg = Win8Debug|Any CPU
		{7329B02D-C504-482A-A156-181D48CE493C}.Win8DX11_2Debug|Any CPU.ActiveCfg = Win8DX11_2Debug|Any CPU
		{7329B02D-C504-482A-A156-181D48CE493C}.Win8DX11_2Release|Any CPU.ActiveCfg = Win8DX11_2Release|Any CPU
		{7329B02D-C504-482A-A156-181D48CE493C}.Win8Release|Any CPU.ActiveCfg = Win8Release|Any CPU
		{7329B02D-C504-482A-A156-181D48CE493C}.WP8Debug|Any CPU.ActiveCfg = WP8Debug|Any CPU
		{7329B02D-C504-482A-A156-181D48CE493C}.WP8Debug|Any CPU.Build.0 = WP8Debug|Any CPU
		{7329B02D-C504-482A-A156-181D48CE493C}.WP8Release|Any CPU.ActiveCfg = WP8Release|Any CPU
		{7329B02D-C504-482A-A156-181D48CE493C}.WP8Release|Any CPU.Build.0 = WP8Release|Any CPU
		{B2516A23-1A99-4263-964A-B820FD07FA80}.DIRECTX11_1Debug|Any CPU.ActiveCfg = DIRECTX11_1Debug|Any CPU
		{B2516A23-1A99-4263-964A-B820FD07FA80}.DIRECTX11_1Debug|Any CPU.Build.0 = DIRECTX11_1Debug|Any CPU
		{B2516A23-1A99-4263-964A-B820FD07FA80}.DIRECTX11_1Release|Any CPU.ActiveCfg = DIRECTX11_1Release|Any CPU
		{B2516A23-1A99-4263-964A-B820FD07FA80}.DIRECTX11_1Release|Any CPU.Build.0 = DIRECTX11_1Release|Any CPU
		{B2516A23-1A99-4263-964A-B820FD07FA80}.DIRECTX11_2Debug|Any CPU.ActiveCfg = DIRECTX11_2Debug|Any CPU
		{B2516A23-1A99-4263-964A-B820FD07FA80}.DIRECTX11_2Debug|Any CPU.Build.0 = DIRECTX11_2Debug|Any CPU
		{B2516A23-1A99-4263-964A-B820FD07FA80}.DIRECTX11_2Release|Any CPU.ActiveCfg = DIRECTX11_2Release|Any CPU
		{B2516A23-1A99-4263-964A-B820FD07FA80}.DIRECTX11_2Release|Any CPU.Build.0 = DIRECTX11_2Release|Any CPU
		{B2516A23-1A99-4263-964A-B820FD07FA80}.Net20Debug|Any CPU.ActiveCfg = Net20Debug|Any CPU
		{B2516A23-1A99-4263-964A-B820FD07FA80}.Net20Debug|Any CPU.Build.0 = Net20Debug|Any CPU
		{B2516A23-1A99-4263-964A-B820FD07FA80}.Net20Release|Any CPU.ActiveCfg = Net20Release|Any CPU
		{B2516A23-1A99-4263-964A-B820FD07FA80}.Net20Release|Any CPU.Build.0 = Net20Release|Any CPU
		{B2516A23-1A99-4263-964A-B820FD07FA80}.Net40Debug|Any CPU.ActiveCfg = Net40Debug|Any CPU
		{B2516A23-1A99-4263-964A-B820FD07FA80}.Net40Debug|Any CPU.Build.0 = Net40Debug|Any CPU
		{B2516A23-1A99-4263-964A-B820FD07FA80}.Net40Release|Any CPU.ActiveCfg = Net40Release|Any CPU
		{B2516A23-1A99-4263-964A-B820FD07FA80}.Net40Release|Any CPU.Build.0 = Net40Release|Any CPU
		{B2516A23-1A99-4263-964A-B820FD07FA80}.ToolsDebug|Any CPU.ActiveCfg = Release|Any CPU
		{B2516A23-1A99-4263-964A-B820FD07FA80}.Win8Debug|Any CPU.ActiveCfg = Win8Debug|Any CPU
		{B2516A23-1A99-4263-964A-B820FD07FA80}.Win8Debug|Any CPU.Build.0 = Win8Debug|Any CPU
		{B2516A23-1A99-4263-964A-B820FD07FA80}.Win8DX11_2Debug|Any CPU.ActiveCfg = Win8DX11_2Debug|Any CPU
		{B2516A23-1A99-4263-964A-B820FD07FA80}.Win8DX11_2Debug|Any CPU.Build.0 = Win8DX11_2Debug|Any CPU
		{B2516A23-1A99-4263-964A-B820FD07FA80}.Win8DX11_2Release|Any CPU.ActiveCfg = Win8DX11_2Release|Any CPU
		{B2516A23-1A99-4263-964A-B820FD07FA80}.Win8DX11_2Release|Any CPU.Build.0 = Win8DX11_2Release|Any CPU
		{B2516A23-1A99-4263-964A-B820FD07FA80}.Win8Release|Any CPU.ActiveCfg = Win8Release|Any CPU
		{B2516A23-1A99-4263-964A-B820FD07FA80}.Win8Release|Any CPU.Build.0 = Win8Release|Any CPU
		{B2516A23-1A99-4263-964A-B820FD07FA80}.WP8Debug|Any CPU.ActiveCfg = WP8Debug|Any CPU
		{B2516A23-1A99-4263-964A-B820FD07FA80}.WP8Debug|Any CPU.Build.0 = WP8Debug|Any CPU
		{B2516A23-1A99-4263-964A-B820FD07FA80}.WP8Release|Any CPU.ActiveCfg = WP8Release|Any CPU
		{B2516A23-1A99-4263-964A-B820FD07FA80}.WP8Release|Any CPU.Build.0 = WP8Release|Any CPU
		{46452614-6B06-400F-A74C-1632C79B762C}.DIRECTX11_1Debug|Any CPU.ActiveCfg = DIRECTX11_1Debug|Any CPU
		{46452614-6B06-400F-A74C-1632C79B762C}.DIRECTX11_1Debug|Any CPU.Build.0 = DIRECTX11_1Debug|Any CPU
		{46452614-6B06-400F-A74C-1632C79B762C}.DIRECTX11_1Release|Any CPU.ActiveCfg = DIRECTX11_1Release|Any CPU
		{46452614-6B06-400F-A74C-1632C79B762C}.DIRECTX11_1Release|Any CPU.Build.0 = DIRECTX11_1Release|Any CPU
		{46452614-6B06-400F-A74C-1632C79B762C}.DIRECTX11_2Debug|Any CPU.ActiveCfg = DIRECTX11_2Debug|Any CPU
		{46452614-6B06-400F-A74C-1632C79B762C}.DIRECTX11_2Debug|Any CPU.Build.0 = DIRECTX11_2Debug|Any CPU
		{46452614-6B06-400F-A74C-1632C79B762C}.DIRECTX11_2Release|Any CPU.ActiveCfg = DIRECTX11_2Release|Any CPU
		{46452614-6B06-400F-A74C-1632C79B762C}.DIRECTX11_2Release|Any CPU.Build.0 = DIRECTX11_2Release|Any CPU
		{46452614-6B06-400F-A74C-1632C79B762C}.Net20Debug|Any CPU.ActiveCfg = Net20Debug|Any CPU
		{46452614-6B06-400F-A74C-1632C79B762C}.Net20Debug|Any CPU.Build.0 = Net20Debug|Any CPU
		{46452614-6B06-400F-A74C-1632C79B762C}.Net20Release|Any CPU.ActiveCfg = Net20Release|Any CPU
		{46452614-6B06-400F-A74C-1632C79B762C}.Net20Release|Any CPU.Build.0 = Net20Release|Any CPU
		{46452614-6B06-400F-A74C-1632C79B762C}.Net40Debug|Any CPU.ActiveCfg = Net40Debug|Any CPU
		{46452614-6B06-400F-A74C-1632C79B762C}.Net40Debug|Any CPU.Build.0 = Net40Debug|Any CPU
		{46452614-6B06-400F-A74C-1632C79B762C}.Net40Release|Any CPU.ActiveCfg = Net40Release|Any CPU
		{46452614-6B06-400F-A74C-1632C79B762C}.Net40Release|Any CPU.Build.0 = Net40Release|Any CPU
		{46452614-6B06-400F-A74C-1632C79B762C}.ToolsDebug|Any CPU.ActiveCfg = Win8Release|Any CPU
		{46452614-6B06-400F-A74C-1632C79B762C}.Win8Debug|Any CPU.ActiveCfg = Win8Debug|Any CPU
		{46452614-6B06-400F-A74C-1632C79B762C}.Win8Debug|Any CPU.Build.0 = Win8Debug|Any CPU
		{46452614-6B06-400F-A74C-1632C79B762C}.Win8DX11_2Debug|Any CPU.ActiveCfg = Win8DX11_2Debug|Any CPU
		{46452614-6B06-400F-A74C-1632C79B762C}.Win8DX11_2Debug|Any CPU.Build.0 = Win8DX11_2Debug|Any CPU
		{46452614-6B06-400F-A74C-1632C79B762C}.Win8DX11_2Release|Any CPU.ActiveCfg = Win8DX11_2Release|Any CPU
		{46452614-6B06-400F-A74C-1632C79B762C}.Win8DX11_2Release|Any CPU.Build.0 = Win8DX11_2Release|Any CPU
		{46452614-6B06-400F-A74C-1632C79B762C}.Win8Release|Any CPU.ActiveCfg = Win8Release|Any CPU
		{46452614-6B06-400F-A74C-1632C79B762C}.Win8Release|Any CPU.Build.0 = Win8Release|Any CPU
		{46452614-6B06-400F-A74C-1632C79B762C}.WP8Debug|Any CPU.ActiveCfg = WP8Debug|Any CPU
		{46452614-6B06-400F-A74C-1632C79B762C}.WP8Debug|Any CPU.Build.0 = WP8Debug|Any CPU
		{46452614-6B06-400F-A74C-1632C79B762C}.WP8Release|Any CPU.ActiveCfg = WP8Release|Any CPU
		{46452614-6B06-400F-A74C-1632C79B762C}.WP8Release|Any CPU.Build.0 = WP8Release|Any CPU
		{90F4C7BC-7A08-4C0F-A5D7-ED9D1D3900D4}.DIRECTX11_1Debug|Any CPU.ActiveCfg = DIRECTX11_1Debug|Any CPU
		{90F4C7BC-7A08-4C0F-A5D7-ED9D1D3900D4}.DIRECTX11_1Debug|Any CPU.Build.0 = DIRECTX11_1Debug|Any CPU
		{90F4C7BC-7A08-4C0F-A5D7-ED9D1D3900D4}.DIRECTX11_1Release|Any CPU.ActiveCfg = DIRECTX11_1Release|Any CPU
		{90F4C7BC-7A08-4C0F-A5D7-ED9D1D3900D4}.DIRECTX11_1Release|Any CPU.Build.0 = DIRECTX11_1Release|Any CPU
		{90F4C7BC-7A08-4C0F-A5D7-ED9D1D3900D4}.DIRECTX11_2Debug|Any CPU.ActiveCfg = DIRECTX11_2Debug|Any CPU
		{90F4C7BC-7A08-4C0F-A5D7-ED9D1D3900D4}.DIRECTX11_2Debug|Any CPU.Build.0 = DIRECTX11_2Debug|Any CPU
		{90F4C7BC-7A08-4C0F-A5D7-ED9D1D3900D4}.DIRECTX11_2Release|Any CPU.ActiveCfg = DIRECTX11_2Release|Any CPU
		{90F4C7BC-7A08-4C0F-A5D7-ED9D1D3900D4}.DIRECTX11_2Release|Any CPU.Build.0 = DIRECTX11_2Release|Any CPU
		{90F4C7BC-7A08-4C0F-A5D7-ED9D1D3900D4}.Net20Debug|Any CPU.ActiveCfg = Net20Debug|Any CPU
		{90F4C7BC-7A08-4C0F-A5D7-ED9D1D3900D4}.Net20Release|Any CPU.ActiveCfg = Net20Release|Any CPU
		{90F4C7BC-7A08-4C0F-A5D7-ED9D1D3900D4}.Net40Debug|Any CPU.ActiveCfg = Net40Debug|Any CPU
		{90F4C7BC-7A08-4C0F-A5D7-ED9D1D3900D4}.Net40Debug|Any CPU.Build.0 = Net40Debug|Any CPU
		{90F4C7BC-7A08-4C0F-A5D7-ED9D1D3900D4}.Net40Release|Any CPU.ActiveCfg = Net40Release|Any CPU
		{90F4C7BC-7A08-4C0F-A5D7-ED9D1D3900D4}.Net40Release|Any CPU.Build.0 = Net40Release|Any CPU
		{90F4C7BC-7A08-4C0F-A5D7-ED9D1D3900D4}.ToolsDebug|Any CPU.ActiveCfg = Release|Any CPU
		{90F4C7BC-7A08-4C0F-A5D7-ED9D1D3900D4}.Win8Debug|Any CPU.ActiveCfg = Win8Debug|Any CPU
		{90F4C7BC-7A08-4C0F-A5D7-ED9D1D3900D4}.Win8DX11_2Debug|Any CPU.ActiveCfg = Win8DX11_2Debug|Any CPU
		{90F4C7BC-7A08-4C0F-A5D7-ED9D1D3900D4}.Win8DX11_2Release|Any CPU.ActiveCfg = Win8DX11_2Release|Any CPU
		{90F4C7BC-7A08-4C0F-A5D7-ED9D1D3900D4}.Win8Release|Any CPU.ActiveCfg = Win8Release|Any CPU
		{90F4C7BC-7A08-4C0F-A5D7-ED9D1D3900D4}.WP8Debug|Any CPU.ActiveCfg = WP8Debug|Any CPU
		{90F4C7BC-7A08-4C0F-A5D7-ED9D1D3900D4}.WP8Release|Any CPU.ActiveCfg = WP8Release|Any CPU
		{76FD0713-F217-4485-89B3-C6423DB46C58}.DIRECTX11_1Debug|Any CPU.ActiveCfg = DIRECTX11_1Debug|Any CPU
		{76FD0713-F217-4485-89B3-C6423DB46C58}.DIRECTX11_1Debug|Any CPU.Build.0 = DIRECTX11_1Debug|Any CPU
		{76FD0713-F217-4485-89B3-C6423DB46C58}.DIRECTX11_1Release|Any CPU.ActiveCfg = DIRECTX11_1Release|Any CPU
		{76FD0713-F217-4485-89B3-C6423DB46C58}.DIRECTX11_1Release|Any CPU.Build.0 = DIRECTX11_1Release|Any CPU
		{76FD0713-F217-4485-89B3-C6423DB46C58}.DIRECTX11_2Debug|Any CPU.ActiveCfg = DIRECTX11_2Debug|Any CPU
		{76FD0713-F217-4485-89B3-C6423DB46C58}.DIRECTX11_2Debug|Any CPU.Build.0 = DIRECTX11_2Debug|Any CPU
		{76FD0713-F217-4485-89B3-C6423DB46C58}.DIRECTX11_2Release|Any CPU.ActiveCfg = DIRECTX11_2Release|Any CPU
		{76FD0713-F217-4485-89B3-C6423DB46C58}.DIRECTX11_2Release|Any CPU.Build.0 = DIRECTX11_2Release|Any CPU
		{76FD0713-F217-4485-89B3-C6423DB46C58}.Net20Debug|Any CPU.ActiveCfg = Net20Debug|Any CPU
		{76FD0713-F217-4485-89B3-C6423DB46C58}.Net20Debug|Any CPU.Build.0 = Net20Debug|Any CPU
		{76FD0713-F217-4485-89B3-C6423DB46C58}.Net20Release|Any CPU.ActiveCfg = Net20Release|Any CPU
		{76FD0713-F217-4485-89B3-C6423DB46C58}.Net20Release|Any CPU.Build.0 = Net20Release|Any CPU
		{76FD0713-F217-4485-89B3-C6423DB46C58}.Net40Debug|Any CPU.ActiveCfg = Net40Debug|Any CPU
		{76FD0713-F217-4485-89B3-C6423DB46C58}.Net40Debug|Any CPU.Build.0 = Net40Debug|Any CPU
		{76FD0713-F217-4485-89B3-C6423DB46C58}.Net40Release|Any CPU.ActiveCfg = Net40Release|Any CPU
		{76FD0713-F217-4485-89B3-C6423DB46C58}.Net40Release|Any CPU.Build.0 = Net40Release|Any CPU
		{76FD0713-F217-4485-89B3-C6423DB46C58}.ToolsDebug|Any CPU.ActiveCfg = Win8Release|Any CPU
		{76FD0713-F217-4485-89B3-C6423DB46C58}.Win8Debug|Any CPU.ActiveCfg = Win8Debug|Any CPU
		{76FD0713-F217-4485-89B3-C6423DB46C58}.Win8DX11_2Debug|Any CPU.ActiveCfg = Win8DX11_2Debug|Any CPU
		{76FD0713-F217-4485-89B3-C6423DB46C58}.Win8DX11_2Release|Any CPU.ActiveCfg = Win8DX11_2Release|Any CPU
		{76FD0713-F217-4485-89B3-C6423DB46C58}.Win8Release|Any CPU.ActiveCfg = Win8Release|Any CPU
		{76FD0713-F217-4485-89B3-C6423DB46C58}.WP8Debug|Any CPU.ActiveCfg = Win8Debug|Any CPU
		{76FD0713-F217-4485-89B3-C6423DB46C58}.WP8Release|Any CPU.ActiveCfg = Win8Debug|Any CPU
	EndGlobalSection
	GlobalSection(SolutionProperties) = preSolution
		HideSolutionNode = FALSE
	EndGlobalSection
	GlobalSection(NestedProjects) = preSolution
		{D0BCD56A-41C4-4A4E-8590-26864CED07FF} = {CC8DB471-0644-430D-9D4B-808A2475BEC0}
		{361D3F81-A48A-47F2-80DF-CA4F9536CB4E} = {CC8DB471-0644-430D-9D4B-808A2475BEC0}
		{C97878F4-1510-4BBA-8153-BD71DA7D50D8} = {CC8DB471-0644-430D-9D4B-808A2475BEC0}
		{618AFA87-81A8-4B1C-8876-5457D49F2DEF} = {CC8DB471-0644-430D-9D4B-808A2475BEC0}
		{736DFB52-1AFE-4EFF-9710-89046AB5B1F9} = {CC8DB471-0644-430D-9D4B-808A2475BEC0}
		{E927F2D5-8E27-462A-8687-CB207EE01164} = {CC8DB471-0644-430D-9D4B-808A2475BEC0}
		{3FC6DE77-B412-4101-9E64-6B9AA831179B} = {CC8DB471-0644-430D-9D4B-808A2475BEC0}
		{4995127E-0B8E-45B8-80C4-6BAC1BBE3783} = {CC8DB471-0644-430D-9D4B-808A2475BEC0}
		{B4D984DF-85B8-4BBF-8C3B-5CEF905F40D9} = {CC8DB471-0644-430D-9D4B-808A2475BEC0}
		{112F146B-7C01-490B-B943-EA9341ACCAF2} = {CC8DB471-0644-430D-9D4B-808A2475BEC0}
		{4939860C-5D5B-4D56-89C8-1980A9EBB392} = {CC8DB471-0644-430D-9D4B-808A2475BEC0}
		{05D17A7B-F200-48C0-B8F9-B7211665A17F} = {CC8DB471-0644-430D-9D4B-808A2475BEC0}
		{764D7CE5-F78B-432E-A849-E40BA44522D6} = {CC8DB471-0644-430D-9D4B-808A2475BEC0}
		{874DEC63-9AB9-4A09-B1EA-E8FB1F1B68A1} = {CC8DB471-0644-430D-9D4B-808A2475BEC0}
		{CA21A201-078B-4EBE-A2AB-C3B1FFEC99F9} = {CC8DB471-0644-430D-9D4B-808A2475BEC0}
		{BBB50A46-3291-4C62-B884-D1AB64F71EA5} = {CC8DB471-0644-430D-9D4B-808A2475BEC0}
		{4E2D9A17-2195-4A51-AAE3-924517440293} = {F1AF9A3B-7856-46C9-992A-391E5455BF1F}
		{31F85A16-CB01-4456-BE3C-76E9FF3A1343} = {F1AF9A3B-7856-46C9-992A-391E5455BF1F}
		{5E597A82-9DE9-4BA5-AD76-51202190E951} = {F1AF9A3B-7856-46C9-992A-391E5455BF1F}
		{15BA35B5-3E54-4715-8857-36F4F96F51FB} = {F1AF9A3B-7856-46C9-992A-391E5455BF1F}
		{9AA405CA-B7FD-44D0-9EBC-21F5D0F44DEB} = {57C5C966-ADB2-43F2-BB54-99BCB56C9F10}
		{931FA266-E756-41CA-9736-8B29235DC999} = {1B526C0E-EE4A-4E8F-BF8F-8C7397FB4918}
		{4E0E6A4D-930D-4660-8DE0-E30FF1F9F4A9} = {1B526C0E-EE4A-4E8F-BF8F-8C7397FB4918}
		{53EF08A7-4224-434C-A62C-F29807C1C750} = {529B140D-B91D-49EA-B173-9ADD6AB2A2A3}
		{9FF0707C-75BB-4984-A01F-B9EAAD293F6C} = {529B140D-B91D-49EA-B173-9ADD6AB2A2A3}
		{8BFFF9D1-84EC-4FBA-9BEB-710ECF1857A8} = {529B140D-B91D-49EA-B173-9ADD6AB2A2A3}
		{BCE106B4-0C81-4705-8A9C-C4C4F5EAB702} = {529B140D-B91D-49EA-B173-9ADD6AB2A2A3}
		{7329B02D-C504-482A-A156-181D48CE493C} = {529B140D-B91D-49EA-B173-9ADD6AB2A2A3}
		{B2516A23-1A99-4263-964A-B820FD07FA80} = {529B140D-B91D-49EA-B173-9ADD6AB2A2A3}
		{46452614-6B06-400F-A74C-1632C79B762C} = {529B140D-B91D-49EA-B173-9ADD6AB2A2A3}
		{90F4C7BC-7A08-4C0F-A5D7-ED9D1D3900D4} = {529B140D-B91D-49EA-B173-9ADD6AB2A2A3}
		{76FD0713-F217-4485-89B3-C6423DB46C58} = {529B140D-B91D-49EA-B173-9ADD6AB2A2A3}
	EndGlobalSection
EndGlobal
