
Microsoft Visual Studio Solution File, Format Version 12.00
# Visual Studio 15
VisualStudioVersion = 15.0.27130.0
MinimumVisualStudioVersion = 10.0.40219.1
Project("{2150E333-8FDC-42A3-9474-1A3956D46DE8}") = "Sources", "Sources", "{CC8DB471-0644-430D-9D4B-808A2475BEC0}"
	ProjectSection(SolutionItems) = preProject
		Source\Mapping.Direct3D1x.xml = Source\Mapping.Direct3D1x.xml
		Source\Mapping.xml = Source\Mapping.xml
		Source\MappingFiles.props = Source\MappingFiles.props
		Source\SharedAssemblyInfo.cs = Source\SharedAssemblyInfo.cs
	EndProjectSection
EndProject
Project("{2150E333-8FDC-42A3-9474-1A3956D46DE8}") = "Tools", "Tools", "{F1AF9A3B-7856-46C9-992A-391E5455BF1F}"
EndProject
Project("{9A19103F-16F7-4668-BE54-9A1E7A4F7556}") = "SharpDX", "Source\SharpDX\SharpDX.csproj", "{D0BCD56A-41C4-4A4E-8590-26864CED07FF}"
EndProject
Project("{9A19103F-16F7-4668-BE54-9A1E7A4F7556}") = "SharpDX.D3DCompiler", "Source\SharpDX.D3DCompiler\SharpDX.D3DCompiler.csproj", "{361D3F81-A48A-47F2-80DF-CA4F9536CB4E}"
EndProject
Project("{9A19103F-16F7-4668-BE54-9A1E7A4F7556}") = "SharpDX.Direct2D1", "Source\SharpDX.Direct2D1\SharpDX.Direct2D1.csproj", "{C97878F4-1510-4BBA-8153-BD71DA7D50D8}"
EndProject
Project("{9A19103F-16F7-4668-BE54-9A1E7A4F7556}") = "SharpDX.Direct3D11", "Source\SharpDX.Direct3D11\SharpDX.Direct3D11.csproj", "{736DFB52-1AFE-4EFF-9710-89046AB5B1F9}"
EndProject
Project("{9A19103F-16F7-4668-BE54-9A1E7A4F7556}") = "SharpDX.DirectSound", "Source\SharpDX.DirectSound\SharpDX.DirectSound.csproj", "{E927F2D5-8E27-462A-8687-CB207EE01164}"
EndProject
Project("{9A19103F-16F7-4668-BE54-9A1E7A4F7556}") = "SharpDX.DXGI", "Source\SharpDX.DXGI\SharpDX.DXGI.csproj", "{3FC6DE77-B412-4101-9E64-6B9AA831179B}"
EndProject
Project("{9A19103F-16F7-4668-BE54-9A1E7A4F7556}") = "SharpDX.XAudio2", "Source\SharpDX.XAudio2\SharpDX.XAudio2.csproj", "{4995127E-0B8E-45B8-80C4-6BAC1BBE3783}"
EndProject
Project("{9A19103F-16F7-4668-BE54-9A1E7A4F7556}") = "SharpDX.Direct3D9", "Source\SharpDX.Direct3D9\SharpDX.Direct3D9.csproj", "{B4D984DF-85B8-4BBF-8C3B-5CEF905F40D9}"
EndProject
Project("{9A19103F-16F7-4668-BE54-9A1E7A4F7556}") = "SharpDX.DirectInput", "Source\SharpDX.DirectInput\SharpDX.DirectInput.csproj", "{112F146B-7C01-490B-B943-EA9341ACCAF2}"
EndProject
Project("{FAE04EC0-301F-11D3-BF4B-00C04F79EFBC}") = "SharpPak", "Source\Tools\SharpPak\SharpPak.csproj", "{5E597A82-9DE9-4BA5-AD76-51202190E951}"
EndProject
Project("{FAE04EC0-301F-11D3-BF4B-00C04F79EFBC}") = "Documentation", "Documentation\Documentation.csproj", "{9AA405CA-B7FD-44D0-9EBC-21F5D0F44DEB}"
EndProject
Project("{2150E333-8FDC-42A3-9474-1A3956D46DE8}") = "Documentation", "Documentation", "{57C5C966-ADB2-43F2-BB54-99BCB56C9F10}"
	ProjectSection(SolutionItems) = preProject
		ChangeLog.txt = ChangeLog.txt
		README.markdown = README.markdown
		ReleaseNotes.html = ReleaseNotes.html
	EndProjectSection
EndProject
Project("{2150E333-8FDC-42A3-9474-1A3956D46DE8}") = "Tests", "Tests", "{1B526C0E-EE4A-4E8F-BF8F-8C7397FB4918}"
EndProject
Project("{9A19103F-16F7-4668-BE54-9A1E7A4F7556}") = "SharpDX.RawInput", "Source\SharpDX.RawInput\SharpDX.RawInput.csproj", "{05D17A7B-F200-48C0-B8F9-B7211665A17F}"
EndProject
Project("{9A19103F-16F7-4668-BE54-9A1E7A4F7556}") = "SharpDX.XInput", "Source\SharpDX.XInput\SharpDX.XInput.csproj", "{764D7CE5-F78B-432E-A849-E40BA44522D6}"
EndProject
Project("{FAE04EC0-301F-11D3-BF4B-00C04F79EFBC}") = "SharpDX.Tests", "Source\Tests\SharpDX.Tests\SharpDX.Tests.csproj", "{931FA266-E756-41CA-9736-8B29235DC999}"
EndProject
Project("{9A19103F-16F7-4668-BE54-9A1E7A4F7556}") = "SharpDX.Animation", "Source\SharpDX.Animation\SharpDX.Animation.csproj", "{874DEC63-9AB9-4A09-B1EA-E8FB1F1B68A1}"
EndProject
Project("{9A19103F-16F7-4668-BE54-9A1E7A4F7556}") = "SharpDX.MediaFoundation", "Source\SharpDX.MediaFoundation\SharpDX.MediaFoundation.csproj", "{CA21A201-078B-4EBE-A2AB-C3B1FFEC99F9}"
EndProject
Project("{9A19103F-16F7-4668-BE54-9A1E7A4F7556}") = "SharpDX.Direct3D11.Effects", "Source\SharpDX.Direct3D11.Effects\SharpDX.Direct3D11.Effects.csproj", "{BBB50A46-3291-4C62-B884-D1AB64F71EA5}"
EndProject
Project("{FAE04EC0-301F-11D3-BF4B-00C04F79EFBC}") = "SharpGitLog", "Source\Tools\SharpGitLog\SharpGitLog.csproj", "{15BA35B5-3E54-4715-8857-36F4F96F51FB}"
EndProject
Project("{9A19103F-16F7-4668-BE54-9A1E7A4F7556}") = "SharpDX.DirectComposition", "Source\SharpDX.DirectComposition\SharpDX.DirectComposition.csproj", "{FBE5DD99-00A0-4FED-A116-941A46A0C0D0}"
EndProject
Project("{9A19103F-16F7-4668-BE54-9A1E7A4F7556}") = "SharpDX.DirectManipulation", "Source\SharpDX.DirectManipulation\SharpDX.DirectManipulation.csproj", "{F826CCCE-4B72-47F4-9493-DFCB51C106B7}"
EndProject
Project("{9A19103F-16F7-4668-BE54-9A1E7A4F7556}") = "SharpDX.Mathematics", "Source\SharpDX.Mathematics\SharpDX.Mathematics.csproj", "{49E4485F-3A2A-4C35-A159-12ECCFC00396}"
EndProject
Project("{9A19103F-16F7-4668-BE54-9A1E7A4F7556}") = "SharpDX.Direct3D12", "Source\SharpDX.Direct3D12\SharpDX.Direct3D12.csproj", "{E5BB5D1C-6C07-495B-923B-FB80B79C535E}"
EndProject
Project("{9A19103F-16F7-4668-BE54-9A1E7A4F7556}") = "SharpDX.Desktop", "Source\SharpDX.Desktop\SharpDX.Desktop.csproj", "{5F8DB9E8-FFAE-475F-AC2E-FE2DC5B15A1B}"
EndProject
Project("{9A19103F-16F7-4668-BE54-9A1E7A4F7556}") = "SharpDX.Direct3D10", "Source\SharpDX.Direct3D10\SharpDX.Direct3D10.csproj", "{618AFA87-81A8-4B1C-8876-5457D49F2DEF}"
EndProject
Project("{2150E333-8FDC-42A3-9474-1A3956D46DE8}") = "Build", "Build", "{3EF31A42-4EEF-44AC-8D18-D036D080A955}"
	ProjectSection(SolutionItems) = preProject
		Source\Directory.build.props = Source\Directory.build.props
		Source\Directory.build.targets = Source\Directory.build.targets
	EndProjectSection
EndProject
Global
	GlobalSection(SolutionConfigurationPlatforms) = preSolution
		Debug|Any CPU = Debug|Any CPU
		Release|Any CPU = Release|Any CPU
	EndGlobalSection
	GlobalSection(ProjectConfigurationPlatforms) = postSolution
		{D0BCD56A-41C4-4A4E-8590-26864CED07FF}.Debug|Any CPU.ActiveCfg = Debug|Any CPU
		{D0BCD56A-41C4-4A4E-8590-26864CED07FF}.Debug|Any CPU.Build.0 = Debug|Any CPU
		{D0BCD56A-41C4-4A4E-8590-26864CED07FF}.Release|Any CPU.ActiveCfg = Release|Any CPU
		{D0BCD56A-41C4-4A4E-8590-26864CED07FF}.Release|Any CPU.Build.0 = Release|Any CPU
		{361D3F81-A48A-47F2-80DF-CA4F9536CB4E}.Debug|Any CPU.ActiveCfg = Debug|Any CPU
		{361D3F81-A48A-47F2-80DF-CA4F9536CB4E}.Debug|Any CPU.Build.0 = Debug|Any CPU
		{361D3F81-A48A-47F2-80DF-CA4F9536CB4E}.Release|Any CPU.ActiveCfg = Release|Any CPU
		{361D3F81-A48A-47F2-80DF-CA4F9536CB4E}.Release|Any CPU.Build.0 = Release|Any CPU
		{C97878F4-1510-4BBA-8153-BD71DA7D50D8}.Debug|Any CPU.ActiveCfg = Debug|Any CPU
		{C97878F4-1510-4BBA-8153-BD71DA7D50D8}.Debug|Any CPU.Build.0 = Debug|Any CPU
		{C97878F4-1510-4BBA-8153-BD71DA7D50D8}.Release|Any CPU.ActiveCfg = Release|Any CPU
		{C97878F4-1510-4BBA-8153-BD71DA7D50D8}.Release|Any CPU.Build.0 = Release|Any CPU
		{736DFB52-1AFE-4EFF-9710-89046AB5B1F9}.Debug|Any CPU.ActiveCfg = Debug|Any CPU
		{736DFB52-1AFE-4EFF-9710-89046AB5B1F9}.Debug|Any CPU.Build.0 = Debug|Any CPU
		{736DFB52-1AFE-4EFF-9710-89046AB5B1F9}.Release|Any CPU.ActiveCfg = Release|Any CPU
		{736DFB52-1AFE-4EFF-9710-89046AB5B1F9}.Release|Any CPU.Build.0 = Release|Any CPU
		{E927F2D5-8E27-462A-8687-CB207EE01164}.Debug|Any CPU.ActiveCfg = Debug|Any CPU
		{E927F2D5-8E27-462A-8687-CB207EE01164}.Debug|Any CPU.Build.0 = Debug|Any CPU
		{E927F2D5-8E27-462A-8687-CB207EE01164}.Release|Any CPU.ActiveCfg = Release|Any CPU
		{E927F2D5-8E27-462A-8687-CB207EE01164}.Release|Any CPU.Build.0 = Release|Any CPU
		{3FC6DE77-B412-4101-9E64-6B9AA831179B}.Debug|Any CPU.ActiveCfg = Debug|Any CPU
		{3FC6DE77-B412-4101-9E64-6B9AA831179B}.Debug|Any CPU.Build.0 = Debug|Any CPU
		{3FC6DE77-B412-4101-9E64-6B9AA831179B}.Release|Any CPU.ActiveCfg = Release|Any CPU
		{3FC6DE77-B412-4101-9E64-6B9AA831179B}.Release|Any CPU.Build.0 = Release|Any CPU
		{4995127E-0B8E-45B8-80C4-6BAC1BBE3783}.Debug|Any CPU.ActiveCfg = Debug|Any CPU
		{4995127E-0B8E-45B8-80C4-6BAC1BBE3783}.Debug|Any CPU.Build.0 = Debug|Any CPU
		{4995127E-0B8E-45B8-80C4-6BAC1BBE3783}.Release|Any CPU.ActiveCfg = Release|Any CPU
		{4995127E-0B8E-45B8-80C4-6BAC1BBE3783}.Release|Any CPU.Build.0 = Release|Any CPU
		{B4D984DF-85B8-4BBF-8C3B-5CEF905F40D9}.Debug|Any CPU.ActiveCfg = Debug|Any CPU
		{B4D984DF-85B8-4BBF-8C3B-5CEF905F40D9}.Debug|Any CPU.Build.0 = Debug|Any CPU
		{B4D984DF-85B8-4BBF-8C3B-5CEF905F40D9}.Release|Any CPU.ActiveCfg = Release|Any CPU
		{B4D984DF-85B8-4BBF-8C3B-5CEF905F40D9}.Release|Any CPU.Build.0 = Release|Any CPU
		{112F146B-7C01-490B-B943-EA9341ACCAF2}.Debug|Any CPU.ActiveCfg = Debug|Any CPU
		{112F146B-7C01-490B-B943-EA9341ACCAF2}.Debug|Any CPU.Build.0 = Debug|Any CPU
		{112F146B-7C01-490B-B943-EA9341ACCAF2}.Release|Any CPU.ActiveCfg = Release|Any CPU
		{112F146B-7C01-490B-B943-EA9341ACCAF2}.Release|Any CPU.Build.0 = Release|Any CPU
		{5E597A82-9DE9-4BA5-AD76-51202190E951}.Debug|Any CPU.ActiveCfg = Debug|Any CPU
		{5E597A82-9DE9-4BA5-AD76-51202190E951}.Debug|Any CPU.Build.0 = Debug|Any CPU
		{5E597A82-9DE9-4BA5-AD76-51202190E951}.Release|Any CPU.ActiveCfg = Release|Any CPU
		{5E597A82-9DE9-4BA5-AD76-51202190E951}.Release|Any CPU.Build.0 = Release|Any CPU
		{9AA405CA-B7FD-44D0-9EBC-21F5D0F44DEB}.Debug|Any CPU.ActiveCfg = Debug|Any CPU
		{9AA405CA-B7FD-44D0-9EBC-21F5D0F44DEB}.Debug|Any CPU.Build.0 = Debug|Any CPU
		{9AA405CA-B7FD-44D0-9EBC-21F5D0F44DEB}.Release|Any CPU.ActiveCfg = Release|Any CPU
		{9AA405CA-B7FD-44D0-9EBC-21F5D0F44DEB}.Release|Any CPU.Build.0 = Release|Any CPU
		{05D17A7B-F200-48C0-B8F9-B7211665A17F}.Debug|Any CPU.ActiveCfg = Debug|Any CPU
		{05D17A7B-F200-48C0-B8F9-B7211665A17F}.Debug|Any CPU.Build.0 = Debug|Any CPU
		{05D17A7B-F200-48C0-B8F9-B7211665A17F}.Release|Any CPU.ActiveCfg = Release|Any CPU
		{05D17A7B-F200-48C0-B8F9-B7211665A17F}.Release|Any CPU.Build.0 = Release|Any CPU
		{764D7CE5-F78B-432E-A849-E40BA44522D6}.Debug|Any CPU.ActiveCfg = Debug|Any CPU
		{764D7CE5-F78B-432E-A849-E40BA44522D6}.Debug|Any CPU.Build.0 = Debug|Any CPU
		{764D7CE5-F78B-432E-A849-E40BA44522D6}.Release|Any CPU.ActiveCfg = Release|Any CPU
		{764D7CE5-F78B-432E-A849-E40BA44522D6}.Release|Any CPU.Build.0 = Release|Any CPU
		{931FA266-E756-41CA-9736-8B29235DC999}.Debug|Any CPU.ActiveCfg = Debug|Any CPU
		{931FA266-E756-41CA-9736-8B29235DC999}.Debug|Any CPU.Build.0 = Debug|Any CPU
		{931FA266-E756-41CA-9736-8B29235DC999}.Release|Any CPU.ActiveCfg = Release|Any CPU
		{874DEC63-9AB9-4A09-B1EA-E8FB1F1B68A1}.Debug|Any CPU.ActiveCfg = Debug|Any CPU
		{874DEC63-9AB9-4A09-B1EA-E8FB1F1B68A1}.Debug|Any CPU.Build.0 = Debug|Any CPU
		{874DEC63-9AB9-4A09-B1EA-E8FB1F1B68A1}.Release|Any CPU.ActiveCfg = Release|Any CPU
		{874DEC63-9AB9-4A09-B1EA-E8FB1F1B68A1}.Release|Any CPU.Build.0 = Release|Any CPU
		{CA21A201-078B-4EBE-A2AB-C3B1FFEC99F9}.Debug|Any CPU.ActiveCfg = Debug|Any CPU
		{CA21A201-078B-4EBE-A2AB-C3B1FFEC99F9}.Debug|Any CPU.Build.0 = Debug|Any CPU
		{CA21A201-078B-4EBE-A2AB-C3B1FFEC99F9}.Release|Any CPU.ActiveCfg = Release|Any CPU
		{CA21A201-078B-4EBE-A2AB-C3B1FFEC99F9}.Release|Any CPU.Build.0 = Release|Any CPU
		{BBB50A46-3291-4C62-B884-D1AB64F71EA5}.Debug|Any CPU.ActiveCfg = Debug|Any CPU
		{BBB50A46-3291-4C62-B884-D1AB64F71EA5}.Debug|Any CPU.Build.0 = Debug|Any CPU
		{BBB50A46-3291-4C62-B884-D1AB64F71EA5}.Release|Any CPU.ActiveCfg = Release|Any CPU
		{BBB50A46-3291-4C62-B884-D1AB64F71EA5}.Release|Any CPU.Build.0 = Release|Any CPU
		{15BA35B5-3E54-4715-8857-36F4F96F51FB}.Debug|Any CPU.ActiveCfg = Debug|Any CPU
		{15BA35B5-3E54-4715-8857-36F4F96F51FB}.Debug|Any CPU.Build.0 = Debug|Any CPU
		{15BA35B5-3E54-4715-8857-36F4F96F51FB}.Release|Any CPU.ActiveCfg = Release|Any CPU
		{15BA35B5-3E54-4715-8857-36F4F96F51FB}.Release|Any CPU.Build.0 = Release|Any CPU
		{FBE5DD99-00A0-4FED-A116-941A46A0C0D0}.Debug|Any CPU.ActiveCfg = Debug|Any CPU
		{FBE5DD99-00A0-4FED-A116-941A46A0C0D0}.Debug|Any CPU.Build.0 = Debug|Any CPU
		{FBE5DD99-00A0-4FED-A116-941A46A0C0D0}.Release|Any CPU.ActiveCfg = Release|Any CPU
		{FBE5DD99-00A0-4FED-A116-941A46A0C0D0}.Release|Any CPU.Build.0 = Release|Any CPU
		{F826CCCE-4B72-47F4-9493-DFCB51C106B7}.Debug|Any CPU.ActiveCfg = Debug|Any CPU
		{F826CCCE-4B72-47F4-9493-DFCB51C106B7}.Debug|Any CPU.Build.0 = Debug|Any CPU
		{F826CCCE-4B72-47F4-9493-DFCB51C106B7}.Release|Any CPU.ActiveCfg = Release|Any CPU
		{F826CCCE-4B72-47F4-9493-DFCB51C106B7}.Release|Any CPU.Build.0 = Release|Any CPU
		{49E4485F-3A2A-4C35-A159-12ECCFC00396}.Debug|Any CPU.ActiveCfg = Debug|Any CPU
		{49E4485F-3A2A-4C35-A159-12ECCFC00396}.Debug|Any CPU.Build.0 = Debug|Any CPU
		{49E4485F-3A2A-4C35-A159-12ECCFC00396}.Release|Any CPU.ActiveCfg = Release|Any CPU
		{49E4485F-3A2A-4C35-A159-12ECCFC00396}.Release|Any CPU.Build.0 = Release|Any CPU
		{E5BB5D1C-6C07-495B-923B-FB80B79C535E}.Debug|Any CPU.ActiveCfg = Debug|Any CPU
		{E5BB5D1C-6C07-495B-923B-FB80B79C535E}.Debug|Any CPU.Build.0 = Debug|Any CPU
		{E5BB5D1C-6C07-495B-923B-FB80B79C535E}.Release|Any CPU.ActiveCfg = Release|Any CPU
		{E5BB5D1C-6C07-495B-923B-FB80B79C535E}.Release|Any CPU.Build.0 = Release|Any CPU
		{5F8DB9E8-FFAE-475F-AC2E-FE2DC5B15A1B}.Debug|Any CPU.ActiveCfg = Debug|Any CPU
		{5F8DB9E8-FFAE-475F-AC2E-FE2DC5B15A1B}.Debug|Any CPU.Build.0 = Debug|Any CPU
		{5F8DB9E8-FFAE-475F-AC2E-FE2DC5B15A1B}.Release|Any CPU.ActiveCfg = Release|Any CPU
		{5F8DB9E8-FFAE-475F-AC2E-FE2DC5B15A1B}.Release|Any CPU.Build.0 = Release|Any CPU
		{618AFA87-81A8-4B1C-8876-5457D49F2DEF}.Debug|Any CPU.ActiveCfg = Debug|Any CPU
		{618AFA87-81A8-4B1C-8876-5457D49F2DEF}.Debug|Any CPU.Build.0 = Debug|Any CPU
		{618AFA87-81A8-4B1C-8876-5457D49F2DEF}.Release|Any CPU.ActiveCfg = Release|Any CPU
		{618AFA87-81A8-4B1C-8876-5457D49F2DEF}.Release|Any CPU.Build.0 = Release|Any CPU
	EndGlobalSection
	GlobalSection(SolutionProperties) = preSolution
		HideSolutionNode = FALSE
	EndGlobalSection
	GlobalSection(NestedProjects) = preSolution
		{D0BCD56A-41C4-4A4E-8590-26864CED07FF} = {CC8DB471-0644-430D-9D4B-808A2475BEC0}
		{361D3F81-A48A-47F2-80DF-CA4F9536CB4E} = {CC8DB471-0644-430D-9D4B-808A2475BEC0}
		{C97878F4-1510-4BBA-8153-BD71DA7D50D8} = {CC8DB471-0644-430D-9D4B-808A2475BEC0}
		{736DFB52-1AFE-4EFF-9710-89046AB5B1F9} = {CC8DB471-0644-430D-9D4B-808A2475BEC0}
		{E927F2D5-8E27-462A-8687-CB207EE01164} = {CC8DB471-0644-430D-9D4B-808A2475BEC0}
		{3FC6DE77-B412-4101-9E64-6B9AA831179B} = {CC8DB471-0644-430D-9D4B-808A2475BEC0}
		{4995127E-0B8E-45B8-80C4-6BAC1BBE3783} = {CC8DB471-0644-430D-9D4B-808A2475BEC0}
		{B4D984DF-85B8-4BBF-8C3B-5CEF905F40D9} = {CC8DB471-0644-430D-9D4B-808A2475BEC0}
		{112F146B-7C01-490B-B943-EA9341ACCAF2} = {CC8DB471-0644-430D-9D4B-808A2475BEC0}
		{5E597A82-9DE9-4BA5-AD76-51202190E951} = {F1AF9A3B-7856-46C9-992A-391E5455BF1F}
		{9AA405CA-B7FD-44D0-9EBC-21F5D0F44DEB} = {57C5C966-ADB2-43F2-BB54-99BCB56C9F10}
		{05D17A7B-F200-48C0-B8F9-B7211665A17F} = {CC8DB471-0644-430D-9D4B-808A2475BEC0}
		{764D7CE5-F78B-432E-A849-E40BA44522D6} = {CC8DB471-0644-430D-9D4B-808A2475BEC0}
		{931FA266-E756-41CA-9736-8B29235DC999} = {1B526C0E-EE4A-4E8F-BF8F-8C7397FB4918}
		{874DEC63-9AB9-4A09-B1EA-E8FB1F1B68A1} = {CC8DB471-0644-430D-9D4B-808A2475BEC0}
		{CA21A201-078B-4EBE-A2AB-C3B1FFEC99F9} = {CC8DB471-0644-430D-9D4B-808A2475BEC0}
		{BBB50A46-3291-4C62-B884-D1AB64F71EA5} = {CC8DB471-0644-430D-9D4B-808A2475BEC0}
		{15BA35B5-3E54-4715-8857-36F4F96F51FB} = {F1AF9A3B-7856-46C9-992A-391E5455BF1F}
		{FBE5DD99-00A0-4FED-A116-941A46A0C0D0} = {CC8DB471-0644-430D-9D4B-808A2475BEC0}
		{F826CCCE-4B72-47F4-9493-DFCB51C106B7} = {CC8DB471-0644-430D-9D4B-808A2475BEC0}
		{49E4485F-3A2A-4C35-A159-12ECCFC00396} = {CC8DB471-0644-430D-9D4B-808A2475BEC0}
		{E5BB5D1C-6C07-495B-923B-FB80B79C535E} = {CC8DB471-0644-430D-9D4B-808A2475BEC0}
		{5F8DB9E8-FFAE-475F-AC2E-FE2DC5B15A1B} = {CC8DB471-0644-430D-9D4B-808A2475BEC0}
		{618AFA87-81A8-4B1C-8876-5457D49F2DEF} = {CC8DB471-0644-430D-9D4B-808A2475BEC0}
	EndGlobalSection
	GlobalSection(ExtensibilityGlobals) = postSolution
		SolutionGuid = {4DB4E6D7-1EEE-47F3-9530-F142104A7AC2}
	EndGlobalSection
EndGlobal
