
Microsoft Visual Studio Solution File, Format Version 12.00
# Visual Studio 2012
Project("{2150E333-8FDC-42A3-9474-1A3956D46DE8}") = "Build", "Build", "{0D358A91-B4AF-4D47-89D2-EB24241F3A56}"
	ProjectSection(SolutionItems) = preProject
		SharpDX.PostSettings.targets = SharpDX.PostSettings.targets
		SharpDX.PreSettings.targets = SharpDX.PreSettings.targets
	EndProjectSection
EndProject
Project("{2150E333-8FDC-42A3-9474-1A3956D46DE8}") = "Sources", "Sources", "{122F4FCA-DA0B-4793-A94B-ED90189223D2}"
	ProjectSection(SolutionItems) = preProject
		Source\Mapping.Direct3D1x.xml = Source\Mapping.Direct3D1x.xml
		Source\Mapping.xml = Source\Mapping.xml
	EndProjectSection
EndProject
Project("{2150E333-8FDC-42A3-9474-1A3956D46DE8}") = "Tools", "Tools", "{9AEB1C67-EE61-4710-8ADE-A19D911CF4C4}"
EndProject
Project("{FAE04EC0-301F-11D3-BF4B-00C04F79EFBC}") = "SharpDX", "Source\SharpDX\SharpDX.csproj", "{D0BCD56A-41C4-4A4E-8590-26864CED07FF}"
	ProjectSection(ProjectDependencies) = postProject
		{31F85A16-CB01-4456-BE3C-76E9FF3A1343} = {31F85A16-CB01-4456-BE3C-76E9FF3A1343}
		{4E2D9A17-2195-4A51-AAE3-924517440293} = {4E2D9A17-2195-4A51-AAE3-924517440293}
	EndProjectSection
EndProject
Project("{FAE04EC0-301F-11D3-BF4B-00C04F79EFBC}") = "SharpDX.Direct3D11", "Source\SharpDX.Direct3D11\SharpDX.Direct3D11.csproj", "{736DFB52-1AFE-4EFF-9710-89046AB5B1F9}"
EndProject
Project("{FAE04EC0-301F-11D3-BF4B-00C04F79EFBC}") = "SharpDX.DXGI", "Source\SharpDX.DXGI\SharpDX.DXGI.csproj", "{3FC6DE77-B412-4101-9E64-6B9AA831179B}"
EndProject
Project("{8BC9CEB8-8B4A-11D0-8D11-00A0C91BC942}") = "SharpDX.WP8", "Source\SharpDX.WP8\SharpDX.WP8.vcxproj", "{C6AE9847-3089-4FE4-91DF-B1A3EE115CF4}"
EndProject
Project("{FAE04EC0-301F-11D3-BF4B-00C04F79EFBC}") = "SharpCli", "Source\Tools\SharpCli\SharpCli.csproj", "{4E2D9A17-2195-4A51-AAE3-924517440293}"
EndProject
Project("{FAE04EC0-301F-11D3-BF4B-00C04F79EFBC}") = "SharpGen", "Source\Tools\SharpGen\SharpGen.csproj", "{31F85A16-CB01-4456-BE3C-76E9FF3A1343}"
EndProject
Project("{2150E333-8FDC-42A3-9474-1A3956D46DE8}") = "Toolkit", "Toolkit", "{2941A47A-F0C7-44AD-937C-2D77EC25D297}"
EndProject
Project("{FAE04EC0-301F-11D3-BF4B-00C04F79EFBC}") = "SharpDX.Toolkit", "Source\Toolkit\SharpDX.Toolkit\SharpDX.Toolkit.csproj", "{9FF0707C-75BB-4984-A01F-B9EAAD293F6C}"
EndProject
Project("{FAE04EC0-301F-11D3-BF4B-00C04F79EFBC}") = "SharpDX.Toolkit.Graphics", "Source\Toolkit\SharpDX.Toolkit.Graphics\SharpDX.Toolkit.Graphics.csproj", "{53EF08A7-4224-434C-A62C-F29807C1C750}"
EndProject
Project("{FAE04EC0-301F-11D3-BF4B-00C04F79EFBC}") = "SharpDX.XAudio2", "Source\SharpDX.XAudio2\SharpDX.XAudio2.csproj", "{4995127E-0B8E-45B8-80C4-6BAC1BBE3783}"
EndProject
Project("{FAE04EC0-301F-11D3-BF4B-00C04F79EFBC}") = "SharpDX.MediaFoundation", "Source\SharpDX.MediaFoundation\SharpDX.MediaFoundation.csproj", "{CA21A201-078B-4EBE-A2AB-C3B1FFEC99F9}"
EndProject
Project("{FAE04EC0-301F-11D3-BF4B-00C04F79EFBC}") = "SharpDX.Toolkit.Game", "Source\Toolkit\SharpDX.Toolkit.Game\SharpDX.Toolkit.Game.csproj", "{B2516A23-1A99-4263-964A-B820FD07FA80}"
EndProject
Project("{FAE04EC0-301F-11D3-BF4B-00C04F79EFBC}") = "SharpDX.Toolkit.Input", "Source\Toolkit\SharpDX.Toolkit.Input\SharpDX.Toolkit.Input.csproj", "{46452614-6B06-400F-A74C-1632C79B762C}"
EndProject
Project("{FAE04EC0-301F-11D3-BF4B-00C04F79EFBC}") = "SharpDX.Toolkit.Yaml", "Source\Toolkit\SharpDX.Toolkit.Yaml\SharpDX.Toolkit.Yaml.csproj", "{ED9F81D3-C2F1-47CA-A25C-8F2CEFE70D0F}"
EndProject
Project("{FAE04EC0-301F-11D3-BF4B-00C04F79EFBC}") = "SharpDX.Toolkit.Audio", "Source\Toolkit\SharpDX.Toolkit.Audio\SharpDX.Toolkit.Audio.csproj", "{1FA327C8-6C48-4FFC-9235-B98B7521B79D}"
EndProject
Global
	GlobalSection(SolutionConfigurationPlatforms) = preSolution
		Debug|WP8-ARM = Debug|WP8-ARM
		Debug|WP8-x86 = Debug|WP8-x86
		Release|WP8-ARM = Release|WP8-ARM
		Release|WP8-x86 = Release|WP8-x86
	EndGlobalSection
	GlobalSection(ProjectConfigurationPlatforms) = postSolution
		{D0BCD56A-41C4-4A4E-8590-26864CED07FF}.Debug|WP8-ARM.ActiveCfg = Debug|WP8-ARM
		{D0BCD56A-41C4-4A4E-8590-26864CED07FF}.Debug|WP8-ARM.Build.0 = Debug|WP8-ARM
		{D0BCD56A-41C4-4A4E-8590-26864CED07FF}.Debug|WP8-x86.ActiveCfg = Debug|WP8-x86
		{D0BCD56A-41C4-4A4E-8590-26864CED07FF}.Debug|WP8-x86.Build.0 = Debug|WP8-x86
		{D0BCD56A-41C4-4A4E-8590-26864CED07FF}.Release|WP8-ARM.ActiveCfg = Release|WP8-ARM
		{D0BCD56A-41C4-4A4E-8590-26864CED07FF}.Release|WP8-ARM.Build.0 = Release|WP8-ARM
		{D0BCD56A-41C4-4A4E-8590-26864CED07FF}.Release|WP8-x86.ActiveCfg = Release|WP8-x86
		{D0BCD56A-41C4-4A4E-8590-26864CED07FF}.Release|WP8-x86.Build.0 = Release|WP8-x86
		{736DFB52-1AFE-4EFF-9710-89046AB5B1F9}.Debug|WP8-ARM.ActiveCfg = Debug|WP8-ARM
		{736DFB52-1AFE-4EFF-9710-89046AB5B1F9}.Debug|WP8-ARM.Build.0 = Debug|WP8-ARM
		{736DFB52-1AFE-4EFF-9710-89046AB5B1F9}.Debug|WP8-x86.ActiveCfg = Debug|WP8-x86
		{736DFB52-1AFE-4EFF-9710-89046AB5B1F9}.Debug|WP8-x86.Build.0 = Debug|WP8-x86
		{736DFB52-1AFE-4EFF-9710-89046AB5B1F9}.Release|WP8-ARM.ActiveCfg = Release|WP8-ARM
		{736DFB52-1AFE-4EFF-9710-89046AB5B1F9}.Release|WP8-ARM.Build.0 = Release|WP8-ARM
		{736DFB52-1AFE-4EFF-9710-89046AB5B1F9}.Release|WP8-x86.ActiveCfg = Release|WP8-x86
		{736DFB52-1AFE-4EFF-9710-89046AB5B1F9}.Release|WP8-x86.Build.0 = Release|WP8-x86
		{3FC6DE77-B412-4101-9E64-6B9AA831179B}.Debug|WP8-ARM.ActiveCfg = Debug|WP8-ARM
		{3FC6DE77-B412-4101-9E64-6B9AA831179B}.Debug|WP8-ARM.Build.0 = Debug|WP8-ARM
		{3FC6DE77-B412-4101-9E64-6B9AA831179B}.Debug|WP8-x86.ActiveCfg = Debug|WP8-x86
		{3FC6DE77-B412-4101-9E64-6B9AA831179B}.Debug|WP8-x86.Build.0 = Debug|WP8-x86
		{3FC6DE77-B412-4101-9E64-6B9AA831179B}.Release|WP8-ARM.ActiveCfg = Release|WP8-ARM
		{3FC6DE77-B412-4101-9E64-6B9AA831179B}.Release|WP8-ARM.Build.0 = Release|WP8-ARM
		{3FC6DE77-B412-4101-9E64-6B9AA831179B}.Release|WP8-x86.ActiveCfg = Release|WP8-x86
		{3FC6DE77-B412-4101-9E64-6B9AA831179B}.Release|WP8-x86.Build.0 = Release|WP8-x86
		{C6AE9847-3089-4FE4-91DF-B1A3EE115CF4}.Debug|WP8-ARM.ActiveCfg = Debug|ARM
		{C6AE9847-3089-4FE4-91DF-B1A3EE115CF4}.Debug|WP8-ARM.Build.0 = Debug|ARM
		{C6AE9847-3089-4FE4-91DF-B1A3EE115CF4}.Debug|WP8-x86.ActiveCfg = Debug|Win32
		{C6AE9847-3089-4FE4-91DF-B1A3EE115CF4}.Debug|WP8-x86.Build.0 = Debug|Win32
		{C6AE9847-3089-4FE4-91DF-B1A3EE115CF4}.Release|WP8-ARM.ActiveCfg = Release|ARM
		{C6AE9847-3089-4FE4-91DF-B1A3EE115CF4}.Release|WP8-ARM.Build.0 = Release|ARM
		{C6AE9847-3089-4FE4-91DF-B1A3EE115CF4}.Release|WP8-x86.ActiveCfg = Release|Win32
		{C6AE9847-3089-4FE4-91DF-B1A3EE115CF4}.Release|WP8-x86.Build.0 = Release|Win32
		{4E2D9A17-2195-4A51-AAE3-924517440293}.Debug|WP8-ARM.ActiveCfg = Debug|Any CPU
		{4E2D9A17-2195-4A51-AAE3-924517440293}.Debug|WP8-ARM.Build.0 = Debug|Any CPU
		{4E2D9A17-2195-4A51-AAE3-924517440293}.Debug|WP8-x86.ActiveCfg = Debug|Any CPU
		{4E2D9A17-2195-4A51-AAE3-924517440293}.Debug|WP8-x86.Build.0 = Debug|Any CPU
		{4E2D9A17-2195-4A51-AAE3-924517440293}.Release|WP8-ARM.ActiveCfg = Release|Any CPU
		{4E2D9A17-2195-4A51-AAE3-924517440293}.Release|WP8-ARM.Build.0 = Release|Any CPU
		{4E2D9A17-2195-4A51-AAE3-924517440293}.Release|WP8-x86.ActiveCfg = Release|Any CPU
		{4E2D9A17-2195-4A51-AAE3-924517440293}.Release|WP8-x86.Build.0 = Release|Any CPU
		{31F85A16-CB01-4456-BE3C-76E9FF3A1343}.Debug|WP8-ARM.ActiveCfg = Debug|WP8-ARM
		{31F85A16-CB01-4456-BE3C-76E9FF3A1343}.Debug|WP8-ARM.Build.0 = Debug|WP8-ARM
		{31F85A16-CB01-4456-BE3C-76E9FF3A1343}.Debug|WP8-x86.ActiveCfg = Debug|WP8-x86
		{31F85A16-CB01-4456-BE3C-76E9FF3A1343}.Debug|WP8-x86.Build.0 = Debug|WP8-x86
		{31F85A16-CB01-4456-BE3C-76E9FF3A1343}.Release|WP8-ARM.ActiveCfg = Release|WP8-ARM
		{31F85A16-CB01-4456-BE3C-76E9FF3A1343}.Release|WP8-ARM.Build.0 = Release|WP8-ARM
		{31F85A16-CB01-4456-BE3C-76E9FF3A1343}.Release|WP8-x86.ActiveCfg = Release|WP8-x86
		{31F85A16-CB01-4456-BE3C-76E9FF3A1343}.Release|WP8-x86.Build.0 = Release|WP8-x86
		{9FF0707C-75BB-4984-A01F-B9EAAD293F6C}.Debug|WP8-ARM.ActiveCfg = Debug|WP8-ARM
		{9FF0707C-75BB-4984-A01F-B9EAAD293F6C}.Debug|WP8-ARM.Build.0 = Debug|WP8-ARM
		{9FF0707C-75BB-4984-A01F-B9EAAD293F6C}.Debug|WP8-x86.ActiveCfg = Debug|WP8-x86
		{9FF0707C-75BB-4984-A01F-B9EAAD293F6C}.Debug|WP8-x86.Build.0 = Debug|WP8-x86
		{9FF0707C-75BB-4984-A01F-B9EAAD293F6C}.Release|WP8-ARM.ActiveCfg = Release|WP8-ARM
		{9FF0707C-75BB-4984-A01F-B9EAAD293F6C}.Release|WP8-ARM.Build.0 = Release|WP8-ARM
		{9FF0707C-75BB-4984-A01F-B9EAAD293F6C}.Release|WP8-x86.ActiveCfg = Release|WP8-x86
		{9FF0707C-75BB-4984-A01F-B9EAAD293F6C}.Release|WP8-x86.Build.0 = Release|WP8-x86
		{53EF08A7-4224-434C-A62C-F29807C1C750}.Debug|WP8-ARM.ActiveCfg = Debug|WP8-ARM
		{53EF08A7-4224-434C-A62C-F29807C1C750}.Debug|WP8-ARM.Build.0 = Debug|WP8-ARM
		{53EF08A7-4224-434C-A62C-F29807C1C750}.Debug|WP8-x86.ActiveCfg = Debug|WP8-x86
		{53EF08A7-4224-434C-A62C-F29807C1C750}.Debug|WP8-x86.Build.0 = Debug|WP8-x86
		{53EF08A7-4224-434C-A62C-F29807C1C750}.Release|WP8-ARM.ActiveCfg = Release|WP8-ARM
		{53EF08A7-4224-434C-A62C-F29807C1C750}.Release|WP8-ARM.Build.0 = Release|WP8-ARM
		{53EF08A7-4224-434C-A62C-F29807C1C750}.Release|WP8-x86.ActiveCfg = Release|WP8-x86
		{53EF08A7-4224-434C-A62C-F29807C1C750}.Release|WP8-x86.Build.0 = Release|WP8-x86
		{4995127E-0B8E-45B8-80C4-6BAC1BBE3783}.Debug|WP8-ARM.ActiveCfg = Debug|WP8-ARM
		{4995127E-0B8E-45B8-80C4-6BAC1BBE3783}.Debug|WP8-ARM.Build.0 = Debug|WP8-ARM
		{4995127E-0B8E-45B8-80C4-6BAC1BBE3783}.Debug|WP8-x86.ActiveCfg = Debug|WP8-x86
		{4995127E-0B8E-45B8-80C4-6BAC1BBE3783}.Debug|WP8-x86.Build.0 = Debug|WP8-x86
		{4995127E-0B8E-45B8-80C4-6BAC1BBE3783}.Release|WP8-ARM.ActiveCfg = Release|WP8-ARM
		{4995127E-0B8E-45B8-80C4-6BAC1BBE3783}.Release|WP8-ARM.Build.0 = Release|WP8-ARM
		{4995127E-0B8E-45B8-80C4-6BAC1BBE3783}.Release|WP8-x86.ActiveCfg = Release|WP8-x86
		{4995127E-0B8E-45B8-80C4-6BAC1BBE3783}.Release|WP8-x86.Build.0 = Release|WP8-x86
		{CA21A201-078B-4EBE-A2AB-C3B1FFEC99F9}.Debug|WP8-ARM.ActiveCfg = Debug|WP8-ARM
		{CA21A201-078B-4EBE-A2AB-C3B1FFEC99F9}.Debug|WP8-ARM.Build.0 = Debug|WP8-ARM
		{CA21A201-078B-4EBE-A2AB-C3B1FFEC99F9}.Debug|WP8-x86.ActiveCfg = Debug|WP8-x86
		{CA21A201-078B-4EBE-A2AB-C3B1FFEC99F9}.Debug|WP8-x86.Build.0 = Debug|WP8-x86
		{CA21A201-078B-4EBE-A2AB-C3B1FFEC99F9}.Release|WP8-ARM.ActiveCfg = Release|WP8-ARM
		{CA21A201-078B-4EBE-A2AB-C3B1FFEC99F9}.Release|WP8-ARM.Build.0 = Release|WP8-ARM
		{CA21A201-078B-4EBE-A2AB-C3B1FFEC99F9}.Release|WP8-x86.ActiveCfg = Release|WP8-x86
		{CA21A201-078B-4EBE-A2AB-C3B1FFEC99F9}.Release|WP8-x86.Build.0 = Release|WP8-x86
		{B2516A23-1A99-4263-964A-B820FD07FA80}.Debug|WP8-ARM.ActiveCfg = Debug|WP8-ARM
		{B2516A23-1A99-4263-964A-B820FD07FA80}.Debug|WP8-ARM.Build.0 = Debug|WP8-ARM
		{B2516A23-1A99-4263-964A-B820FD07FA80}.Debug|WP8-x86.ActiveCfg = Debug|WP8-x86
		{B2516A23-1A99-4263-964A-B820FD07FA80}.Debug|WP8-x86.Build.0 = Debug|WP8-x86
		{B2516A23-1A99-4263-964A-B820FD07FA80}.Release|WP8-ARM.ActiveCfg = Release|WP8-ARM
		{B2516A23-1A99-4263-964A-B820FD07FA80}.Release|WP8-ARM.Build.0 = Release|WP8-ARM
		{B2516A23-1A99-4263-964A-B820FD07FA80}.Release|WP8-x86.ActiveCfg = Release|WP8-x86
		{B2516A23-1A99-4263-964A-B820FD07FA80}.Release|WP8-x86.Build.0 = Release|WP8-x86
		{46452614-6B06-400F-A74C-1632C79B762C}.Debug|WP8-ARM.ActiveCfg = Debug|WP8-ARM
		{46452614-6B06-400F-A74C-1632C79B762C}.Debug|WP8-ARM.Build.0 = Debug|WP8-ARM
		{46452614-6B06-400F-A74C-1632C79B762C}.Debug|WP8-x86.ActiveCfg = Debug|WP8-x86
		{46452614-6B06-400F-A74C-1632C79B762C}.Debug|WP8-x86.Build.0 = Debug|WP8-x86
		{46452614-6B06-400F-A74C-1632C79B762C}.Release|WP8-ARM.ActiveCfg = Release|WP8-ARM
		{46452614-6B06-400F-A74C-1632C79B762C}.Release|WP8-ARM.Build.0 = Release|WP8-ARM
		{46452614-6B06-400F-A74C-1632C79B762C}.Release|WP8-x86.ActiveCfg = Release|WP8-x86
		{46452614-6B06-400F-A74C-1632C79B762C}.Release|WP8-x86.Build.0 = Release|WP8-x86
		{ED9F81D3-C2F1-47CA-A25C-8F2CEFE70D0F}.Debug|WP8-ARM.ActiveCfg = Debug|WP8-ARM
		{ED9F81D3-C2F1-47CA-A25C-8F2CEFE70D0F}.Debug|WP8-ARM.Build.0 = Debug|WP8-ARM
		{ED9F81D3-C2F1-47CA-A25C-8F2CEFE70D0F}.Debug|WP8-x86.ActiveCfg = Debug|WP8-x86
		{ED9F81D3-C2F1-47CA-A25C-8F2CEFE70D0F}.Debug|WP8-x86.Build.0 = Debug|WP8-x86
		{ED9F81D3-C2F1-47CA-A25C-8F2CEFE70D0F}.Release|WP8-ARM.ActiveCfg = Release|WP8-ARM
		{ED9F81D3-C2F1-47CA-A25C-8F2CEFE70D0F}.Release|WP8-ARM.Build.0 = Release|WP8-ARM
		{ED9F81D3-C2F1-47CA-A25C-8F2CEFE70D0F}.Release|WP8-x86.ActiveCfg = Release|WP8-x86
		{ED9F81D3-C2F1-47CA-A25C-8F2CEFE70D0F}.Release|WP8-x86.Build.0 = Release|WP8-x86
		{1FA327C8-6C48-4FFC-9235-B98B7521B79D}.Debug|WP8-ARM.ActiveCfg = Debug|WP8-ARM
		{1FA327C8-6C48-4FFC-9235-B98B7521B79D}.Debug|WP8-ARM.Build.0 = Debug|WP8-ARM
		{1FA327C8-6C48-4FFC-9235-B98B7521B79D}.Debug|WP8-x86.ActiveCfg = Debug|WP8-x86
		{1FA327C8-6C48-4FFC-9235-B98B7521B79D}.Debug|WP8-x86.Build.0 = Debug|WP8-x86
		{1FA327C8-6C48-4FFC-9235-B98B7521B79D}.Release|WP8-ARM.ActiveCfg = Release|WP8-ARM
		{1FA327C8-6C48-4FFC-9235-B98B7521B79D}.Release|WP8-ARM.Build.0 = Release|WP8-ARM
		{1FA327C8-6C48-4FFC-9235-B98B7521B79D}.Release|WP8-x86.ActiveCfg = Release|WP8-x86
		{1FA327C8-6C48-4FFC-9235-B98B7521B79D}.Release|WP8-x86.Build.0 = Release|WP8-x86
	EndGlobalSection
	GlobalSection(SolutionProperties) = preSolution
		HideSolutionNode = FALSE
	EndGlobalSection
	GlobalSection(NestedProjects) = preSolution
		{D0BCD56A-41C4-4A4E-8590-26864CED07FF} = {122F4FCA-DA0B-4793-A94B-ED90189223D2}
		{736DFB52-1AFE-4EFF-9710-89046AB5B1F9} = {122F4FCA-DA0B-4793-A94B-ED90189223D2}
		{3FC6DE77-B412-4101-9E64-6B9AA831179B} = {122F4FCA-DA0B-4793-A94B-ED90189223D2}
		{C6AE9847-3089-4FE4-91DF-B1A3EE115CF4} = {122F4FCA-DA0B-4793-A94B-ED90189223D2}
		{4995127E-0B8E-45B8-80C4-6BAC1BBE3783} = {122F4FCA-DA0B-4793-A94B-ED90189223D2}
		{CA21A201-078B-4EBE-A2AB-C3B1FFEC99F9} = {122F4FCA-DA0B-4793-A94B-ED90189223D2}
		{4E2D9A17-2195-4A51-AAE3-924517440293} = {9AEB1C67-EE61-4710-8ADE-A19D911CF4C4}
		{31F85A16-CB01-4456-BE3C-76E9FF3A1343} = {9AEB1C67-EE61-4710-8ADE-A19D911CF4C4}
		{9FF0707C-75BB-4984-A01F-B9EAAD293F6C} = {2941A47A-F0C7-44AD-937C-2D77EC25D297}
		{53EF08A7-4224-434C-A62C-F29807C1C750} = {2941A47A-F0C7-44AD-937C-2D77EC25D297}
		{B2516A23-1A99-4263-964A-B820FD07FA80} = {2941A47A-F0C7-44AD-937C-2D77EC25D297}
		{46452614-6B06-400F-A74C-1632C79B762C} = {2941A47A-F0C7-44AD-937C-2D77EC25D297}
		{ED9F81D3-C2F1-47CA-A25C-8F2CEFE70D0F} = {2941A47A-F0C7-44AD-937C-2D77EC25D297}
		{1FA327C8-6C48-4FFC-9235-B98B7521B79D} = {2941A47A-F0C7-44AD-937C-2D77EC25D297}
	EndGlobalSection
EndGlobal
