
Microsoft Visual Studio Solution File, Format Version 11.00
# Visual Studio 2010
Project("{2150E333-8FDC-42A3-9474-1A3956D46DE8}") = "Sources", "Sources", "{CC8DB471-0644-430D-9D4B-808A2475BEC0}"
	ProjectSection(SolutionItems) = preProject
		ChangeLog.txt = ChangeLog.txt
		Source\Mapping.Direct3D1x.xml = Source\Mapping.Direct3D1x.xml
		Source\Mapping.xml = Source\Mapping.xml
		README.markdown = README.markdown
		ReleaseNotes.txt = ReleaseNotes.txt
		Source\SharedAssemblyInfo.cs = Source\SharedAssemblyInfo.cs
	EndProjectSection
EndProject
Project("{2150E333-8FDC-42A3-9474-1A3956D46DE8}") = "Samples", "Samples", "{E8942E09-FD2E-4ED1-9724-623262BC2A9F}"
EndProject
Project("{2150E333-8FDC-42A3-9474-1A3956D46DE8}") = "Tools", "Tools", "{F1AF9A3B-7856-46C9-992A-391E5455BF1F}"
EndProject
Project("{FAE04EC0-301F-11D3-BF4B-00C04F79EFBC}") = "SharpDX", "Source\SharpDX\SharpDX.csproj", "{D0BCD56A-41C4-4A4E-8590-26864CED07FF}"
	ProjectSection(ProjectDependencies) = postProject
		{31F85A16-CB01-4456-BE3C-76E9FF3A1343} = {31F85A16-CB01-4456-BE3C-76E9FF3A1343}
		{4E2D9A17-2195-4A51-AAE3-924517440293} = {4E2D9A17-2195-4A51-AAE3-924517440293}
	EndProjectSection
EndProject
Project("{FAE04EC0-301F-11D3-BF4B-00C04F79EFBC}") = "SharpDX.D3DCompiler", "Source\SharpDX.D3DCompiler\SharpDX.D3DCompiler.csproj", "{361D3F81-A48A-47F2-80DF-CA4F9536CB4E}"
EndProject
Project("{FAE04EC0-301F-11D3-BF4B-00C04F79EFBC}") = "SharpDX.Direct2D1", "Source\SharpDX.Direct2D1\SharpDX.Direct2D1.csproj", "{C97878F4-1510-4BBA-8153-BD71DA7D50D8}"
EndProject
Project("{FAE04EC0-301F-11D3-BF4B-00C04F79EFBC}") = "SharpDX.Direct3D10", "Source\SharpDX.Direct3D10\SharpDX.Direct3D10.csproj", "{618AFA87-81A8-4B1C-8876-5457D49F2DEF}"
EndProject
Project("{FAE04EC0-301F-11D3-BF4B-00C04F79EFBC}") = "SharpDX.Direct3D11", "Source\SharpDX.Direct3D11\SharpDX.Direct3D11.csproj", "{736DFB52-1AFE-4EFF-9710-89046AB5B1F9}"
EndProject
Project("{FAE04EC0-301F-11D3-BF4B-00C04F79EFBC}") = "SharpDX.DirectSound", "Source\SharpDX.DirectSound\SharpDX.DirectSound.csproj", "{E927F2D5-8E27-462A-8687-CB207EE01164}"
EndProject
Project("{FAE04EC0-301F-11D3-BF4B-00C04F79EFBC}") = "SharpDX.DXGI", "Source\SharpDX.DXGI\SharpDX.DXGI.csproj", "{3FC6DE77-B412-4101-9E64-6B9AA831179B}"
EndProject
Project("{FAE04EC0-301F-11D3-BF4B-00C04F79EFBC}") = "SharpDX.XAPO", "Source\SharpDX.XAPO\SharpDX.XAPO.csproj", "{947851F3-93A5-4FCF-93CF-60232FB7F56F}"
EndProject
Project("{FAE04EC0-301F-11D3-BF4B-00C04F79EFBC}") = "SharpDX.XAudio2", "Source\SharpDX.XAudio2\SharpDX.XAudio2.csproj", "{4995127E-0B8E-45B8-80C4-6BAC1BBE3783}"
EndProject
Project("{2150E333-8FDC-42A3-9474-1A3956D46DE8}") = "Direct3D10", "Direct3D10", "{D2FAB586-CD10-4944-A613-54466FD13470}"
EndProject
Project("{2150E333-8FDC-42A3-9474-1A3956D46DE8}") = "Direct3D11", "Direct3D11", "{266A5143-B087-4570-8015-0DA34C30F745}"
EndProject
Project("{2150E333-8FDC-42A3-9474-1A3956D46DE8}") = "Direct2D1", "Direct2D1", "{BCC9F1CD-AF92-4ABF-B810-BD4F4B5C93AE}"
EndProject
Project("{2150E333-8FDC-42A3-9474-1A3956D46DE8}") = "Common", "Common", "{634A8292-E7E1-40E0-9205-9595B1003856}"
EndProject
Project("{2150E333-8FDC-42A3-9474-1A3956D46DE8}") = "XAudio2", "XAudio2", "{CB52BD79-49DE-4E78-BF35-94A6A841FC1F}"
EndProject
Project("{FAE04EC0-301F-11D3-BF4B-00C04F79EFBC}") = "SharpDX.Samples.sample", "Samples\Common\SharpDX.Samples.sample.csproj", "{93716298-9FA4-4002-AE0B-4C9F4705CCEA}"
EndProject
Project("{FAE04EC0-301F-11D3-BF4B-00C04F79EFBC}") = "MiniRect.sample", "Samples\Direct2D1\MiniRect\MiniRect.sample.csproj", "{482891B9-CC25-41F7-AA5C-CCBC73A1C638}"
EndProject
Project("{FAE04EC0-301F-11D3-BF4B-00C04F79EFBC}") = "TessellateApp.sample", "Samples\Direct2D1\TessellateApp\TessellateApp.sample.csproj", "{BF4F383C-EEBD-464E-A588-3C066EBBF0B0}"
EndProject
Project("{FAE04EC0-301F-11D3-BF4B-00C04F79EFBC}") = "TextRenderingApp.sample", "Samples\Direct2D1\TextRenderingApp\TextRenderingApp.sample.csproj", "{BCE8E081-BD05-4A38-8DB9-7B0BC70AD879}"
EndProject
Project("{FAE04EC0-301F-11D3-BF4B-00C04F79EFBC}") = "MiniTri.sample", "Samples\Direct3D10\MiniTri\MiniTri.sample.csproj", "{F54F5361-F0E1-4D8E-8AB9-56A6EBFF1DBB}"
EndProject
Project("{FAE04EC0-301F-11D3-BF4B-00C04F79EFBC}") = "MiniTri.sample", "Samples\Direct3D11\MiniTri\MiniTri.sample.csproj", "{99D1FCB5-2B3B-4E2E-9FDC-A5AF6F0970C5}"
EndProject
Project("{2150E333-8FDC-42A3-9474-1A3956D46DE8}") = "DirectSound", "DirectSound", "{04006258-0DF9-4C91-9733-0CBD283D3671}"
EndProject
Project("{FAE04EC0-301F-11D3-BF4B-00C04F79EFBC}") = "PlaySound.sample", "Samples\DirectSound\PlaySound\PlaySound.sample.csproj", "{059F3E22-F63A-40C0-AA30-13C673BFF1B3}"
EndProject
Project("{FAE04EC0-301F-11D3-BF4B-00C04F79EFBC}") = "PlaySound.sample", "Samples\XAudio2\PlaySound\PlaySound.sample.csproj", "{E5DAD0AF-BFB8-4B65-ACED-0D4E9843DAB9}"
EndProject
Project("{FAE04EC0-301F-11D3-BF4B-00C04F79EFBC}") = "PlaySoundCustomXAPO.sample", "Samples\XAudio2\PlaySoundCustomXAPO\PlaySoundCustomXAPO.sample.csproj", "{3F1070EF-9739-4A32-941A-2B1705972E23}"
EndProject
Project("{FAE04EC0-301F-11D3-BF4B-00C04F79EFBC}") = "DisplayFontApp.sample", "Samples\Direct3D10\DisplayFontApp\DisplayFontApp.sample.csproj", "{A0A13A2D-9D57-4057-AA8C-A46D18B99354}"
EndProject
Project("{2150E333-8FDC-42A3-9474-1A3956D46DE8}") = "DirectWrite", "DirectWrite", "{ADBEC307-3062-4B94-A076-5D42F3A42130}"
EndProject
Project("{FAE04EC0-301F-11D3-BF4B-00C04F79EFBC}") = "FontEnumeration.sample", "Samples\DirectWrite\FontEnumeration\FontEnumeration.sample.csproj", "{AF76A4B1-9D3C-446F-B92C-8A56942B2D67}"
EndProject
Project("{FAE04EC0-301F-11D3-BF4B-00C04F79EFBC}") = "SimpleHelloWorld.sample", "Samples\DirectWrite\SimpleHelloWorld\SimpleHelloWorld.sample.csproj", "{C952671E-EA75-4DDF-99C9-6FC67781633C}"
EndProject
Project("{FAE04EC0-301F-11D3-BF4B-00C04F79EFBC}") = "TextDialog.sample", "Samples\DirectWrite\TextDialog\TextDialog.sample.csproj", "{6786268C-8580-40B2-8C34-8FEA9572DD20}"
	ProjectSection(ProjectDependencies) = postProject
		{3FC6DE77-B412-4101-9E64-6B9AA831179B} = {3FC6DE77-B412-4101-9E64-6B9AA831179B}
	EndProjectSection
EndProject
Project("{FAE04EC0-301F-11D3-BF4B-00C04F79EFBC}") = "CustomFont.sample", "Samples\DirectWrite\CustomFont\CustomFont.sample.csproj", "{6090207F-7295-4CDC-AE71-0E8238463E94}"
EndProject
Project("{FAE04EC0-301F-11D3-BF4B-00C04F79EFBC}") = "ColorDrawingEffect.sample", "Samples\DirectWrite\ColorDrawingEffect\ColorDrawingEffect.sample.csproj", "{57D0B221-7BA7-463B-A43D-828E07214F88}"
EndProject
Project("{FAE04EC0-301F-11D3-BF4B-00C04F79EFBC}") = "CustomLayout.sample", "Samples\DirectWrite\CustomLayout\CustomLayout.sample.csproj", "{0E89DC2D-C28E-49C1-9D0C-9B99C6B125B6}"
EndProject
Project("{FAE04EC0-301F-11D3-BF4B-00C04F79EFBC}") = "SharpDX.Direct3D9", "Source\SharpDX.Direct3D9\SharpDX.Direct3D9.csproj", "{B4D984DF-85B8-4BBF-8C3B-5CEF905F40D9}"
EndProject
Project("{2150E333-8FDC-42A3-9474-1A3956D46DE8}") = "Direct3D9", "Direct3D9", "{FD599E7A-5842-4BCD-ADF9-01AC4FCE1641}"
EndProject
Project("{FAE04EC0-301F-11D3-BF4B-00C04F79EFBC}") = "SharpDX.DirectInput", "Source\SharpDX.DirectInput\SharpDX.DirectInput.csproj", "{112F146B-7C01-490B-B943-EA9341ACCAF2}"
EndProject
Project("{2150E333-8FDC-42A3-9474-1A3956D46DE8}") = "DirectInput", "DirectInput", "{A127F8C2-EC52-47C1-8E95-DBBD844B415D}"
EndProject
Project("{FAE04EC0-301F-11D3-BF4B-00C04F79EFBC}") = "SharpCore", "Source\Tools\SharpCore\SharpCore.csproj", "{9435EFE8-5875-42E8-983B-29298C4CE5FF}"
EndProject
Project("{FAE04EC0-301F-11D3-BF4B-00C04F79EFBC}") = "SharpCli", "Source\Tools\SharpCli\SharpCli.csproj", "{4E2D9A17-2195-4A51-AAE3-924517440293}"
	ProjectSection(ProjectDependencies) = postProject
		{5E597A82-9DE9-4BA5-AD76-51202190E951} = {5E597A82-9DE9-4BA5-AD76-51202190E951}
	EndProjectSection
EndProject
Project("{FAE04EC0-301F-11D3-BF4B-00C04F79EFBC}") = "SharpDoc", "Source\Tools\SharpDoc\SharpDoc.csproj", "{87848A62-C3E8-44CF-9D36-B8B7AD677B01}"
	ProjectSection(ProjectDependencies) = postProject
		{5E597A82-9DE9-4BA5-AD76-51202190E951} = {5E597A82-9DE9-4BA5-AD76-51202190E951}
	EndProjectSection
EndProject
Project("{FAE04EC0-301F-11D3-BF4B-00C04F79EFBC}") = "SharpGen", "Source\Tools\SharpGen\SharpGen.csproj", "{31F85A16-CB01-4456-BE3C-76E9FF3A1343}"
	ProjectSection(ProjectDependencies) = postProject
		{5E597A82-9DE9-4BA5-AD76-51202190E951} = {5E597A82-9DE9-4BA5-AD76-51202190E951}
	EndProjectSection
EndProject
Project("{FAE04EC0-301F-11D3-BF4B-00C04F79EFBC}") = "SharpPak", "Source\Tools\SharpPak\SharpPak.csproj", "{5E597A82-9DE9-4BA5-AD76-51202190E951}"
EndProject
Project("{FAE04EC0-301F-11D3-BF4B-00C04F79EFBC}") = "SharpDX.Diagnostics", "Source\SharpDX.Diagnostics\SharpDX.Diagnostics.csproj", "{003655D0-CC78-411F-AD2D-655E03927827}"
EndProject
Project("{FAE04EC0-301F-11D3-BF4B-00C04F79EFBC}") = "Documentation", "Documentation\Documentation.csproj", "{9AA405CA-B7FD-44D0-9EBC-21F5D0F44DEB}"
	ProjectSection(ProjectDependencies) = postProject
		{87848A62-C3E8-44CF-9D36-B8B7AD677B01} = {87848A62-C3E8-44CF-9D36-B8B7AD677B01}
	EndProjectSection
EndProject
Project("{FAE04EC0-301F-11D3-BF4B-00C04F79EFBC}") = "SharpDocPak", "Source\Tools\SharpDocPak\SharpDocPak.csproj", "{8247C384-795D-432B-A7A1-FB3632E2A5F3}"
	ProjectSection(ProjectDependencies) = postProject
		{5E597A82-9DE9-4BA5-AD76-51202190E951} = {5E597A82-9DE9-4BA5-AD76-51202190E951}
	EndProjectSection
EndProject
Project("{2150E333-8FDC-42A3-9474-1A3956D46DE8}") = "Documentation", "Documentation", "{57C5C966-ADB2-43F2-BB54-99BCB56C9F10}"
EndProject
Project("{FAE04EC0-301F-11D3-BF4B-00C04F79EFBC}") = "MiniTri.sample", "Samples\Direct3D9\MiniTri\MiniTri.sample.csproj", "{9C904B7C-65F6-4AF2-8502-1183D00E5E0C}"
EndProject
Project("{FAE04EC0-301F-11D3-BF4B-00C04F79EFBC}") = "JoystickApp.samples", "Samples\DirectInput\JoystickApp\JoystickApp.samples.csproj", "{93DAB3C7-0E86-43F8-92D0-7E80E2CC058F}"
EndProject
Project("{FAE04EC0-301F-11D3-BF4B-00C04F79EFBC}") = "BitmapApp.sample", "Samples\Direct2D1\BitmapApp\BitmapApp.sample.csproj", "{AB183A0E-36DF-4C01-B46F-413F4070C43D}"
EndProject
Project("{2150E333-8FDC-42A3-9474-1A3956D46DE8}") = "Tests", "Tests", "{1B526C0E-EE4A-4E8F-BF8F-8C7397FB4918}"
EndProject
Project("{FAE04EC0-301F-11D3-BF4B-00C04F79EFBC}") = "MiniTriEffects11.sample", "Samples\Direct3D11\MiniTriEffects11\MiniTriEffects11.sample.csproj", "{35774633-98A0-464E-AFDE-A567D5D9B370}"
EndProject
Project("{FAE04EC0-301F-11D3-BF4B-00C04F79EFBC}") = "SharpDX.X3DAudio", "Source\SharpDX.X3DAudio\SharpDX.X3DAudio.csproj", "{046C5D40-A52E-4442-88A9-1A5DDF370A5E}"
EndProject
Project("{2150E333-8FDC-42A3-9474-1A3956D46DE8}") = "X3DAudio", "X3DAudio", "{194180A9-89CE-4274-B5A8-51EAFD1C5791}"
EndProject
Project("{FAE04EC0-301F-11D3-BF4B-00C04F79EFBC}") = "BipBounceApp.sample", "Samples\X3DAudio\BipBounceApp\BipBounceApp.sample.csproj", "{33E5C039-F96D-49FD-93A4-912D8C67DEFF}"
EndProject
Project("{FAE04EC0-301F-11D3-BF4B-00C04F79EFBC}") = "SharpDX.XACT3", "Source\SharpDX.XACT3\SharpDX.XACT3.csproj", "{4939860C-5D5B-4D56-89C8-1980A9EBB392}"
EndProject
Project("{FAE04EC0-301F-11D3-BF4B-00C04F79EFBC}") = "PlayDynamicSound.sample", "Samples\XAudio2\PlayDynamicSound\PlayDynamicSound.sample.csproj", "{2319533A-1569-40AA-A435-FB791747FB60}"
EndProject
Project("{2150E333-8FDC-42A3-9474-1A3956D46DE8}") = "XACT3", "XACT3", "{66793FFE-5B5C-41C3-9BD9-5F07E6B8F2FE}"
EndProject
Project("{FAE04EC0-301F-11D3-BF4B-00C04F79EFBC}") = "PlaySound.sample", "Samples\XACT3\PlaySound\PlaySound.sample.csproj", "{A4BEB287-F2CF-471F-B432-A348E3680A1D}"
EndProject
Project("{FAE04EC0-301F-11D3-BF4B-00C04F79EFBC}") = "SharpDX.RawInput", "Source\SharpDX.RawInput\SharpDX.RawInput.csproj", "{05D17A7B-F200-48C0-B8F9-B7211665A17F}"
EndProject
Project("{FAE04EC0-301F-11D3-BF4B-00C04F79EFBC}") = "SharpDX.XInput", "Source\SharpDX.XInput\SharpDX.XInput.csproj", "{764D7CE5-F78B-432E-A849-E40BA44522D6}"
EndProject
Project("{2150E333-8FDC-42A3-9474-1A3956D46DE8}") = "WIC", "WIC", "{A29AD0F6-05CC-478B-95EF-55B209A84787}"
EndProject
Project("{FAE04EC0-301F-11D3-BF4B-00C04F79EFBC}") = "EncodeDecode.sample", "Samples\WIC\EncodeDecode\EncodeDecode.sample.csproj", "{FF907522-E5A4-4AF0-8B74-4700545B3718}"
EndProject
Project("{FAE04EC0-301F-11D3-BF4B-00C04F79EFBC}") = "RenderToWicApp.sample", "Samples\Direct2D1\RenderToWicApp\RenderToWicApp.sample.csproj", "{8D9B8BB6-2898-4B18-AEAB-DBC1097D0317}"
EndProject
Project("{FAE04EC0-301F-11D3-BF4B-00C04F79EFBC}") = "WPFHost.sample", "Samples\Direct3D10\WPFHost\WPFHost.sample.csproj", "{40459A41-B07C-4060-B9FC-29DC5C891126}"
EndProject
Project("{FAE04EC0-301F-11D3-BF4B-00C04F79EFBC}") = "MiniCube.sample", "Samples\Direct3D11\MiniCube\MiniCube.sample.csproj", "{3DED1931-EF2B-455C-BF74-124F508A3E38}"
EndProject
Project("{2150E333-8FDC-42A3-9474-1A3956D46DE8}") = "Build", "Build", "{E462D87D-C180-4114-B8C8-914E6735BF44}"
	ProjectSection(SolutionItems) = preProject
		SharpDX.build = SharpDX.build
	EndProjectSection
EndProject
Project("{FAE04EC0-301F-11D3-BF4B-00C04F79EFBC}") = "MiniCube.sample", "Samples\Direct3D10\MiniCube\MiniCube.sample.csproj", "{3177A431-E344-4395-A5E7-F54DE5A1D397}"
EndProject
Global
	GlobalSection(SolutionConfigurationPlatforms) = preSolution
		Debug|Any CPU = Debug|Any CPU
		Release|Any CPU = Release|Any CPU
		Win8Debug|Any CPU = Win8Debug|Any CPU
		Win8Release|Any CPU = Win8Release|Any CPU
	EndGlobalSection
	GlobalSection(ProjectConfigurationPlatforms) = postSolution
		{D0BCD56A-41C4-4A4E-8590-26864CED07FF}.Debug|Any CPU.ActiveCfg = Debug|Any CPU
		{D0BCD56A-41C4-4A4E-8590-26864CED07FF}.Debug|Any CPU.Build.0 = Debug|Any CPU
		{D0BCD56A-41C4-4A4E-8590-26864CED07FF}.Release|Any CPU.ActiveCfg = Release|Any CPU
		{D0BCD56A-41C4-4A4E-8590-26864CED07FF}.Release|Any CPU.Build.0 = Release|Any CPU
		{D0BCD56A-41C4-4A4E-8590-26864CED07FF}.Win8Debug|Any CPU.ActiveCfg = Win8Debug|Any CPU
		{D0BCD56A-41C4-4A4E-8590-26864CED07FF}.Win8Debug|Any CPU.Build.0 = Win8Debug|Any CPU
		{D0BCD56A-41C4-4A4E-8590-26864CED07FF}.Win8Release|Any CPU.ActiveCfg = Win8Release|Any CPU
		{D0BCD56A-41C4-4A4E-8590-26864CED07FF}.Win8Release|Any CPU.Build.0 = Win8Release|Any CPU
		{361D3F81-A48A-47F2-80DF-CA4F9536CB4E}.Debug|Any CPU.ActiveCfg = Debug|Any CPU
		{361D3F81-A48A-47F2-80DF-CA4F9536CB4E}.Debug|Any CPU.Build.0 = Debug|Any CPU
		{361D3F81-A48A-47F2-80DF-CA4F9536CB4E}.Release|Any CPU.ActiveCfg = Release|Any CPU
		{361D3F81-A48A-47F2-80DF-CA4F9536CB4E}.Release|Any CPU.Build.0 = Release|Any CPU
		{361D3F81-A48A-47F2-80DF-CA4F9536CB4E}.Win8Debug|Any CPU.ActiveCfg = Win8Debug|Any CPU
		{361D3F81-A48A-47F2-80DF-CA4F9536CB4E}.Win8Debug|Any CPU.Build.0 = Win8Debug|Any CPU
		{361D3F81-A48A-47F2-80DF-CA4F9536CB4E}.Win8Release|Any CPU.ActiveCfg = Win8Release|Any CPU
		{361D3F81-A48A-47F2-80DF-CA4F9536CB4E}.Win8Release|Any CPU.Build.0 = Win8Release|Any CPU
		{C97878F4-1510-4BBA-8153-BD71DA7D50D8}.Debug|Any CPU.ActiveCfg = Debug|Any CPU
		{C97878F4-1510-4BBA-8153-BD71DA7D50D8}.Debug|Any CPU.Build.0 = Debug|Any CPU
		{C97878F4-1510-4BBA-8153-BD71DA7D50D8}.Release|Any CPU.ActiveCfg = Release|Any CPU
		{C97878F4-1510-4BBA-8153-BD71DA7D50D8}.Release|Any CPU.Build.0 = Release|Any CPU
		{C97878F4-1510-4BBA-8153-BD71DA7D50D8}.Win8Debug|Any CPU.ActiveCfg = Win8Debug|Any CPU
		{C97878F4-1510-4BBA-8153-BD71DA7D50D8}.Win8Debug|Any CPU.Build.0 = Win8Debug|Any CPU
		{C97878F4-1510-4BBA-8153-BD71DA7D50D8}.Win8Release|Any CPU.ActiveCfg = Win8Release|Any CPU
		{C97878F4-1510-4BBA-8153-BD71DA7D50D8}.Win8Release|Any CPU.Build.0 = Win8Release|Any CPU
		{618AFA87-81A8-4B1C-8876-5457D49F2DEF}.Debug|Any CPU.ActiveCfg = Debug|Any CPU
		{618AFA87-81A8-4B1C-8876-5457D49F2DEF}.Debug|Any CPU.Build.0 = Debug|Any CPU
		{618AFA87-81A8-4B1C-8876-5457D49F2DEF}.Release|Any CPU.ActiveCfg = Release|Any CPU
		{618AFA87-81A8-4B1C-8876-5457D49F2DEF}.Release|Any CPU.Build.0 = Release|Any CPU
		{618AFA87-81A8-4B1C-8876-5457D49F2DEF}.Win8Debug|Any CPU.ActiveCfg = Win8Debug|Any CPU
		{618AFA87-81A8-4B1C-8876-5457D49F2DEF}.Win8Debug|Any CPU.Build.0 = Win8Debug|Any CPU
		{618AFA87-81A8-4B1C-8876-5457D49F2DEF}.Win8Release|Any CPU.ActiveCfg = Win8Release|Any CPU
		{618AFA87-81A8-4B1C-8876-5457D49F2DEF}.Win8Release|Any CPU.Build.0 = Win8Release|Any CPU
		{736DFB52-1AFE-4EFF-9710-89046AB5B1F9}.Debug|Any CPU.ActiveCfg = Debug|Any CPU
		{736DFB52-1AFE-4EFF-9710-89046AB5B1F9}.Debug|Any CPU.Build.0 = Debug|Any CPU
		{736DFB52-1AFE-4EFF-9710-89046AB5B1F9}.Release|Any CPU.ActiveCfg = Release|Any CPU
		{736DFB52-1AFE-4EFF-9710-89046AB5B1F9}.Release|Any CPU.Build.0 = Release|Any CPU
		{736DFB52-1AFE-4EFF-9710-89046AB5B1F9}.Win8Debug|Any CPU.ActiveCfg = Win8Debug|Any CPU
		{736DFB52-1AFE-4EFF-9710-89046AB5B1F9}.Win8Debug|Any CPU.Build.0 = Win8Debug|Any CPU
		{736DFB52-1AFE-4EFF-9710-89046AB5B1F9}.Win8Release|Any CPU.ActiveCfg = Win8Release|Any CPU
		{736DFB52-1AFE-4EFF-9710-89046AB5B1F9}.Win8Release|Any CPU.Build.0 = Win8Release|Any CPU
		{E927F2D5-8E27-462A-8687-CB207EE01164}.Debug|Any CPU.ActiveCfg = Debug|Any CPU
		{E927F2D5-8E27-462A-8687-CB207EE01164}.Debug|Any CPU.Build.0 = Debug|Any CPU
		{E927F2D5-8E27-462A-8687-CB207EE01164}.Release|Any CPU.ActiveCfg = Release|Any CPU
		{E927F2D5-8E27-462A-8687-CB207EE01164}.Release|Any CPU.Build.0 = Release|Any CPU
		{E927F2D5-8E27-462A-8687-CB207EE01164}.Win8Debug|Any CPU.ActiveCfg = Win8Debug|Any CPU
		{E927F2D5-8E27-462A-8687-CB207EE01164}.Win8Release|Any CPU.ActiveCfg = Win8Release|Any CPU
		{3FC6DE77-B412-4101-9E64-6B9AA831179B}.Debug|Any CPU.ActiveCfg = Debug|Any CPU
		{3FC6DE77-B412-4101-9E64-6B9AA831179B}.Debug|Any CPU.Build.0 = Debug|Any CPU
		{3FC6DE77-B412-4101-9E64-6B9AA831179B}.Release|Any CPU.ActiveCfg = Release|Any CPU
		{3FC6DE77-B412-4101-9E64-6B9AA831179B}.Release|Any CPU.Build.0 = Release|Any CPU
		{3FC6DE77-B412-4101-9E64-6B9AA831179B}.Win8Debug|Any CPU.ActiveCfg = Win8Debug|Any CPU
		{3FC6DE77-B412-4101-9E64-6B9AA831179B}.Win8Debug|Any CPU.Build.0 = Win8Debug|Any CPU
		{3FC6DE77-B412-4101-9E64-6B9AA831179B}.Win8Release|Any CPU.ActiveCfg = Win8Release|Any CPU
		{3FC6DE77-B412-4101-9E64-6B9AA831179B}.Win8Release|Any CPU.Build.0 = Win8Release|Any CPU
		{947851F3-93A5-4FCF-93CF-60232FB7F56F}.Debug|Any CPU.ActiveCfg = Debug|Any CPU
		{947851F3-93A5-4FCF-93CF-60232FB7F56F}.Debug|Any CPU.Build.0 = Debug|Any CPU
		{947851F3-93A5-4FCF-93CF-60232FB7F56F}.Release|Any CPU.ActiveCfg = Release|Any CPU
		{947851F3-93A5-4FCF-93CF-60232FB7F56F}.Release|Any CPU.Build.0 = Release|Any CPU
		{947851F3-93A5-4FCF-93CF-60232FB7F56F}.Win8Debug|Any CPU.ActiveCfg = Win8Debug|Any CPU
		{947851F3-93A5-4FCF-93CF-60232FB7F56F}.Win8Debug|Any CPU.Build.0 = Win8Debug|Any CPU
		{947851F3-93A5-4FCF-93CF-60232FB7F56F}.Win8Release|Any CPU.ActiveCfg = Win8Release|Any CPU
		{947851F3-93A5-4FCF-93CF-60232FB7F56F}.Win8Release|Any CPU.Build.0 = Win8Release|Any CPU
		{4995127E-0B8E-45B8-80C4-6BAC1BBE3783}.Debug|Any CPU.ActiveCfg = Debug|Any CPU
		{4995127E-0B8E-45B8-80C4-6BAC1BBE3783}.Debug|Any CPU.Build.0 = Debug|Any CPU
		{4995127E-0B8E-45B8-80C4-6BAC1BBE3783}.Release|Any CPU.ActiveCfg = Release|Any CPU
		{4995127E-0B8E-45B8-80C4-6BAC1BBE3783}.Release|Any CPU.Build.0 = Release|Any CPU
		{4995127E-0B8E-45B8-80C4-6BAC1BBE3783}.Win8Debug|Any CPU.ActiveCfg = Win8Debug|Any CPU
		{4995127E-0B8E-45B8-80C4-6BAC1BBE3783}.Win8Debug|Any CPU.Build.0 = Win8Debug|Any CPU
		{4995127E-0B8E-45B8-80C4-6BAC1BBE3783}.Win8Release|Any CPU.ActiveCfg = Win8Release|Any CPU
		{4995127E-0B8E-45B8-80C4-6BAC1BBE3783}.Win8Release|Any CPU.Build.0 = Win8Release|Any CPU
		{93716298-9FA4-4002-AE0B-4C9F4705CCEA}.Debug|Any CPU.ActiveCfg = Debug|Any CPU
		{93716298-9FA4-4002-AE0B-4C9F4705CCEA}.Debug|Any CPU.Build.0 = Debug|Any CPU
		{93716298-9FA4-4002-AE0B-4C9F4705CCEA}.Release|Any CPU.ActiveCfg = Release|Any CPU
		{93716298-9FA4-4002-AE0B-4C9F4705CCEA}.Release|Any CPU.Build.0 = Release|Any CPU
		{93716298-9FA4-4002-AE0B-4C9F4705CCEA}.Win8Debug|Any CPU.ActiveCfg = Win8Debug|Any CPU
		{93716298-9FA4-4002-AE0B-4C9F4705CCEA}.Win8Release|Any CPU.ActiveCfg = Win8Release|Any CPU
		{482891B9-CC25-41F7-AA5C-CCBC73A1C638}.Debug|Any CPU.ActiveCfg = Debug|Any CPU
		{482891B9-CC25-41F7-AA5C-CCBC73A1C638}.Debug|Any CPU.Build.0 = Debug|Any CPU
		{482891B9-CC25-41F7-AA5C-CCBC73A1C638}.Release|Any CPU.ActiveCfg = Release|Any CPU
		{482891B9-CC25-41F7-AA5C-CCBC73A1C638}.Release|Any CPU.Build.0 = Release|Any CPU
		{482891B9-CC25-41F7-AA5C-CCBC73A1C638}.Win8Debug|Any CPU.ActiveCfg = Win8Debug|Any CPU
		{482891B9-CC25-41F7-AA5C-CCBC73A1C638}.Win8Release|Any CPU.ActiveCfg = Win8Release|Any CPU
		{BF4F383C-EEBD-464E-A588-3C066EBBF0B0}.Debug|Any CPU.ActiveCfg = Debug|Any CPU
		{BF4F383C-EEBD-464E-A588-3C066EBBF0B0}.Debug|Any CPU.Build.0 = Debug|Any CPU
		{BF4F383C-EEBD-464E-A588-3C066EBBF0B0}.Release|Any CPU.ActiveCfg = Release|Any CPU
		{BF4F383C-EEBD-464E-A588-3C066EBBF0B0}.Release|Any CPU.Build.0 = Release|Any CPU
		{BF4F383C-EEBD-464E-A588-3C066EBBF0B0}.Win8Debug|Any CPU.ActiveCfg = Win8Debug|Any CPU
		{BF4F383C-EEBD-464E-A588-3C066EBBF0B0}.Win8Release|Any CPU.ActiveCfg = Win8Release|Any CPU
		{BCE8E081-BD05-4A38-8DB9-7B0BC70AD879}.Debug|Any CPU.ActiveCfg = Debug|Any CPU
		{BCE8E081-BD05-4A38-8DB9-7B0BC70AD879}.Debug|Any CPU.Build.0 = Debug|Any CPU
		{BCE8E081-BD05-4A38-8DB9-7B0BC70AD879}.Release|Any CPU.ActiveCfg = Release|Any CPU
		{BCE8E081-BD05-4A38-8DB9-7B0BC70AD879}.Release|Any CPU.Build.0 = Release|Any CPU
		{BCE8E081-BD05-4A38-8DB9-7B0BC70AD879}.Win8Debug|Any CPU.ActiveCfg = Win8Debug|Any CPU
		{BCE8E081-BD05-4A38-8DB9-7B0BC70AD879}.Win8Release|Any CPU.ActiveCfg = Win8Release|Any CPU
		{F54F5361-F0E1-4D8E-8AB9-56A6EBFF1DBB}.Debug|Any CPU.ActiveCfg = Debug|Any CPU
		{F54F5361-F0E1-4D8E-8AB9-56A6EBFF1DBB}.Debug|Any CPU.Build.0 = Debug|Any CPU
		{F54F5361-F0E1-4D8E-8AB9-56A6EBFF1DBB}.Release|Any CPU.ActiveCfg = Release|Any CPU
		{F54F5361-F0E1-4D8E-8AB9-56A6EBFF1DBB}.Release|Any CPU.Build.0 = Release|Any CPU
		{F54F5361-F0E1-4D8E-8AB9-56A6EBFF1DBB}.Win8Debug|Any CPU.ActiveCfg = Win8Debug|Any CPU
		{F54F5361-F0E1-4D8E-8AB9-56A6EBFF1DBB}.Win8Release|Any CPU.ActiveCfg = Win8Release|Any CPU
		{99D1FCB5-2B3B-4E2E-9FDC-A5AF6F0970C5}.Debug|Any CPU.ActiveCfg = Debug|Any CPU
		{99D1FCB5-2B3B-4E2E-9FDC-A5AF6F0970C5}.Debug|Any CPU.Build.0 = Debug|Any CPU
		{99D1FCB5-2B3B-4E2E-9FDC-A5AF6F0970C5}.Release|Any CPU.ActiveCfg = Release|Any CPU
		{99D1FCB5-2B3B-4E2E-9FDC-A5AF6F0970C5}.Release|Any CPU.Build.0 = Release|Any CPU
		{99D1FCB5-2B3B-4E2E-9FDC-A5AF6F0970C5}.Win8Debug|Any CPU.ActiveCfg = Win8Debug|Any CPU
		{99D1FCB5-2B3B-4E2E-9FDC-A5AF6F0970C5}.Win8Release|Any CPU.ActiveCfg = Win8Release|Any CPU
		{059F3E22-F63A-40C0-AA30-13C673BFF1B3}.Debug|Any CPU.ActiveCfg = Debug|Any CPU
		{059F3E22-F63A-40C0-AA30-13C673BFF1B3}.Debug|Any CPU.Build.0 = Debug|Any CPU
		{059F3E22-F63A-40C0-AA30-13C673BFF1B3}.Release|Any CPU.ActiveCfg = Release|Any CPU
		{059F3E22-F63A-40C0-AA30-13C673BFF1B3}.Release|Any CPU.Build.0 = Release|Any CPU
		{059F3E22-F63A-40C0-AA30-13C673BFF1B3}.Win8Debug|Any CPU.ActiveCfg = Win8Debug|Any CPU
		{059F3E22-F63A-40C0-AA30-13C673BFF1B3}.Win8Release|Any CPU.ActiveCfg = Win8Release|Any CPU
		{E5DAD0AF-BFB8-4B65-ACED-0D4E9843DAB9}.Debug|Any CPU.ActiveCfg = Debug|Any CPU
		{E5DAD0AF-BFB8-4B65-ACED-0D4E9843DAB9}.Debug|Any CPU.Build.0 = Debug|Any CPU
		{E5DAD0AF-BFB8-4B65-ACED-0D4E9843DAB9}.Release|Any CPU.ActiveCfg = Release|Any CPU
		{E5DAD0AF-BFB8-4B65-ACED-0D4E9843DAB9}.Release|Any CPU.Build.0 = Release|Any CPU
		{E5DAD0AF-BFB8-4B65-ACED-0D4E9843DAB9}.Win8Debug|Any CPU.ActiveCfg = Win8Debug|Any CPU
		{E5DAD0AF-BFB8-4B65-ACED-0D4E9843DAB9}.Win8Release|Any CPU.ActiveCfg = Win8Release|Any CPU
		{3F1070EF-9739-4A32-941A-2B1705972E23}.Debug|Any CPU.ActiveCfg = Debug|Any CPU
		{3F1070EF-9739-4A32-941A-2B1705972E23}.Debug|Any CPU.Build.0 = Debug|Any CPU
		{3F1070EF-9739-4A32-941A-2B1705972E23}.Release|Any CPU.ActiveCfg = Release|Any CPU
		{3F1070EF-9739-4A32-941A-2B1705972E23}.Release|Any CPU.Build.0 = Release|Any CPU
		{3F1070EF-9739-4A32-941A-2B1705972E23}.Win8Debug|Any CPU.ActiveCfg = Win8Debug|Any CPU
		{3F1070EF-9739-4A32-941A-2B1705972E23}.Win8Release|Any CPU.ActiveCfg = Win8Release|Any CPU
		{A0A13A2D-9D57-4057-AA8C-A46D18B99354}.Debug|Any CPU.ActiveCfg = Debug|Any CPU
		{A0A13A2D-9D57-4057-AA8C-A46D18B99354}.Debug|Any CPU.Build.0 = Debug|Any CPU
		{A0A13A2D-9D57-4057-AA8C-A46D18B99354}.Release|Any CPU.ActiveCfg = Release|Any CPU
		{A0A13A2D-9D57-4057-AA8C-A46D18B99354}.Release|Any CPU.Build.0 = Release|Any CPU
		{A0A13A2D-9D57-4057-AA8C-A46D18B99354}.Win8Debug|Any CPU.ActiveCfg = Win8Debug|Any CPU
		{A0A13A2D-9D57-4057-AA8C-A46D18B99354}.Win8Release|Any CPU.ActiveCfg = Win8Release|Any CPU
		{AF76A4B1-9D3C-446F-B92C-8A56942B2D67}.Debug|Any CPU.ActiveCfg = Debug|Any CPU
		{AF76A4B1-9D3C-446F-B92C-8A56942B2D67}.Debug|Any CPU.Build.0 = Debug|Any CPU
		{AF76A4B1-9D3C-446F-B92C-8A56942B2D67}.Release|Any CPU.ActiveCfg = Release|Any CPU
		{AF76A4B1-9D3C-446F-B92C-8A56942B2D67}.Release|Any CPU.Build.0 = Release|Any CPU
		{AF76A4B1-9D3C-446F-B92C-8A56942B2D67}.Win8Debug|Any CPU.ActiveCfg = Win8Debug|Any CPU
		{AF76A4B1-9D3C-446F-B92C-8A56942B2D67}.Win8Release|Any CPU.ActiveCfg = Win8Release|Any CPU
		{C952671E-EA75-4DDF-99C9-6FC67781633C}.Debug|Any CPU.ActiveCfg = Debug|Any CPU
		{C952671E-EA75-4DDF-99C9-6FC67781633C}.Debug|Any CPU.Build.0 = Debug|Any CPU
		{C952671E-EA75-4DDF-99C9-6FC67781633C}.Release|Any CPU.ActiveCfg = Release|Any CPU
		{C952671E-EA75-4DDF-99C9-6FC67781633C}.Release|Any CPU.Build.0 = Release|Any CPU
		{C952671E-EA75-4DDF-99C9-6FC67781633C}.Win8Debug|Any CPU.ActiveCfg = Win8Debug|Any CPU
		{C952671E-EA75-4DDF-99C9-6FC67781633C}.Win8Release|Any CPU.ActiveCfg = Win8Release|Any CPU
		{6786268C-8580-40B2-8C34-8FEA9572DD20}.Debug|Any CPU.ActiveCfg = Debug|Any CPU
		{6786268C-8580-40B2-8C34-8FEA9572DD20}.Debug|Any CPU.Build.0 = Debug|Any CPU
		{6786268C-8580-40B2-8C34-8FEA9572DD20}.Release|Any CPU.ActiveCfg = Release|Any CPU
		{6786268C-8580-40B2-8C34-8FEA9572DD20}.Release|Any CPU.Build.0 = Release|Any CPU
		{6786268C-8580-40B2-8C34-8FEA9572DD20}.Win8Debug|Any CPU.ActiveCfg = Win8Debug|Any CPU
		{6786268C-8580-40B2-8C34-8FEA9572DD20}.Win8Release|Any CPU.ActiveCfg = Win8Release|Any CPU
		{6090207F-7295-4CDC-AE71-0E8238463E94}.Debug|Any CPU.ActiveCfg = Debug|Any CPU
		{6090207F-7295-4CDC-AE71-0E8238463E94}.Debug|Any CPU.Build.0 = Debug|Any CPU
		{6090207F-7295-4CDC-AE71-0E8238463E94}.Release|Any CPU.ActiveCfg = Release|Any CPU
		{6090207F-7295-4CDC-AE71-0E8238463E94}.Release|Any CPU.Build.0 = Release|Any CPU
		{6090207F-7295-4CDC-AE71-0E8238463E94}.Win8Debug|Any CPU.ActiveCfg = Win8Debug|Any CPU
		{6090207F-7295-4CDC-AE71-0E8238463E94}.Win8Release|Any CPU.ActiveCfg = Win8Release|Any CPU
		{57D0B221-7BA7-463B-A43D-828E07214F88}.Debug|Any CPU.ActiveCfg = Debug|Any CPU
		{57D0B221-7BA7-463B-A43D-828E07214F88}.Debug|Any CPU.Build.0 = Debug|Any CPU
		{57D0B221-7BA7-463B-A43D-828E07214F88}.Release|Any CPU.ActiveCfg = Release|Any CPU
		{57D0B221-7BA7-463B-A43D-828E07214F88}.Release|Any CPU.Build.0 = Release|Any CPU
		{57D0B221-7BA7-463B-A43D-828E07214F88}.Win8Debug|Any CPU.ActiveCfg = Win8Debug|Any CPU
		{57D0B221-7BA7-463B-A43D-828E07214F88}.Win8Release|Any CPU.ActiveCfg = Win8Release|Any CPU
		{0E89DC2D-C28E-49C1-9D0C-9B99C6B125B6}.Debug|Any CPU.ActiveCfg = Debug|Any CPU
		{0E89DC2D-C28E-49C1-9D0C-9B99C6B125B6}.Debug|Any CPU.Build.0 = Debug|Any CPU
		{0E89DC2D-C28E-49C1-9D0C-9B99C6B125B6}.Release|Any CPU.ActiveCfg = Release|Any CPU
		{0E89DC2D-C28E-49C1-9D0C-9B99C6B125B6}.Release|Any CPU.Build.0 = Release|Any CPU
		{0E89DC2D-C28E-49C1-9D0C-9B99C6B125B6}.Win8Debug|Any CPU.ActiveCfg = Win8Debug|Any CPU
		{0E89DC2D-C28E-49C1-9D0C-9B99C6B125B6}.Win8Release|Any CPU.ActiveCfg = Win8Release|Any CPU
		{B4D984DF-85B8-4BBF-8C3B-5CEF905F40D9}.Debug|Any CPU.ActiveCfg = Debug|Any CPU
		{B4D984DF-85B8-4BBF-8C3B-5CEF905F40D9}.Debug|Any CPU.Build.0 = Debug|Any CPU
		{B4D984DF-85B8-4BBF-8C3B-5CEF905F40D9}.Release|Any CPU.ActiveCfg = Release|Any CPU
		{B4D984DF-85B8-4BBF-8C3B-5CEF905F40D9}.Release|Any CPU.Build.0 = Release|Any CPU
		{B4D984DF-85B8-4BBF-8C3B-5CEF905F40D9}.Win8Debug|Any CPU.ActiveCfg = Win8Debug|Any CPU
		{B4D984DF-85B8-4BBF-8C3B-5CEF905F40D9}.Win8Release|Any CPU.ActiveCfg = Win8Release|Any CPU
		{112F146B-7C01-490B-B943-EA9341ACCAF2}.Debug|Any CPU.ActiveCfg = Debug|Any CPU
		{112F146B-7C01-490B-B943-EA9341ACCAF2}.Debug|Any CPU.Build.0 = Debug|Any CPU
		{112F146B-7C01-490B-B943-EA9341ACCAF2}.Release|Any CPU.ActiveCfg = Release|Any CPU
		{112F146B-7C01-490B-B943-EA9341ACCAF2}.Release|Any CPU.Build.0 = Release|Any CPU
		{112F146B-7C01-490B-B943-EA9341ACCAF2}.Win8Debug|Any CPU.ActiveCfg = Win8Debug|Any CPU
		{112F146B-7C01-490B-B943-EA9341ACCAF2}.Win8Release|Any CPU.ActiveCfg = Win8Release|Any CPU
		{9435EFE8-5875-42E8-983B-29298C4CE5FF}.Debug|Any CPU.ActiveCfg = Debug|Any CPU
		{9435EFE8-5875-42E8-983B-29298C4CE5FF}.Debug|Any CPU.Build.0 = Debug|Any CPU
		{9435EFE8-5875-42E8-983B-29298C4CE5FF}.Release|Any CPU.ActiveCfg = Release|Any CPU
		{9435EFE8-5875-42E8-983B-29298C4CE5FF}.Release|Any CPU.Build.0 = Release|Any CPU
		{9435EFE8-5875-42E8-983B-29298C4CE5FF}.Win8Debug|Any CPU.ActiveCfg = Win8Debug|Any CPU
		{9435EFE8-5875-42E8-983B-29298C4CE5FF}.Win8Debug|Any CPU.Build.0 = Win8Debug|Any CPU
		{9435EFE8-5875-42E8-983B-29298C4CE5FF}.Win8Release|Any CPU.ActiveCfg = Win8Release|Any CPU
		{9435EFE8-5875-42E8-983B-29298C4CE5FF}.Win8Release|Any CPU.Build.0 = Win8Release|Any CPU
		{4E2D9A17-2195-4A51-AAE3-924517440293}.Debug|Any CPU.ActiveCfg = Debug|Any CPU
		{4E2D9A17-2195-4A51-AAE3-924517440293}.Debug|Any CPU.Build.0 = Debug|Any CPU
		{4E2D9A17-2195-4A51-AAE3-924517440293}.Release|Any CPU.ActiveCfg = Release|Any CPU
		{4E2D9A17-2195-4A51-AAE3-924517440293}.Release|Any CPU.Build.0 = Release|Any CPU
		{4E2D9A17-2195-4A51-AAE3-924517440293}.Win8Debug|Any CPU.ActiveCfg = Win8Debug|Any CPU
		{4E2D9A17-2195-4A51-AAE3-924517440293}.Win8Debug|Any CPU.Build.0 = Win8Debug|Any CPU
		{4E2D9A17-2195-4A51-AAE3-924517440293}.Win8Release|Any CPU.ActiveCfg = Win8Release|Any CPU
		{4E2D9A17-2195-4A51-AAE3-924517440293}.Win8Release|Any CPU.Build.0 = Win8Release|Any CPU
		{87848A62-C3E8-44CF-9D36-B8B7AD677B01}.Debug|Any CPU.ActiveCfg = Debug|Any CPU
		{87848A62-C3E8-44CF-9D36-B8B7AD677B01}.Debug|Any CPU.Build.0 = Debug|Any CPU
		{87848A62-C3E8-44CF-9D36-B8B7AD677B01}.Release|Any CPU.ActiveCfg = Release|Any CPU
		{87848A62-C3E8-44CF-9D36-B8B7AD677B01}.Release|Any CPU.Build.0 = Release|Any CPU
		{87848A62-C3E8-44CF-9D36-B8B7AD677B01}.Win8Debug|Any CPU.ActiveCfg = Win8Debug|Any CPU
		{87848A62-C3E8-44CF-9D36-B8B7AD677B01}.Win8Debug|Any CPU.Build.0 = Win8Debug|Any CPU
		{87848A62-C3E8-44CF-9D36-B8B7AD677B01}.Win8Release|Any CPU.ActiveCfg = Win8Release|Any CPU
		{87848A62-C3E8-44CF-9D36-B8B7AD677B01}.Win8Release|Any CPU.Build.0 = Win8Release|Any CPU
		{31F85A16-CB01-4456-BE3C-76E9FF3A1343}.Debug|Any CPU.ActiveCfg = Debug|Any CPU
		{31F85A16-CB01-4456-BE3C-76E9FF3A1343}.Debug|Any CPU.Build.0 = Debug|Any CPU
		{31F85A16-CB01-4456-BE3C-76E9FF3A1343}.Release|Any CPU.ActiveCfg = Release|Any CPU
		{31F85A16-CB01-4456-BE3C-76E9FF3A1343}.Release|Any CPU.Build.0 = Release|Any CPU
		{31F85A16-CB01-4456-BE3C-76E9FF3A1343}.Win8Debug|Any CPU.ActiveCfg = Win8Debug|Any CPU
		{31F85A16-CB01-4456-BE3C-76E9FF3A1343}.Win8Debug|Any CPU.Build.0 = Win8Debug|Any CPU
		{31F85A16-CB01-4456-BE3C-76E9FF3A1343}.Win8Release|Any CPU.ActiveCfg = Win8Release|Any CPU
		{31F85A16-CB01-4456-BE3C-76E9FF3A1343}.Win8Release|Any CPU.Build.0 = Win8Release|Any CPU
		{5E597A82-9DE9-4BA5-AD76-51202190E951}.Debug|Any CPU.ActiveCfg = Debug|Any CPU
		{5E597A82-9DE9-4BA5-AD76-51202190E951}.Debug|Any CPU.Build.0 = Debug|Any CPU
		{5E597A82-9DE9-4BA5-AD76-51202190E951}.Release|Any CPU.ActiveCfg = Release|Any CPU
		{5E597A82-9DE9-4BA5-AD76-51202190E951}.Release|Any CPU.Build.0 = Release|Any CPU
		{5E597A82-9DE9-4BA5-AD76-51202190E951}.Win8Debug|Any CPU.ActiveCfg = Win8Debug|Any CPU
		{5E597A82-9DE9-4BA5-AD76-51202190E951}.Win8Debug|Any CPU.Build.0 = Win8Debug|Any CPU
		{5E597A82-9DE9-4BA5-AD76-51202190E951}.Win8Release|Any CPU.ActiveCfg = Win8Release|Any CPU
		{5E597A82-9DE9-4BA5-AD76-51202190E951}.Win8Release|Any CPU.Build.0 = Win8Release|Any CPU
		{003655D0-CC78-411F-AD2D-655E03927827}.Debug|Any CPU.ActiveCfg = Debug|Any CPU
		{003655D0-CC78-411F-AD2D-655E03927827}.Debug|Any CPU.Build.0 = Debug|Any CPU
		{003655D0-CC78-411F-AD2D-655E03927827}.Release|Any CPU.ActiveCfg = Release|Any CPU
		{003655D0-CC78-411F-AD2D-655E03927827}.Release|Any CPU.Build.0 = Release|Any CPU
		{003655D0-CC78-411F-AD2D-655E03927827}.Win8Debug|Any CPU.ActiveCfg = Win8Debug|Any CPU
		{003655D0-CC78-411F-AD2D-655E03927827}.Win8Debug|Any CPU.Build.0 = Win8Debug|Any CPU
		{003655D0-CC78-411F-AD2D-655E03927827}.Win8Release|Any CPU.ActiveCfg = Win8Release|Any CPU
		{003655D0-CC78-411F-AD2D-655E03927827}.Win8Release|Any CPU.Build.0 = Win8Release|Any CPU
		{9AA405CA-B7FD-44D0-9EBC-21F5D0F44DEB}.Debug|Any CPU.ActiveCfg = Debug|Any CPU
		{9AA405CA-B7FD-44D0-9EBC-21F5D0F44DEB}.Release|Any CPU.ActiveCfg = Release|Any CPU
		{9AA405CA-B7FD-44D0-9EBC-21F5D0F44DEB}.Win8Debug|Any CPU.ActiveCfg = Win8Debug|Any CPU
		{9AA405CA-B7FD-44D0-9EBC-21F5D0F44DEB}.Win8Release|Any CPU.ActiveCfg = Win8Release|Any CPU
		{8247C384-795D-432B-A7A1-FB3632E2A5F3}.Debug|Any CPU.ActiveCfg = Debug|Any CPU
		{8247C384-795D-432B-A7A1-FB3632E2A5F3}.Debug|Any CPU.Build.0 = Debug|Any CPU
		{8247C384-795D-432B-A7A1-FB3632E2A5F3}.Release|Any CPU.ActiveCfg = Release|Any CPU
		{8247C384-795D-432B-A7A1-FB3632E2A5F3}.Release|Any CPU.Build.0 = Release|Any CPU
		{8247C384-795D-432B-A7A1-FB3632E2A5F3}.Win8Debug|Any CPU.ActiveCfg = Win8Debug|Any CPU
		{8247C384-795D-432B-A7A1-FB3632E2A5F3}.Win8Debug|Any CPU.Build.0 = Win8Debug|Any CPU
		{8247C384-795D-432B-A7A1-FB3632E2A5F3}.Win8Release|Any CPU.ActiveCfg = Win8Release|Any CPU
		{8247C384-795D-432B-A7A1-FB3632E2A5F3}.Win8Release|Any CPU.Build.0 = Win8Release|Any CPU
		{9C904B7C-65F6-4AF2-8502-1183D00E5E0C}.Debug|Any CPU.ActiveCfg = Debug|Any CPU
		{9C904B7C-65F6-4AF2-8502-1183D00E5E0C}.Debug|Any CPU.Build.0 = Debug|Any CPU
		{9C904B7C-65F6-4AF2-8502-1183D00E5E0C}.Release|Any CPU.ActiveCfg = Release|Any CPU
		{9C904B7C-65F6-4AF2-8502-1183D00E5E0C}.Release|Any CPU.Build.0 = Release|Any CPU
		{9C904B7C-65F6-4AF2-8502-1183D00E5E0C}.Win8Debug|Any CPU.ActiveCfg = Win8Debug|Any CPU
		{9C904B7C-65F6-4AF2-8502-1183D00E5E0C}.Win8Release|Any CPU.ActiveCfg = Win8Release|Any CPU
		{93DAB3C7-0E86-43F8-92D0-7E80E2CC058F}.Debug|Any CPU.ActiveCfg = Debug|Any CPU
		{93DAB3C7-0E86-43F8-92D0-7E80E2CC058F}.Debug|Any CPU.Build.0 = Debug|Any CPU
		{93DAB3C7-0E86-43F8-92D0-7E80E2CC058F}.Release|Any CPU.ActiveCfg = Release|Any CPU
		{93DAB3C7-0E86-43F8-92D0-7E80E2CC058F}.Release|Any CPU.Build.0 = Release|Any CPU
		{93DAB3C7-0E86-43F8-92D0-7E80E2CC058F}.Win8Debug|Any CPU.ActiveCfg = Win8Debug|Any CPU
		{93DAB3C7-0E86-43F8-92D0-7E80E2CC058F}.Win8Release|Any CPU.ActiveCfg = Win8Release|Any CPU
		{AB183A0E-36DF-4C01-B46F-413F4070C43D}.Debug|Any CPU.ActiveCfg = Debug|Any CPU
		{AB183A0E-36DF-4C01-B46F-413F4070C43D}.Debug|Any CPU.Build.0 = Debug|Any CPU
		{AB183A0E-36DF-4C01-B46F-413F4070C43D}.Release|Any CPU.ActiveCfg = Release|Any CPU
		{AB183A0E-36DF-4C01-B46F-413F4070C43D}.Release|Any CPU.Build.0 = Release|Any CPU
		{AB183A0E-36DF-4C01-B46F-413F4070C43D}.Win8Debug|Any CPU.ActiveCfg = Win8Debug|Any CPU
		{AB183A0E-36DF-4C01-B46F-413F4070C43D}.Win8Release|Any CPU.ActiveCfg = Win8Release|Any CPU
		{35774633-98A0-464E-AFDE-A567D5D9B370}.Debug|Any CPU.ActiveCfg = Debug|Any CPU
		{35774633-98A0-464E-AFDE-A567D5D9B370}.Debug|Any CPU.Build.0 = Debug|Any CPU
		{35774633-98A0-464E-AFDE-A567D5D9B370}.Release|Any CPU.ActiveCfg = Release|Any CPU
		{35774633-98A0-464E-AFDE-A567D5D9B370}.Release|Any CPU.Build.0 = Release|Any CPU
		{35774633-98A0-464E-AFDE-A567D5D9B370}.Win8Debug|Any CPU.ActiveCfg = Win8Debug|Any CPU
		{35774633-98A0-464E-AFDE-A567D5D9B370}.Win8Release|Any CPU.ActiveCfg = Win8Release|Any CPU
		{046C5D40-A52E-4442-88A9-1A5DDF370A5E}.Debug|Any CPU.ActiveCfg = Debug|Any CPU
		{046C5D40-A52E-4442-88A9-1A5DDF370A5E}.Debug|Any CPU.Build.0 = Debug|Any CPU
		{046C5D40-A52E-4442-88A9-1A5DDF370A5E}.Release|Any CPU.ActiveCfg = Release|Any CPU
		{046C5D40-A52E-4442-88A9-1A5DDF370A5E}.Release|Any CPU.Build.0 = Release|Any CPU
		{046C5D40-A52E-4442-88A9-1A5DDF370A5E}.Win8Debug|Any CPU.ActiveCfg = Win8Debug|Any CPU
		{046C5D40-A52E-4442-88A9-1A5DDF370A5E}.Win8Release|Any CPU.ActiveCfg = Win8Release|Any CPU
		{33E5C039-F96D-49FD-93A4-912D8C67DEFF}.Debug|Any CPU.ActiveCfg = Debug|Any CPU
		{33E5C039-F96D-49FD-93A4-912D8C67DEFF}.Debug|Any CPU.Build.0 = Debug|Any CPU
		{33E5C039-F96D-49FD-93A4-912D8C67DEFF}.Release|Any CPU.ActiveCfg = Release|Any CPU
		{33E5C039-F96D-49FD-93A4-912D8C67DEFF}.Release|Any CPU.Build.0 = Release|Any CPU
		{33E5C039-F96D-49FD-93A4-912D8C67DEFF}.Win8Debug|Any CPU.ActiveCfg = Win8Debug|Any CPU
		{33E5C039-F96D-49FD-93A4-912D8C67DEFF}.Win8Release|Any CPU.ActiveCfg = Win8Release|Any CPU
		{4939860C-5D5B-4D56-89C8-1980A9EBB392}.Debug|Any CPU.ActiveCfg = Debug|Any CPU
		{4939860C-5D5B-4D56-89C8-1980A9EBB392}.Debug|Any CPU.Build.0 = Debug|Any CPU
		{4939860C-5D5B-4D56-89C8-1980A9EBB392}.Release|Any CPU.ActiveCfg = Release|Any CPU
		{4939860C-5D5B-4D56-89C8-1980A9EBB392}.Release|Any CPU.Build.0 = Release|Any CPU
		{4939860C-5D5B-4D56-89C8-1980A9EBB392}.Win8Debug|Any CPU.ActiveCfg = Win8Debug|Any CPU
		{4939860C-5D5B-4D56-89C8-1980A9EBB392}.Win8Release|Any CPU.ActiveCfg = Win8Release|Any CPU
		{2319533A-1569-40AA-A435-FB791747FB60}.Debug|Any CPU.ActiveCfg = Debug|Any CPU
		{2319533A-1569-40AA-A435-FB791747FB60}.Debug|Any CPU.Build.0 = Debug|Any CPU
		{2319533A-1569-40AA-A435-FB791747FB60}.Release|Any CPU.ActiveCfg = Release|Any CPU
		{2319533A-1569-40AA-A435-FB791747FB60}.Release|Any CPU.Build.0 = Release|Any CPU
		{2319533A-1569-40AA-A435-FB791747FB60}.Win8Debug|Any CPU.ActiveCfg = Win8Debug|Any CPU
		{2319533A-1569-40AA-A435-FB791747FB60}.Win8Release|Any CPU.ActiveCfg = Win8Release|Any CPU
		{A4BEB287-F2CF-471F-B432-A348E3680A1D}.Debug|Any CPU.ActiveCfg = Debug|Any CPU
		{A4BEB287-F2CF-471F-B432-A348E3680A1D}.Debug|Any CPU.Build.0 = Debug|Any CPU
		{A4BEB287-F2CF-471F-B432-A348E3680A1D}.Release|Any CPU.ActiveCfg = Release|Any CPU
		{A4BEB287-F2CF-471F-B432-A348E3680A1D}.Release|Any CPU.Build.0 = Release|Any CPU
		{A4BEB287-F2CF-471F-B432-A348E3680A1D}.Win8Debug|Any CPU.ActiveCfg = Win8Debug|Any CPU
		{A4BEB287-F2CF-471F-B432-A348E3680A1D}.Win8Release|Any CPU.ActiveCfg = Win8Release|Any CPU
		{05D17A7B-F200-48C0-B8F9-B7211665A17F}.Debug|Any CPU.ActiveCfg = Debug|Any CPU
		{05D17A7B-F200-48C0-B8F9-B7211665A17F}.Debug|Any CPU.Build.0 = Debug|Any CPU
		{05D17A7B-F200-48C0-B8F9-B7211665A17F}.Release|Any CPU.ActiveCfg = Release|Any CPU
		{05D17A7B-F200-48C0-B8F9-B7211665A17F}.Release|Any CPU.Build.0 = Release|Any CPU
		{05D17A7B-F200-48C0-B8F9-B7211665A17F}.Win8Debug|Any CPU.ActiveCfg = Win8Debug|Any CPU
		{05D17A7B-F200-48C0-B8F9-B7211665A17F}.Win8Debug|Any CPU.Build.0 = Win8Debug|Any CPU
		{05D17A7B-F200-48C0-B8F9-B7211665A17F}.Win8Release|Any CPU.ActiveCfg = Win8Release|Any CPU
		{05D17A7B-F200-48C0-B8F9-B7211665A17F}.Win8Release|Any CPU.Build.0 = Win8Release|Any CPU
		{764D7CE5-F78B-432E-A849-E40BA44522D6}.Debug|Any CPU.ActiveCfg = Debug|Any CPU
		{764D7CE5-F78B-432E-A849-E40BA44522D6}.Debug|Any CPU.Build.0 = Debug|Any CPU
		{764D7CE5-F78B-432E-A849-E40BA44522D6}.Release|Any CPU.ActiveCfg = Release|Any CPU
		{764D7CE5-F78B-432E-A849-E40BA44522D6}.Release|Any CPU.Build.0 = Release|Any CPU
		{764D7CE5-F78B-432E-A849-E40BA44522D6}.Win8Debug|Any CPU.ActiveCfg = Win8Debug|Any CPU
		{764D7CE5-F78B-432E-A849-E40BA44522D6}.Win8Debug|Any CPU.Build.0 = Win8Debug|Any CPU
		{764D7CE5-F78B-432E-A849-E40BA44522D6}.Win8Release|Any CPU.ActiveCfg = Win8Release|Any CPU
		{764D7CE5-F78B-432E-A849-E40BA44522D6}.Win8Release|Any CPU.Build.0 = Win8Release|Any CPU
		{FF907522-E5A4-4AF0-8B74-4700545B3718}.Debug|Any CPU.ActiveCfg = Debug|Any CPU
		{FF907522-E5A4-4AF0-8B74-4700545B3718}.Debug|Any CPU.Build.0 = Debug|Any CPU
		{FF907522-E5A4-4AF0-8B74-4700545B3718}.Release|Any CPU.ActiveCfg = Release|Any CPU
		{FF907522-E5A4-4AF0-8B74-4700545B3718}.Release|Any CPU.Build.0 = Release|Any CPU
		{FF907522-E5A4-4AF0-8B74-4700545B3718}.Win8Debug|Any CPU.ActiveCfg = Win8Debug|Any CPU
		{FF907522-E5A4-4AF0-8B74-4700545B3718}.Win8Release|Any CPU.ActiveCfg = Win8Release|Any CPU
		{8D9B8BB6-2898-4B18-AEAB-DBC1097D0317}.Debug|Any CPU.ActiveCfg = Debug|Any CPU
		{8D9B8BB6-2898-4B18-AEAB-DBC1097D0317}.Debug|Any CPU.Build.0 = Debug|Any CPU
		{8D9B8BB6-2898-4B18-AEAB-DBC1097D0317}.Release|Any CPU.ActiveCfg = Release|Any CPU
		{8D9B8BB6-2898-4B18-AEAB-DBC1097D0317}.Release|Any CPU.Build.0 = Release|Any CPU
		{8D9B8BB6-2898-4B18-AEAB-DBC1097D0317}.Win8Debug|Any CPU.ActiveCfg = Win8Debug|Any CPU
		{8D9B8BB6-2898-4B18-AEAB-DBC1097D0317}.Win8Release|Any CPU.ActiveCfg = Win8Release|Any CPU
		{40459A41-B07C-4060-B9FC-29DC5C891126}.Debug|Any CPU.ActiveCfg = Debug|Any CPU
		{40459A41-B07C-4060-B9FC-29DC5C891126}.Debug|Any CPU.Build.0 = Debug|Any CPU
		{40459A41-B07C-4060-B9FC-29DC5C891126}.Release|Any CPU.ActiveCfg = Release|Any CPU
		{40459A41-B07C-4060-B9FC-29DC5C891126}.Release|Any CPU.Build.0 = Release|Any CPU
		{40459A41-B07C-4060-B9FC-29DC5C891126}.Win8Debug|Any CPU.ActiveCfg = Win8Debug|Any CPU
		{40459A41-B07C-4060-B9FC-29DC5C891126}.Win8Release|Any CPU.ActiveCfg = Win8Release|Any CPU
		{3DED1931-EF2B-455C-BF74-124F508A3E38}.Debug|Any CPU.ActiveCfg = Debug|Any CPU
		{3DED1931-EF2B-455C-BF74-124F508A3E38}.Debug|Any CPU.Build.0 = Debug|Any CPU
		{3DED1931-EF2B-455C-BF74-124F508A3E38}.Release|Any CPU.ActiveCfg = Release|Any CPU
		{3DED1931-EF2B-455C-BF74-124F508A3E38}.Release|Any CPU.Build.0 = Release|Any CPU
		{3DED1931-EF2B-455C-BF74-124F508A3E38}.Win8Debug|Any CPU.ActiveCfg = Win8Debug|Any CPU
		{3DED1931-EF2B-455C-BF74-124F508A3E38}.Win8Release|Any CPU.ActiveCfg = Win8Release|Any CPU
		{3177A431-E344-4395-A5E7-F54DE5A1D397}.Debug|Any CPU.ActiveCfg = Debug|Any CPU
		{3177A431-E344-4395-A5E7-F54DE5A1D397}.Debug|Any CPU.Build.0 = Debug|Any CPU
		{3177A431-E344-4395-A5E7-F54DE5A1D397}.Release|Any CPU.ActiveCfg = Release|Any CPU
		{3177A431-E344-4395-A5E7-F54DE5A1D397}.Release|Any CPU.Build.0 = Release|Any CPU
		{3177A431-E344-4395-A5E7-F54DE5A1D397}.Win8Debug|Any CPU.ActiveCfg = Win8Debug|Any CPU
		{3177A431-E344-4395-A5E7-F54DE5A1D397}.Win8Release|Any CPU.ActiveCfg = Win8Release|Any CPU
	EndGlobalSection
	GlobalSection(SolutionProperties) = preSolution
		HideSolutionNode = FALSE
	EndGlobalSection
	GlobalSection(NestedProjects) = preSolution
		{D0BCD56A-41C4-4A4E-8590-26864CED07FF} = {CC8DB471-0644-430D-9D4B-808A2475BEC0}
		{361D3F81-A48A-47F2-80DF-CA4F9536CB4E} = {CC8DB471-0644-430D-9D4B-808A2475BEC0}
		{C97878F4-1510-4BBA-8153-BD71DA7D50D8} = {CC8DB471-0644-430D-9D4B-808A2475BEC0}
		{618AFA87-81A8-4B1C-8876-5457D49F2DEF} = {CC8DB471-0644-430D-9D4B-808A2475BEC0}
		{736DFB52-1AFE-4EFF-9710-89046AB5B1F9} = {CC8DB471-0644-430D-9D4B-808A2475BEC0}
		{E927F2D5-8E27-462A-8687-CB207EE01164} = {CC8DB471-0644-430D-9D4B-808A2475BEC0}
		{3FC6DE77-B412-4101-9E64-6B9AA831179B} = {CC8DB471-0644-430D-9D4B-808A2475BEC0}
		{947851F3-93A5-4FCF-93CF-60232FB7F56F} = {CC8DB471-0644-430D-9D4B-808A2475BEC0}
		{4995127E-0B8E-45B8-80C4-6BAC1BBE3783} = {CC8DB471-0644-430D-9D4B-808A2475BEC0}
		{B4D984DF-85B8-4BBF-8C3B-5CEF905F40D9} = {CC8DB471-0644-430D-9D4B-808A2475BEC0}
		{112F146B-7C01-490B-B943-EA9341ACCAF2} = {CC8DB471-0644-430D-9D4B-808A2475BEC0}
		{003655D0-CC78-411F-AD2D-655E03927827} = {CC8DB471-0644-430D-9D4B-808A2475BEC0}
		{046C5D40-A52E-4442-88A9-1A5DDF370A5E} = {CC8DB471-0644-430D-9D4B-808A2475BEC0}
		{4939860C-5D5B-4D56-89C8-1980A9EBB392} = {CC8DB471-0644-430D-9D4B-808A2475BEC0}
		{05D17A7B-F200-48C0-B8F9-B7211665A17F} = {CC8DB471-0644-430D-9D4B-808A2475BEC0}
		{764D7CE5-F78B-432E-A849-E40BA44522D6} = {CC8DB471-0644-430D-9D4B-808A2475BEC0}
		{D2FAB586-CD10-4944-A613-54466FD13470} = {E8942E09-FD2E-4ED1-9724-623262BC2A9F}
		{266A5143-B087-4570-8015-0DA34C30F745} = {E8942E09-FD2E-4ED1-9724-623262BC2A9F}
		{BCC9F1CD-AF92-4ABF-B810-BD4F4B5C93AE} = {E8942E09-FD2E-4ED1-9724-623262BC2A9F}
		{634A8292-E7E1-40E0-9205-9595B1003856} = {E8942E09-FD2E-4ED1-9724-623262BC2A9F}
		{CB52BD79-49DE-4E78-BF35-94A6A841FC1F} = {E8942E09-FD2E-4ED1-9724-623262BC2A9F}
		{04006258-0DF9-4C91-9733-0CBD283D3671} = {E8942E09-FD2E-4ED1-9724-623262BC2A9F}
		{ADBEC307-3062-4B94-A076-5D42F3A42130} = {E8942E09-FD2E-4ED1-9724-623262BC2A9F}
		{FD599E7A-5842-4BCD-ADF9-01AC4FCE1641} = {E8942E09-FD2E-4ED1-9724-623262BC2A9F}
		{A127F8C2-EC52-47C1-8E95-DBBD844B415D} = {E8942E09-FD2E-4ED1-9724-623262BC2A9F}
		{194180A9-89CE-4274-B5A8-51EAFD1C5791} = {E8942E09-FD2E-4ED1-9724-623262BC2A9F}
		{66793FFE-5B5C-41C3-9BD9-5F07E6B8F2FE} = {E8942E09-FD2E-4ED1-9724-623262BC2A9F}
		{A29AD0F6-05CC-478B-95EF-55B209A84787} = {E8942E09-FD2E-4ED1-9724-623262BC2A9F}
		{9435EFE8-5875-42E8-983B-29298C4CE5FF} = {F1AF9A3B-7856-46C9-992A-391E5455BF1F}
		{4E2D9A17-2195-4A51-AAE3-924517440293} = {F1AF9A3B-7856-46C9-992A-391E5455BF1F}
		{87848A62-C3E8-44CF-9D36-B8B7AD677B01} = {F1AF9A3B-7856-46C9-992A-391E5455BF1F}
		{31F85A16-CB01-4456-BE3C-76E9FF3A1343} = {F1AF9A3B-7856-46C9-992A-391E5455BF1F}
		{5E597A82-9DE9-4BA5-AD76-51202190E951} = {F1AF9A3B-7856-46C9-992A-391E5455BF1F}
		{8247C384-795D-432B-A7A1-FB3632E2A5F3} = {F1AF9A3B-7856-46C9-992A-391E5455BF1F}
		{F54F5361-F0E1-4D8E-8AB9-56A6EBFF1DBB} = {D2FAB586-CD10-4944-A613-54466FD13470}
		{A0A13A2D-9D57-4057-AA8C-A46D18B99354} = {D2FAB586-CD10-4944-A613-54466FD13470}
		{40459A41-B07C-4060-B9FC-29DC5C891126} = {D2FAB586-CD10-4944-A613-54466FD13470}
		{3177A431-E344-4395-A5E7-F54DE5A1D397} = {D2FAB586-CD10-4944-A613-54466FD13470}
		{99D1FCB5-2B3B-4E2E-9FDC-A5AF6F0970C5} = {266A5143-B087-4570-8015-0DA34C30F745}
		{35774633-98A0-464E-AFDE-A567D5D9B370} = {266A5143-B087-4570-8015-0DA34C30F745}
		{3DED1931-EF2B-455C-BF74-124F508A3E38} = {266A5143-B087-4570-8015-0DA34C30F745}
		{482891B9-CC25-41F7-AA5C-CCBC73A1C638} = {BCC9F1CD-AF92-4ABF-B810-BD4F4B5C93AE}
		{BF4F383C-EEBD-464E-A588-3C066EBBF0B0} = {BCC9F1CD-AF92-4ABF-B810-BD4F4B5C93AE}
		{BCE8E081-BD05-4A38-8DB9-7B0BC70AD879} = {BCC9F1CD-AF92-4ABF-B810-BD4F4B5C93AE}
		{AB183A0E-36DF-4C01-B46F-413F4070C43D} = {BCC9F1CD-AF92-4ABF-B810-BD4F4B5C93AE}
		{8D9B8BB6-2898-4B18-AEAB-DBC1097D0317} = {BCC9F1CD-AF92-4ABF-B810-BD4F4B5C93AE}
		{93716298-9FA4-4002-AE0B-4C9F4705CCEA} = {634A8292-E7E1-40E0-9205-9595B1003856}
		{E5DAD0AF-BFB8-4B65-ACED-0D4E9843DAB9} = {CB52BD79-49DE-4E78-BF35-94A6A841FC1F}
		{3F1070EF-9739-4A32-941A-2B1705972E23} = {CB52BD79-49DE-4E78-BF35-94A6A841FC1F}
		{2319533A-1569-40AA-A435-FB791747FB60} = {CB52BD79-49DE-4E78-BF35-94A6A841FC1F}
		{059F3E22-F63A-40C0-AA30-13C673BFF1B3} = {04006258-0DF9-4C91-9733-0CBD283D3671}
		{AF76A4B1-9D3C-446F-B92C-8A56942B2D67} = {ADBEC307-3062-4B94-A076-5D42F3A42130}
		{C952671E-EA75-4DDF-99C9-6FC67781633C} = {ADBEC307-3062-4B94-A076-5D42F3A42130}
		{6786268C-8580-40B2-8C34-8FEA9572DD20} = {ADBEC307-3062-4B94-A076-5D42F3A42130}
		{6090207F-7295-4CDC-AE71-0E8238463E94} = {ADBEC307-3062-4B94-A076-5D42F3A42130}
		{57D0B221-7BA7-463B-A43D-828E07214F88} = {ADBEC307-3062-4B94-A076-5D42F3A42130}
		{0E89DC2D-C28E-49C1-9D0C-9B99C6B125B6} = {ADBEC307-3062-4B94-A076-5D42F3A42130}
		{9C904B7C-65F6-4AF2-8502-1183D00E5E0C} = {FD599E7A-5842-4BCD-ADF9-01AC4FCE1641}
		{93DAB3C7-0E86-43F8-92D0-7E80E2CC058F} = {A127F8C2-EC52-47C1-8E95-DBBD844B415D}
		{9AA405CA-B7FD-44D0-9EBC-21F5D0F44DEB} = {57C5C966-ADB2-43F2-BB54-99BCB56C9F10}
		{33E5C039-F96D-49FD-93A4-912D8C67DEFF} = {194180A9-89CE-4274-B5A8-51EAFD1C5791}
		{A4BEB287-F2CF-471F-B432-A348E3680A1D} = {66793FFE-5B5C-41C3-9BD9-5F07E6B8F2FE}
		{FF907522-E5A4-4AF0-8B74-4700545B3718} = {A29AD0F6-05CC-478B-95EF-55B209A84787}
	EndGlobalSection
EndGlobal
