
Microsoft Visual Studio Solution File, Format Version 12.00
# Visual Studio 2012
Project("{FAE04EC0-301F-11D3-BF4B-00C04F79EFBC}") = "HelloWorld.Desktop", "Toolkit\Desktop\HelloWorld\HelloWorld.Desktop.csproj", "{05D111D6-C8FD-4DA4-B6C0-8C47E7081C3F}"
EndProject
Project("{FAE04EC0-301F-11D3-BF4B-00C04F79EFBC}") = "CustomEffect.Desktop", "Toolkit\Desktop\CustomEffect\CustomEffect.Desktop.csproj", "{0C9A4884-6357-4392-9341-27B43E195456}"
EndProject
Project("{FAE04EC0-301F-11D3-BF4B-00C04F79EFBC}") = "MiniCube.Desktop", "Toolkit\Desktop\MiniCube\MiniCube.Desktop.csproj", "{0B991266-369E-460C-86D5-7F91407E5407}"
EndProject
Project("{FAE04EC0-301F-11D3-BF4B-00C04F79EFBC}") = "SpriteBatchAndFont.Desktop", "Toolkit\Desktop\SpriteBatchAndFont\SpriteBatchAndFont.Desktop.csproj", "{618171D7-F09F-4C05-AE09-CFA4C4E9C53B}"
EndProject
Project("{FAE04EC0-301F-11D3-BF4B-00C04F79EFBC}") = "CustomEffect.WinRT", "Toolkit\WinRT\CustomEffect\CustomEffect.WinRT.csproj", "{253B1281-7088-474A-80EA-D7CC5D2015F9}"
EndProject
Project("{FAE04EC0-301F-11D3-BF4B-00C04F79EFBC}") = "CustomEffect.WinRTXaml", "Toolkit\WinRT\CustomEffect\CustomEffect.WinRTXaml.csproj", "{229164CC-9EBD-4C7A-AC53-EB3699866010}"
EndProject
Project("{FAE04EC0-301F-11D3-BF4B-00C04F79EFBC}") = "HelloWorld.WinRT", "Toolkit\WinRT\HelloWorld\HelloWorld.WinRT.csproj", "{909E7305-BEFC-4E0B-8F4A-FCB96EDBAC59}"
EndProject
Project("{FAE04EC0-301F-11D3-BF4B-00C04F79EFBC}") = "HelloWorld.WinRTXaml", "Toolkit\WinRT\HelloWorld\HelloWorld.WinRTXaml.csproj", "{CED8D394-44C5-4934-BC76-4CA851D7CAA9}"
EndProject
Project("{FAE04EC0-301F-11D3-BF4B-00C04F79EFBC}") = "MiniCube.WinRT", "Toolkit\WinRT\MiniCube\MiniCube.WinRT.csproj", "{60C924B6-B570-42CA-B42A-B7F81D4B9CD3}"
EndProject
Project("{FAE04EC0-301F-11D3-BF4B-00C04F79EFBC}") = "MiniCube.WinRTXaml", "Toolkit\WinRT\MiniCube\MiniCube.WinRTXaml.csproj", "{5114D1A3-5423-4B73-8729-57CD90DC4BEC}"
EndProject
Project("{FAE04EC0-301F-11D3-BF4B-00C04F79EFBC}") = "SpriteBatchAndFont.WinRT", "Toolkit\WinRT\SpriteBatchAndFont\SpriteBatchAndFont.WinRT.csproj", "{A17BD4F4-8B5B-4214-B55B-FCDB31F655C2}"
EndProject
Project("{FAE04EC0-301F-11D3-BF4B-00C04F79EFBC}") = "SpriteBatchAndFont.WinRTXaml", "Toolkit\WinRT\SpriteBatchAndFont\SpriteBatchAndFont.WinRTXaml.csproj", "{6143AB62-23ED-48B0-91A1-B0F09B8B9105}"
EndProject
Project("{FAE04EC0-301F-11D3-BF4B-00C04F79EFBC}") = "HelloWorld.WP8", "Toolkit\WP8\HelloWorld\HelloWorld.WP8.csproj", "{C60A2F33-F803-456A-BBD9-210AA6361356}"
EndProject
Project("{FAE04EC0-301F-11D3-BF4B-00C04F79EFBC}") = "MiniCube.WP8", "Toolkit\WP8\MiniCube\MiniCube.WP8.csproj", "{C5BC01B8-2836-4569-A5C4-C80A3B6E7508}"
EndProject
Project("{FAE04EC0-301F-11D3-BF4B-00C04F79EFBC}") = "SpriteBatchAndFont.WP8", "Toolkit\WP8\SpriteBatchAndFont\SpriteBatchAndFont.WP8.csproj", "{5EEFB448-3717-4201-9549-6E93EE76CE82}"
EndProject
Project("{FAE04EC0-301F-11D3-BF4B-00C04F79EFBC}") = "MouseInput.Desktop", "Toolkit\Desktop\MouseInput\MouseInput.Desktop.csproj", "{7D0686C8-E617-4B68-B235-EB34B4E53508}"
EndProject
Project("{FAE04EC0-301F-11D3-BF4B-00C04F79EFBC}") = "MouseInput.WinRT", "Toolkit\WinRT\MouseInput\MouseInput.WinRT.csproj", "{76D9FEBB-0609-4836-9FBF-608536A585C2}"
EndProject
Project("{FAE04EC0-301F-11D3-BF4B-00C04F79EFBC}") = "KeyboardInput.Desktop", "Toolkit\Desktop\KeyboardInput\KeyboardInput.Desktop.csproj", "{A9660D02-5107-41D6-A1D7-32458E8A6C94}"
EndProject
Project("{FAE04EC0-301F-11D3-BF4B-00C04F79EFBC}") = "KeyboardInput.WinRT", "Toolkit\WinRT\KeyboardInput\KeyboardInput.WinRT.csproj", "{E63A00EA-ECF2-48CA-9155-8E849AE7F02D}"
EndProject
Global
	GlobalSection(SolutionConfigurationPlatforms) = preSolution
		Debug|Any CPU = Debug|Any CPU
		Debug|ARM = Debug|ARM
		Debug|x64 = Debug|x64
		Debug|x86 = Debug|x86
		Release|Any CPU = Release|Any CPU
		Release|ARM = Release|ARM
		Release|x64 = Release|x64
		Release|x86 = Release|x86
	EndGlobalSection
	GlobalSection(ProjectConfigurationPlatforms) = postSolution
		{05D111D6-C8FD-4DA4-B6C0-8C47E7081C3F}.Debug|Any CPU.ActiveCfg = Debug|Any CPU
		{05D111D6-C8FD-4DA4-B6C0-8C47E7081C3F}.Debug|Any CPU.Build.0 = Debug|Any CPU
		{05D111D6-C8FD-4DA4-B6C0-8C47E7081C3F}.Debug|ARM.ActiveCfg = Debug|Any CPU
		{05D111D6-C8FD-4DA4-B6C0-8C47E7081C3F}.Debug|ARM.Build.0 = Debug|Any CPU
		{05D111D6-C8FD-4DA4-B6C0-8C47E7081C3F}.Debug|x64.ActiveCfg = Debug|Any CPU
		{05D111D6-C8FD-4DA4-B6C0-8C47E7081C3F}.Debug|x86.ActiveCfg = Debug|Any CPU
		{05D111D6-C8FD-4DA4-B6C0-8C47E7081C3F}.Debug|x86.Build.0 = Debug|Any CPU
		{05D111D6-C8FD-4DA4-B6C0-8C47E7081C3F}.Release|Any CPU.ActiveCfg = Release|Any CPU
		{05D111D6-C8FD-4DA4-B6C0-8C47E7081C3F}.Release|Any CPU.Build.0 = Release|Any CPU
		{05D111D6-C8FD-4DA4-B6C0-8C47E7081C3F}.Release|ARM.ActiveCfg = Release|Any CPU
		{05D111D6-C8FD-4DA4-B6C0-8C47E7081C3F}.Release|ARM.Build.0 = Release|Any CPU
		{05D111D6-C8FD-4DA4-B6C0-8C47E7081C3F}.Release|x64.ActiveCfg = Release|Any CPU
		{05D111D6-C8FD-4DA4-B6C0-8C47E7081C3F}.Release|x86.ActiveCfg = Release|Any CPU
		{05D111D6-C8FD-4DA4-B6C0-8C47E7081C3F}.Release|x86.Build.0 = Release|Any CPU
		{0C9A4884-6357-4392-9341-27B43E195456}.Debug|Any CPU.ActiveCfg = Debug|Any CPU
		{0C9A4884-6357-4392-9341-27B43E195456}.Debug|Any CPU.Build.0 = Debug|Any CPU
		{0C9A4884-6357-4392-9341-27B43E195456}.Debug|ARM.ActiveCfg = Debug|Any CPU
		{0C9A4884-6357-4392-9341-27B43E195456}.Debug|ARM.Build.0 = Debug|Any CPU
		{0C9A4884-6357-4392-9341-27B43E195456}.Debug|x64.ActiveCfg = Debug|Any CPU
		{0C9A4884-6357-4392-9341-27B43E195456}.Debug|x86.ActiveCfg = Debug|Any CPU
		{0C9A4884-6357-4392-9341-27B43E195456}.Debug|x86.Build.0 = Debug|Any CPU
		{0C9A4884-6357-4392-9341-27B43E195456}.Release|Any CPU.ActiveCfg = Release|Any CPU
		{0C9A4884-6357-4392-9341-27B43E195456}.Release|Any CPU.Build.0 = Release|Any CPU
		{0C9A4884-6357-4392-9341-27B43E195456}.Release|ARM.ActiveCfg = Release|Any CPU
		{0C9A4884-6357-4392-9341-27B43E195456}.Release|ARM.Build.0 = Release|Any CPU
		{0C9A4884-6357-4392-9341-27B43E195456}.Release|x64.ActiveCfg = Release|Any CPU
		{0C9A4884-6357-4392-9341-27B43E195456}.Release|x86.ActiveCfg = Release|Any CPU
		{0C9A4884-6357-4392-9341-27B43E195456}.Release|x86.Build.0 = Release|Any CPU
		{0B991266-369E-460C-86D5-7F91407E5407}.Debug|Any CPU.ActiveCfg = Debug|Any CPU
		{0B991266-369E-460C-86D5-7F91407E5407}.Debug|Any CPU.Build.0 = Debug|Any CPU
		{0B991266-369E-460C-86D5-7F91407E5407}.Debug|ARM.ActiveCfg = Debug|Any CPU
		{0B991266-369E-460C-86D5-7F91407E5407}.Debug|ARM.Build.0 = Debug|Any CPU
		{0B991266-369E-460C-86D5-7F91407E5407}.Debug|x64.ActiveCfg = Debug|Any CPU
		{0B991266-369E-460C-86D5-7F91407E5407}.Debug|x86.ActiveCfg = Debug|Any CPU
		{0B991266-369E-460C-86D5-7F91407E5407}.Debug|x86.Build.0 = Debug|Any CPU
		{0B991266-369E-460C-86D5-7F91407E5407}.Release|Any CPU.ActiveCfg = Release|Any CPU
		{0B991266-369E-460C-86D5-7F91407E5407}.Release|Any CPU.Build.0 = Release|Any CPU
		{0B991266-369E-460C-86D5-7F91407E5407}.Release|ARM.ActiveCfg = Release|Any CPU
		{0B991266-369E-460C-86D5-7F91407E5407}.Release|ARM.Build.0 = Release|Any CPU
		{0B991266-369E-460C-86D5-7F91407E5407}.Release|x64.ActiveCfg = Release|Any CPU
		{0B991266-369E-460C-86D5-7F91407E5407}.Release|x86.ActiveCfg = Release|Any CPU
		{0B991266-369E-460C-86D5-7F91407E5407}.Release|x86.Build.0 = Release|Any CPU
		{618171D7-F09F-4C05-AE09-CFA4C4E9C53B}.Debug|Any CPU.ActiveCfg = Debug|Any CPU
		{618171D7-F09F-4C05-AE09-CFA4C4E9C53B}.Debug|Any CPU.Build.0 = Debug|Any CPU
		{618171D7-F09F-4C05-AE09-CFA4C4E9C53B}.Debug|ARM.ActiveCfg = Debug|Any CPU
		{618171D7-F09F-4C05-AE09-CFA4C4E9C53B}.Debug|ARM.Build.0 = Debug|Any CPU
		{618171D7-F09F-4C05-AE09-CFA4C4E9C53B}.Debug|x64.ActiveCfg = Debug|Any CPU
		{618171D7-F09F-4C05-AE09-CFA4C4E9C53B}.Debug|x86.ActiveCfg = Debug|Any CPU
		{618171D7-F09F-4C05-AE09-CFA4C4E9C53B}.Debug|x86.Build.0 = Debug|Any CPU
		{618171D7-F09F-4C05-AE09-CFA4C4E9C53B}.Release|Any CPU.ActiveCfg = Release|Any CPU
		{618171D7-F09F-4C05-AE09-CFA4C4E9C53B}.Release|Any CPU.Build.0 = Release|Any CPU
		{618171D7-F09F-4C05-AE09-CFA4C4E9C53B}.Release|ARM.ActiveCfg = Release|Any CPU
		{618171D7-F09F-4C05-AE09-CFA4C4E9C53B}.Release|ARM.Build.0 = Release|Any CPU
		{618171D7-F09F-4C05-AE09-CFA4C4E9C53B}.Release|x64.ActiveCfg = Release|Any CPU
		{618171D7-F09F-4C05-AE09-CFA4C4E9C53B}.Release|x86.ActiveCfg = Release|Any CPU
		{618171D7-F09F-4C05-AE09-CFA4C4E9C53B}.Release|x86.Build.0 = Release|Any CPU
		{253B1281-7088-474A-80EA-D7CC5D2015F9}.Debug|Any CPU.ActiveCfg = Debug|Any CPU
		{253B1281-7088-474A-80EA-D7CC5D2015F9}.Debug|Any CPU.Build.0 = Debug|Any CPU
		{253B1281-7088-474A-80EA-D7CC5D2015F9}.Debug|Any CPU.Deploy.0 = Debug|Any CPU
		{253B1281-7088-474A-80EA-D7CC5D2015F9}.Debug|ARM.ActiveCfg = Debug|Any CPU
		{253B1281-7088-474A-80EA-D7CC5D2015F9}.Debug|ARM.Build.0 = Debug|Any CPU
		{253B1281-7088-474A-80EA-D7CC5D2015F9}.Debug|ARM.Deploy.0 = Debug|Any CPU
		{253B1281-7088-474A-80EA-D7CC5D2015F9}.Debug|x64.ActiveCfg = Debug|Any CPU
		{253B1281-7088-474A-80EA-D7CC5D2015F9}.Debug|x86.ActiveCfg = Debug|Any CPU
		{253B1281-7088-474A-80EA-D7CC5D2015F9}.Debug|x86.Build.0 = Debug|Any CPU
		{253B1281-7088-474A-80EA-D7CC5D2015F9}.Debug|x86.Deploy.0 = Debug|Any CPU
		{253B1281-7088-474A-80EA-D7CC5D2015F9}.Release|Any CPU.ActiveCfg = Release|Any CPU
		{253B1281-7088-474A-80EA-D7CC5D2015F9}.Release|Any CPU.Build.0 = Release|Any CPU
		{253B1281-7088-474A-80EA-D7CC5D2015F9}.Release|Any CPU.Deploy.0 = Release|Any CPU
		{253B1281-7088-474A-80EA-D7CC5D2015F9}.Release|ARM.ActiveCfg = Release|Any CPU
		{253B1281-7088-474A-80EA-D7CC5D2015F9}.Release|ARM.Build.0 = Release|Any CPU
		{253B1281-7088-474A-80EA-D7CC5D2015F9}.Release|ARM.Deploy.0 = Release|Any CPU
		{253B1281-7088-474A-80EA-D7CC5D2015F9}.Release|x64.ActiveCfg = Release|Any CPU
		{253B1281-7088-474A-80EA-D7CC5D2015F9}.Release|x86.ActiveCfg = Release|Any CPU
		{253B1281-7088-474A-80EA-D7CC5D2015F9}.Release|x86.Build.0 = Release|Any CPU
		{253B1281-7088-474A-80EA-D7CC5D2015F9}.Release|x86.Deploy.0 = Release|Any CPU
		{229164CC-9EBD-4C7A-AC53-EB3699866010}.Debug|Any CPU.ActiveCfg = Debug|Any CPU
		{229164CC-9EBD-4C7A-AC53-EB3699866010}.Debug|Any CPU.Build.0 = Debug|Any CPU
		{229164CC-9EBD-4C7A-AC53-EB3699866010}.Debug|Any CPU.Deploy.0 = Debug|Any CPU
		{229164CC-9EBD-4C7A-AC53-EB3699866010}.Debug|ARM.ActiveCfg = Debug|Any CPU
		{229164CC-9EBD-4C7A-AC53-EB3699866010}.Debug|ARM.Build.0 = Debug|Any CPU
		{229164CC-9EBD-4C7A-AC53-EB3699866010}.Debug|ARM.Deploy.0 = Debug|Any CPU
		{229164CC-9EBD-4C7A-AC53-EB3699866010}.Debug|x64.ActiveCfg = Debug|Any CPU
		{229164CC-9EBD-4C7A-AC53-EB3699866010}.Debug|x86.ActiveCfg = Debug|Any CPU
		{229164CC-9EBD-4C7A-AC53-EB3699866010}.Debug|x86.Build.0 = Debug|Any CPU
		{229164CC-9EBD-4C7A-AC53-EB3699866010}.Debug|x86.Deploy.0 = Debug|Any CPU
		{229164CC-9EBD-4C7A-AC53-EB3699866010}.Release|Any CPU.ActiveCfg = Release|Any CPU
		{229164CC-9EBD-4C7A-AC53-EB3699866010}.Release|Any CPU.Build.0 = Release|Any CPU
		{229164CC-9EBD-4C7A-AC53-EB3699866010}.Release|Any CPU.Deploy.0 = Release|Any CPU
		{229164CC-9EBD-4C7A-AC53-EB3699866010}.Release|ARM.ActiveCfg = Release|Any CPU
		{229164CC-9EBD-4C7A-AC53-EB3699866010}.Release|ARM.Build.0 = Release|Any CPU
		{229164CC-9EBD-4C7A-AC53-EB3699866010}.Release|ARM.Deploy.0 = Release|Any CPU
		{229164CC-9EBD-4C7A-AC53-EB3699866010}.Release|x64.ActiveCfg = Release|Any CPU
		{229164CC-9EBD-4C7A-AC53-EB3699866010}.Release|x86.ActiveCfg = Release|Any CPU
		{229164CC-9EBD-4C7A-AC53-EB3699866010}.Release|x86.Build.0 = Release|Any CPU
		{229164CC-9EBD-4C7A-AC53-EB3699866010}.Release|x86.Deploy.0 = Release|Any CPU
		{909E7305-BEFC-4E0B-8F4A-FCB96EDBAC59}.Debug|Any CPU.ActiveCfg = Debug|Any CPU
		{909E7305-BEFC-4E0B-8F4A-FCB96EDBAC59}.Debug|Any CPU.Build.0 = Debug|Any CPU
		{909E7305-BEFC-4E0B-8F4A-FCB96EDBAC59}.Debug|Any CPU.Deploy.0 = Debug|Any CPU
		{909E7305-BEFC-4E0B-8F4A-FCB96EDBAC59}.Debug|ARM.ActiveCfg = Debug|Any CPU
		{909E7305-BEFC-4E0B-8F4A-FCB96EDBAC59}.Debug|ARM.Build.0 = Debug|Any CPU
		{909E7305-BEFC-4E0B-8F4A-FCB96EDBAC59}.Debug|ARM.Deploy.0 = Debug|Any CPU
		{909E7305-BEFC-4E0B-8F4A-FCB96EDBAC59}.Debug|x64.ActiveCfg = Debug|Any CPU
		{909E7305-BEFC-4E0B-8F4A-FCB96EDBAC59}.Debug|x86.ActiveCfg = Debug|Any CPU
		{909E7305-BEFC-4E0B-8F4A-FCB96EDBAC59}.Debug|x86.Build.0 = Debug|Any CPU
		{909E7305-BEFC-4E0B-8F4A-FCB96EDBAC59}.Debug|x86.Deploy.0 = Debug|Any CPU
		{909E7305-BEFC-4E0B-8F4A-FCB96EDBAC59}.Release|Any CPU.ActiveCfg = Release|Any CPU
		{909E7305-BEFC-4E0B-8F4A-FCB96EDBAC59}.Release|Any CPU.Build.0 = Release|Any CPU
		{909E7305-BEFC-4E0B-8F4A-FCB96EDBAC59}.Release|Any CPU.Deploy.0 = Release|Any CPU
		{909E7305-BEFC-4E0B-8F4A-FCB96EDBAC59}.Release|ARM.ActiveCfg = Release|Any CPU
		{909E7305-BEFC-4E0B-8F4A-FCB96EDBAC59}.Release|ARM.Build.0 = Release|Any CPU
		{909E7305-BEFC-4E0B-8F4A-FCB96EDBAC59}.Release|ARM.Deploy.0 = Release|Any CPU
		{909E7305-BEFC-4E0B-8F4A-FCB96EDBAC59}.Release|x64.ActiveCfg = Release|Any CPU
		{909E7305-BEFC-4E0B-8F4A-FCB96EDBAC59}.Release|x86.ActiveCfg = Release|Any CPU
		{909E7305-BEFC-4E0B-8F4A-FCB96EDBAC59}.Release|x86.Build.0 = Release|Any CPU
		{909E7305-BEFC-4E0B-8F4A-FCB96EDBAC59}.Release|x86.Deploy.0 = Release|Any CPU
		{CED8D394-44C5-4934-BC76-4CA851D7CAA9}.Debug|Any CPU.ActiveCfg = Debug|Any CPU
		{CED8D394-44C5-4934-BC76-4CA851D7CAA9}.Debug|Any CPU.Build.0 = Debug|Any CPU
		{CED8D394-44C5-4934-BC76-4CA851D7CAA9}.Debug|Any CPU.Deploy.0 = Debug|Any CPU
		{CED8D394-44C5-4934-BC76-4CA851D7CAA9}.Debug|ARM.ActiveCfg = Debug|Any CPU
		{CED8D394-44C5-4934-BC76-4CA851D7CAA9}.Debug|ARM.Build.0 = Debug|Any CPU
		{CED8D394-44C5-4934-BC76-4CA851D7CAA9}.Debug|ARM.Deploy.0 = Debug|Any CPU
		{CED8D394-44C5-4934-BC76-4CA851D7CAA9}.Debug|x64.ActiveCfg = Debug|Any CPU
		{CED8D394-44C5-4934-BC76-4CA851D7CAA9}.Debug|x86.ActiveCfg = Debug|Any CPU
		{CED8D394-44C5-4934-BC76-4CA851D7CAA9}.Debug|x86.Build.0 = Debug|Any CPU
		{CED8D394-44C5-4934-BC76-4CA851D7CAA9}.Debug|x86.Deploy.0 = Debug|Any CPU
		{CED8D394-44C5-4934-BC76-4CA851D7CAA9}.Release|Any CPU.ActiveCfg = Release|Any CPU
		{CED8D394-44C5-4934-BC76-4CA851D7CAA9}.Release|Any CPU.Build.0 = Release|Any CPU
		{CED8D394-44C5-4934-BC76-4CA851D7CAA9}.Release|Any CPU.Deploy.0 = Release|Any CPU
		{CED8D394-44C5-4934-BC76-4CA851D7CAA9}.Release|ARM.ActiveCfg = Release|Any CPU
		{CED8D394-44C5-4934-BC76-4CA851D7CAA9}.Release|ARM.Build.0 = Release|Any CPU
		{CED8D394-44C5-4934-BC76-4CA851D7CAA9}.Release|ARM.Deploy.0 = Release|Any CPU
		{CED8D394-44C5-4934-BC76-4CA851D7CAA9}.Release|x64.ActiveCfg = Release|Any CPU
		{CED8D394-44C5-4934-BC76-4CA851D7CAA9}.Release|x86.ActiveCfg = Release|Any CPU
		{CED8D394-44C5-4934-BC76-4CA851D7CAA9}.Release|x86.Build.0 = Release|Any CPU
		{CED8D394-44C5-4934-BC76-4CA851D7CAA9}.Release|x86.Deploy.0 = Release|Any CPU
		{60C924B6-B570-42CA-B42A-B7F81D4B9CD3}.Debug|Any CPU.ActiveCfg = Debug|Any CPU
		{60C924B6-B570-42CA-B42A-B7F81D4B9CD3}.Debug|Any CPU.Build.0 = Debug|Any CPU
		{60C924B6-B570-42CA-B42A-B7F81D4B9CD3}.Debug|Any CPU.Deploy.0 = Debug|Any CPU
		{60C924B6-B570-42CA-B42A-B7F81D4B9CD3}.Debug|ARM.ActiveCfg = Debug|Any CPU
		{60C924B6-B570-42CA-B42A-B7F81D4B9CD3}.Debug|ARM.Build.0 = Debug|Any CPU
		{60C924B6-B570-42CA-B42A-B7F81D4B9CD3}.Debug|ARM.Deploy.0 = Debug|Any CPU
		{60C924B6-B570-42CA-B42A-B7F81D4B9CD3}.Debug|x64.ActiveCfg = Debug|Any CPU
		{60C924B6-B570-42CA-B42A-B7F81D4B9CD3}.Debug|x86.ActiveCfg = Debug|Any CPU
		{60C924B6-B570-42CA-B42A-B7F81D4B9CD3}.Debug|x86.Build.0 = Debug|Any CPU
		{60C924B6-B570-42CA-B42A-B7F81D4B9CD3}.Debug|x86.Deploy.0 = Debug|Any CPU
		{60C924B6-B570-42CA-B42A-B7F81D4B9CD3}.Release|Any CPU.ActiveCfg = Release|Any CPU
		{60C924B6-B570-42CA-B42A-B7F81D4B9CD3}.Release|Any CPU.Build.0 = Release|Any CPU
		{60C924B6-B570-42CA-B42A-B7F81D4B9CD3}.Release|Any CPU.Deploy.0 = Release|Any CPU
		{60C924B6-B570-42CA-B42A-B7F81D4B9CD3}.Release|ARM.ActiveCfg = Release|Any CPU
		{60C924B6-B570-42CA-B42A-B7F81D4B9CD3}.Release|ARM.Build.0 = Release|Any CPU
		{60C924B6-B570-42CA-B42A-B7F81D4B9CD3}.Release|ARM.Deploy.0 = Release|Any CPU
		{60C924B6-B570-42CA-B42A-B7F81D4B9CD3}.Release|x64.ActiveCfg = Release|Any CPU
		{60C924B6-B570-42CA-B42A-B7F81D4B9CD3}.Release|x86.ActiveCfg = Release|Any CPU
		{60C924B6-B570-42CA-B42A-B7F81D4B9CD3}.Release|x86.Build.0 = Release|Any CPU
		{60C924B6-B570-42CA-B42A-B7F81D4B9CD3}.Release|x86.Deploy.0 = Release|Any CPU
		{5114D1A3-5423-4B73-8729-57CD90DC4BEC}.Debug|Any CPU.ActiveCfg = Debug|Any CPU
		{5114D1A3-5423-4B73-8729-57CD90DC4BEC}.Debug|Any CPU.Build.0 = Debug|Any CPU
		{5114D1A3-5423-4B73-8729-57CD90DC4BEC}.Debug|Any CPU.Deploy.0 = Debug|Any CPU
		{5114D1A3-5423-4B73-8729-57CD90DC4BEC}.Debug|ARM.ActiveCfg = Debug|Any CPU
		{5114D1A3-5423-4B73-8729-57CD90DC4BEC}.Debug|ARM.Build.0 = Debug|Any CPU
		{5114D1A3-5423-4B73-8729-57CD90DC4BEC}.Debug|ARM.Deploy.0 = Debug|Any CPU
		{5114D1A3-5423-4B73-8729-57CD90DC4BEC}.Debug|x64.ActiveCfg = Debug|Any CPU
		{5114D1A3-5423-4B73-8729-57CD90DC4BEC}.Debug|x86.ActiveCfg = Debug|Any CPU
		{5114D1A3-5423-4B73-8729-57CD90DC4BEC}.Debug|x86.Build.0 = Debug|Any CPU
		{5114D1A3-5423-4B73-8729-57CD90DC4BEC}.Debug|x86.Deploy.0 = Debug|Any CPU
		{5114D1A3-5423-4B73-8729-57CD90DC4BEC}.Release|Any CPU.ActiveCfg = Release|Any CPU
		{5114D1A3-5423-4B73-8729-57CD90DC4BEC}.Release|Any CPU.Build.0 = Release|Any CPU
		{5114D1A3-5423-4B73-8729-57CD90DC4BEC}.Release|Any CPU.Deploy.0 = Release|Any CPU
		{5114D1A3-5423-4B73-8729-57CD90DC4BEC}.Release|ARM.ActiveCfg = Release|Any CPU
		{5114D1A3-5423-4B73-8729-57CD90DC4BEC}.Release|ARM.Build.0 = Release|Any CPU
		{5114D1A3-5423-4B73-8729-57CD90DC4BEC}.Release|ARM.Deploy.0 = Release|Any CPU
		{5114D1A3-5423-4B73-8729-57CD90DC4BEC}.Release|x64.ActiveCfg = Release|Any CPU
		{5114D1A3-5423-4B73-8729-57CD90DC4BEC}.Release|x86.ActiveCfg = Release|Any CPU
		{5114D1A3-5423-4B73-8729-57CD90DC4BEC}.Release|x86.Build.0 = Release|Any CPU
		{5114D1A3-5423-4B73-8729-57CD90DC4BEC}.Release|x86.Deploy.0 = Release|Any CPU
		{A17BD4F4-8B5B-4214-B55B-FCDB31F655C2}.Debug|Any CPU.ActiveCfg = Debug|Any CPU
		{A17BD4F4-8B5B-4214-B55B-FCDB31F655C2}.Debug|Any CPU.Build.0 = Debug|Any CPU
		{A17BD4F4-8B5B-4214-B55B-FCDB31F655C2}.Debug|Any CPU.Deploy.0 = Debug|Any CPU
		{A17BD4F4-8B5B-4214-B55B-FCDB31F655C2}.Debug|ARM.ActiveCfg = Debug|Any CPU
		{A17BD4F4-8B5B-4214-B55B-FCDB31F655C2}.Debug|ARM.Build.0 = Debug|Any CPU
		{A17BD4F4-8B5B-4214-B55B-FCDB31F655C2}.Debug|ARM.Deploy.0 = Debug|Any CPU
		{A17BD4F4-8B5B-4214-B55B-FCDB31F655C2}.Debug|x64.ActiveCfg = Debug|Any CPU
		{A17BD4F4-8B5B-4214-B55B-FCDB31F655C2}.Debug|x86.ActiveCfg = Debug|Any CPU
		{A17BD4F4-8B5B-4214-B55B-FCDB31F655C2}.Debug|x86.Build.0 = Debug|Any CPU
		{A17BD4F4-8B5B-4214-B55B-FCDB31F655C2}.Debug|x86.Deploy.0 = Debug|Any CPU
		{A17BD4F4-8B5B-4214-B55B-FCDB31F655C2}.Release|Any CPU.ActiveCfg = Release|Any CPU
		{A17BD4F4-8B5B-4214-B55B-FCDB31F655C2}.Release|Any CPU.Build.0 = Release|Any CPU
		{A17BD4F4-8B5B-4214-B55B-FCDB31F655C2}.Release|Any CPU.Deploy.0 = Release|Any CPU
		{A17BD4F4-8B5B-4214-B55B-FCDB31F655C2}.Release|ARM.ActiveCfg = Release|Any CPU
		{A17BD4F4-8B5B-4214-B55B-FCDB31F655C2}.Release|ARM.Build.0 = Release|Any CPU
		{A17BD4F4-8B5B-4214-B55B-FCDB31F655C2}.Release|ARM.Deploy.0 = Release|Any CPU
		{A17BD4F4-8B5B-4214-B55B-FCDB31F655C2}.Release|x64.ActiveCfg = Release|Any CPU
		{A17BD4F4-8B5B-4214-B55B-FCDB31F655C2}.Release|x86.ActiveCfg = Release|Any CPU
		{A17BD4F4-8B5B-4214-B55B-FCDB31F655C2}.Release|x86.Build.0 = Release|Any CPU
		{A17BD4F4-8B5B-4214-B55B-FCDB31F655C2}.Release|x86.Deploy.0 = Release|Any CPU
		{6143AB62-23ED-48B0-91A1-B0F09B8B9105}.Debug|Any CPU.ActiveCfg = Debug|Any CPU
		{6143AB62-23ED-48B0-91A1-B0F09B8B9105}.Debug|Any CPU.Build.0 = Debug|Any CPU
		{6143AB62-23ED-48B0-91A1-B0F09B8B9105}.Debug|Any CPU.Deploy.0 = Debug|Any CPU
		{6143AB62-23ED-48B0-91A1-B0F09B8B9105}.Debug|ARM.ActiveCfg = Debug|Any CPU
		{6143AB62-23ED-48B0-91A1-B0F09B8B9105}.Debug|ARM.Build.0 = Debug|Any CPU
		{6143AB62-23ED-48B0-91A1-B0F09B8B9105}.Debug|ARM.Deploy.0 = Debug|Any CPU
		{6143AB62-23ED-48B0-91A1-B0F09B8B9105}.Debug|x64.ActiveCfg = Debug|Any CPU
		{6143AB62-23ED-48B0-91A1-B0F09B8B9105}.Debug|x86.ActiveCfg = Debug|Any CPU
		{6143AB62-23ED-48B0-91A1-B0F09B8B9105}.Debug|x86.Build.0 = Debug|Any CPU
		{6143AB62-23ED-48B0-91A1-B0F09B8B9105}.Debug|x86.Deploy.0 = Debug|Any CPU
		{6143AB62-23ED-48B0-91A1-B0F09B8B9105}.Release|Any CPU.ActiveCfg = Release|Any CPU
		{6143AB62-23ED-48B0-91A1-B0F09B8B9105}.Release|Any CPU.Build.0 = Release|Any CPU
		{6143AB62-23ED-48B0-91A1-B0F09B8B9105}.Release|Any CPU.Deploy.0 = Release|Any CPU
		{6143AB62-23ED-48B0-91A1-B0F09B8B9105}.Release|ARM.ActiveCfg = Release|Any CPU
		{6143AB62-23ED-48B0-91A1-B0F09B8B9105}.Release|ARM.Build.0 = Release|Any CPU
		{6143AB62-23ED-48B0-91A1-B0F09B8B9105}.Release|ARM.Deploy.0 = Release|Any CPU
		{6143AB62-23ED-48B0-91A1-B0F09B8B9105}.Release|x64.ActiveCfg = Release|Any CPU
		{6143AB62-23ED-48B0-91A1-B0F09B8B9105}.Release|x86.ActiveCfg = Release|Any CPU
		{6143AB62-23ED-48B0-91A1-B0F09B8B9105}.Release|x86.Build.0 = Release|Any CPU
		{6143AB62-23ED-48B0-91A1-B0F09B8B9105}.Release|x86.Deploy.0 = Release|Any CPU
		{C60A2F33-F803-456A-BBD9-210AA6361356}.Debug|Any CPU.ActiveCfg = Debug|x86
		{C60A2F33-F803-456A-BBD9-210AA6361356}.Debug|Any CPU.Build.0 = Debug|x86
		{C60A2F33-F803-456A-BBD9-210AA6361356}.Debug|Any CPU.Deploy.0 = Debug|x86
		{C60A2F33-F803-456A-BBD9-210AA6361356}.Debug|ARM.ActiveCfg = Debug|ARM
		{C60A2F33-F803-456A-BBD9-210AA6361356}.Debug|ARM.Build.0 = Debug|ARM
		{C60A2F33-F803-456A-BBD9-210AA6361356}.Debug|ARM.Deploy.0 = Debug|ARM
		{C60A2F33-F803-456A-BBD9-210AA6361356}.Debug|x64.ActiveCfg = Debug|x86
		{C60A2F33-F803-456A-BBD9-210AA6361356}.Debug|x86.ActiveCfg = Debug|x86
		{C60A2F33-F803-456A-BBD9-210AA6361356}.Debug|x86.Build.0 = Debug|x86
		{C60A2F33-F803-456A-BBD9-210AA6361356}.Debug|x86.Deploy.0 = Debug|x86
		{C60A2F33-F803-456A-BBD9-210AA6361356}.Release|Any CPU.ActiveCfg = Release|x86
		{C60A2F33-F803-456A-BBD9-210AA6361356}.Release|Any CPU.Build.0 = Release|x86
		{C60A2F33-F803-456A-BBD9-210AA6361356}.Release|Any CPU.Deploy.0 = Release|x86
		{C60A2F33-F803-456A-BBD9-210AA6361356}.Release|ARM.ActiveCfg = Release|ARM
		{C60A2F33-F803-456A-BBD9-210AA6361356}.Release|ARM.Build.0 = Release|ARM
		{C60A2F33-F803-456A-BBD9-210AA6361356}.Release|ARM.Deploy.0 = Release|ARM
		{C60A2F33-F803-456A-BBD9-210AA6361356}.Release|x64.ActiveCfg = Release|x86
		{C60A2F33-F803-456A-BBD9-210AA6361356}.Release|x86.ActiveCfg = Release|x86
		{C60A2F33-F803-456A-BBD9-210AA6361356}.Release|x86.Build.0 = Release|x86
		{C60A2F33-F803-456A-BBD9-210AA6361356}.Release|x86.Deploy.0 = Release|x86
		{C5BC01B8-2836-4569-A5C4-C80A3B6E7508}.Debug|Any CPU.ActiveCfg = Debug|x86
		{C5BC01B8-2836-4569-A5C4-C80A3B6E7508}.Debug|Any CPU.Build.0 = Debug|x86
		{C5BC01B8-2836-4569-A5C4-C80A3B6E7508}.Debug|Any CPU.Deploy.0 = Debug|x86
		{C5BC01B8-2836-4569-A5C4-C80A3B6E7508}.Debug|ARM.ActiveCfg = Debug|ARM
		{C5BC01B8-2836-4569-A5C4-C80A3B6E7508}.Debug|ARM.Build.0 = Debug|ARM
		{C5BC01B8-2836-4569-A5C4-C80A3B6E7508}.Debug|ARM.Deploy.0 = Debug|ARM
		{C5BC01B8-2836-4569-A5C4-C80A3B6E7508}.Debug|x64.ActiveCfg = Debug|x86
		{C5BC01B8-2836-4569-A5C4-C80A3B6E7508}.Debug|x86.ActiveCfg = Debug|x86
		{C5BC01B8-2836-4569-A5C4-C80A3B6E7508}.Debug|x86.Build.0 = Debug|x86
		{C5BC01B8-2836-4569-A5C4-C80A3B6E7508}.Debug|x86.Deploy.0 = Debug|x86
		{C5BC01B8-2836-4569-A5C4-C80A3B6E7508}.Release|Any CPU.ActiveCfg = Release|x86
		{C5BC01B8-2836-4569-A5C4-C80A3B6E7508}.Release|Any CPU.Build.0 = Release|x86
		{C5BC01B8-2836-4569-A5C4-C80A3B6E7508}.Release|Any CPU.Deploy.0 = Release|x86
		{C5BC01B8-2836-4569-A5C4-C80A3B6E7508}.Release|ARM.ActiveCfg = Release|ARM
		{C5BC01B8-2836-4569-A5C4-C80A3B6E7508}.Release|ARM.Build.0 = Release|ARM
		{C5BC01B8-2836-4569-A5C4-C80A3B6E7508}.Release|ARM.Deploy.0 = Release|ARM
		{C5BC01B8-2836-4569-A5C4-C80A3B6E7508}.Release|x64.ActiveCfg = Release|x86
		{C5BC01B8-2836-4569-A5C4-C80A3B6E7508}.Release|x86.ActiveCfg = Release|x86
		{C5BC01B8-2836-4569-A5C4-C80A3B6E7508}.Release|x86.Build.0 = Release|x86
		{C5BC01B8-2836-4569-A5C4-C80A3B6E7508}.Release|x86.Deploy.0 = Release|x86
		{5EEFB448-3717-4201-9549-6E93EE76CE82}.Debug|Any CPU.ActiveCfg = Debug|x86
		{5EEFB448-3717-4201-9549-6E93EE76CE82}.Debug|Any CPU.Build.0 = Debug|x86
		{5EEFB448-3717-4201-9549-6E93EE76CE82}.Debug|Any CPU.Deploy.0 = Debug|x86
		{5EEFB448-3717-4201-9549-6E93EE76CE82}.Debug|ARM.ActiveCfg = Debug|ARM
		{5EEFB448-3717-4201-9549-6E93EE76CE82}.Debug|ARM.Build.0 = Debug|ARM
		{5EEFB448-3717-4201-9549-6E93EE76CE82}.Debug|ARM.Deploy.0 = Debug|ARM
		{5EEFB448-3717-4201-9549-6E93EE76CE82}.Debug|x64.ActiveCfg = Debug|x86
		{5EEFB448-3717-4201-9549-6E93EE76CE82}.Debug|x86.ActiveCfg = Debug|x86
		{5EEFB448-3717-4201-9549-6E93EE76CE82}.Debug|x86.Build.0 = Debug|x86
		{5EEFB448-3717-4201-9549-6E93EE76CE82}.Debug|x86.Deploy.0 = Debug|x86
		{5EEFB448-3717-4201-9549-6E93EE76CE82}.Release|Any CPU.ActiveCfg = Release|x86
		{5EEFB448-3717-4201-9549-6E93EE76CE82}.Release|Any CPU.Build.0 = Release|x86
		{5EEFB448-3717-4201-9549-6E93EE76CE82}.Release|Any CPU.Deploy.0 = Release|x86
		{5EEFB448-3717-4201-9549-6E93EE76CE82}.Release|ARM.ActiveCfg = Release|ARM
		{5EEFB448-3717-4201-9549-6E93EE76CE82}.Release|ARM.Build.0 = Release|ARM
		{5EEFB448-3717-4201-9549-6E93EE76CE82}.Release|ARM.Deploy.0 = Release|ARM
		{5EEFB448-3717-4201-9549-6E93EE76CE82}.Release|x64.ActiveCfg = Release|x86
		{5EEFB448-3717-4201-9549-6E93EE76CE82}.Release|x86.ActiveCfg = Release|x86
		{5EEFB448-3717-4201-9549-6E93EE76CE82}.Release|x86.Build.0 = Release|x86
		{5EEFB448-3717-4201-9549-6E93EE76CE82}.Release|x86.Deploy.0 = Release|x86
		{7D0686C8-E617-4B68-B235-EB34B4E53508}.Debug|Any CPU.ActiveCfg = Debug|Any CPU
		{7D0686C8-E617-4B68-B235-EB34B4E53508}.Debug|Any CPU.Build.0 = Debug|Any CPU
		{7D0686C8-E617-4B68-B235-EB34B4E53508}.Debug|ARM.ActiveCfg = Debug|Any CPU
		{7D0686C8-E617-4B68-B235-EB34B4E53508}.Debug|x64.ActiveCfg = Debug|Any CPU
		{7D0686C8-E617-4B68-B235-EB34B4E53508}.Debug|x86.ActiveCfg = Debug|Any CPU
		{7D0686C8-E617-4B68-B235-EB34B4E53508}.Release|Any CPU.ActiveCfg = Release|Any CPU
		{7D0686C8-E617-4B68-B235-EB34B4E53508}.Release|Any CPU.Build.0 = Release|Any CPU
		{7D0686C8-E617-4B68-B235-EB34B4E53508}.Release|ARM.ActiveCfg = Release|Any CPU
		{7D0686C8-E617-4B68-B235-EB34B4E53508}.Release|x64.ActiveCfg = Release|Any CPU
		{7D0686C8-E617-4B68-B235-EB34B4E53508}.Release|x86.ActiveCfg = Release|Any CPU
		{76D9FEBB-0609-4836-9FBF-608536A585C2}.Debug|Any CPU.ActiveCfg = Debug|Any CPU
		{76D9FEBB-0609-4836-9FBF-608536A585C2}.Debug|Any CPU.Build.0 = Debug|Any CPU
		{76D9FEBB-0609-4836-9FBF-608536A585C2}.Debug|Any CPU.Deploy.0 = Debug|Any CPU
		{76D9FEBB-0609-4836-9FBF-608536A585C2}.Debug|ARM.ActiveCfg = Debug|ARM
		{76D9FEBB-0609-4836-9FBF-608536A585C2}.Debug|ARM.Build.0 = Debug|ARM
		{76D9FEBB-0609-4836-9FBF-608536A585C2}.Debug|ARM.Deploy.0 = Debug|ARM
		{76D9FEBB-0609-4836-9FBF-608536A585C2}.Debug|x64.ActiveCfg = Debug|x64
		{76D9FEBB-0609-4836-9FBF-608536A585C2}.Debug|x64.Build.0 = Debug|x64
		{76D9FEBB-0609-4836-9FBF-608536A585C2}.Debug|x64.Deploy.0 = Debug|x64
		{76D9FEBB-0609-4836-9FBF-608536A585C2}.Debug|x86.ActiveCfg = Debug|x86
		{76D9FEBB-0609-4836-9FBF-608536A585C2}.Debug|x86.Build.0 = Debug|x86
		{76D9FEBB-0609-4836-9FBF-608536A585C2}.Debug|x86.Deploy.0 = Debug|x86
		{76D9FEBB-0609-4836-9FBF-608536A585C2}.Release|Any CPU.ActiveCfg = Release|Any CPU
		{76D9FEBB-0609-4836-9FBF-608536A585C2}.Release|Any CPU.Build.0 = Release|Any CPU
		{76D9FEBB-0609-4836-9FBF-608536A585C2}.Release|Any CPU.Deploy.0 = Release|Any CPU
		{76D9FEBB-0609-4836-9FBF-608536A585C2}.Release|ARM.ActiveCfg = Release|ARM
		{76D9FEBB-0609-4836-9FBF-608536A585C2}.Release|ARM.Build.0 = Release|ARM
		{76D9FEBB-0609-4836-9FBF-608536A585C2}.Release|ARM.Deploy.0 = Release|ARM
		{76D9FEBB-0609-4836-9FBF-608536A585C2}.Release|x64.ActiveCfg = Release|x64
		{76D9FEBB-0609-4836-9FBF-608536A585C2}.Release|x64.Build.0 = Release|x64
		{76D9FEBB-0609-4836-9FBF-608536A585C2}.Release|x64.Deploy.0 = Release|x64
		{76D9FEBB-0609-4836-9FBF-608536A585C2}.Release|x86.ActiveCfg = Release|x86
		{76D9FEBB-0609-4836-9FBF-608536A585C2}.Release|x86.Build.0 = Release|x86
		{76D9FEBB-0609-4836-9FBF-608536A585C2}.Release|x86.Deploy.0 = Release|x86
		{A9660D02-5107-41D6-A1D7-32458E8A6C94}.Debug|Any CPU.ActiveCfg = Debug|Any CPU
		{A9660D02-5107-41D6-A1D7-32458E8A6C94}.Debug|Any CPU.Build.0 = Debug|Any CPU
		{A9660D02-5107-41D6-A1D7-32458E8A6C94}.Debug|ARM.ActiveCfg = Debug|Any CPU
		{A9660D02-5107-41D6-A1D7-32458E8A6C94}.Debug|x64.ActiveCfg = Debug|Any CPU
		{A9660D02-5107-41D6-A1D7-32458E8A6C94}.Debug|x86.ActiveCfg = Debug|Any CPU
		{A9660D02-5107-41D6-A1D7-32458E8A6C94}.Release|Any CPU.ActiveCfg = Release|Any CPU
		{A9660D02-5107-41D6-A1D7-32458E8A6C94}.Release|Any CPU.Build.0 = Release|Any CPU
		{A9660D02-5107-41D6-A1D7-32458E8A6C94}.Release|ARM.ActiveCfg = Release|Any CPU
		{A9660D02-5107-41D6-A1D7-32458E8A6C94}.Release|x64.ActiveCfg = Release|Any CPU
		{A9660D02-5107-41D6-A1D7-32458E8A6C94}.Release|x86.ActiveCfg = Release|Any CPU
		{E63A00EA-ECF2-48CA-9155-8E849AE7F02D}.Debug|Any CPU.ActiveCfg = Debug|Any CPU
		{E63A00EA-ECF2-48CA-9155-8E849AE7F02D}.Debug|Any CPU.Build.0 = Debug|Any CPU
		{E63A00EA-ECF2-48CA-9155-8E849AE7F02D}.Debug|Any CPU.Deploy.0 = Debug|Any CPU
		{E63A00EA-ECF2-48CA-9155-8E849AE7F02D}.Debug|ARM.ActiveCfg = Debug|ARM
		{E63A00EA-ECF2-48CA-9155-8E849AE7F02D}.Debug|ARM.Build.0 = Debug|ARM
		{E63A00EA-ECF2-48CA-9155-8E849AE7F02D}.Debug|ARM.Deploy.0 = Debug|ARM
		{E63A00EA-ECF2-48CA-9155-8E849AE7F02D}.Debug|x64.ActiveCfg = Debug|x64
		{E63A00EA-ECF2-48CA-9155-8E849AE7F02D}.Debug|x64.Build.0 = Debug|x64
		{E63A00EA-ECF2-48CA-9155-8E849AE7F02D}.Debug|x64.Deploy.0 = Debug|x64
		{E63A00EA-ECF2-48CA-9155-8E849AE7F02D}.Debug|x86.ActiveCfg = Debug|x86
		{E63A00EA-ECF2-48CA-9155-8E849AE7F02D}.Debug|x86.Build.0 = Debug|x86
		{E63A00EA-ECF2-48CA-9155-8E849AE7F02D}.Debug|x86.Deploy.0 = Debug|x86
		{E63A00EA-ECF2-48CA-9155-8E849AE7F02D}.Release|Any CPU.ActiveCfg = Release|Any CPU
		{E63A00EA-ECF2-48CA-9155-8E849AE7F02D}.Release|Any CPU.Build.0 = Release|Any CPU
		{E63A00EA-ECF2-48CA-9155-8E849AE7F02D}.Release|Any CPU.Deploy.0 = Release|Any CPU
		{E63A00EA-ECF2-48CA-9155-8E849AE7F02D}.Release|ARM.ActiveCfg = Release|ARM
		{E63A00EA-ECF2-48CA-9155-8E849AE7F02D}.Release|ARM.Build.0 = Release|ARM
		{E63A00EA-ECF2-48CA-9155-8E849AE7F02D}.Release|ARM.Deploy.0 = Release|ARM
		{E63A00EA-ECF2-48CA-9155-8E849AE7F02D}.Release|x64.ActiveCfg = Release|x64
		{E63A00EA-ECF2-48CA-9155-8E849AE7F02D}.Release|x64.Build.0 = Release|x64
		{E63A00EA-ECF2-48CA-9155-8E849AE7F02D}.Release|x64.Deploy.0 = Release|x64
		{E63A00EA-ECF2-48CA-9155-8E849AE7F02D}.Release|x86.ActiveCfg = Release|x86
		{E63A00EA-ECF2-48CA-9155-8E849AE7F02D}.Release|x86.Build.0 = Release|x86
		{E63A00EA-ECF2-48CA-9155-8E849AE7F02D}.Release|x86.Deploy.0 = Release|x86
	EndGlobalSection
	GlobalSection(SolutionProperties) = preSolution
		HideSolutionNode = FALSE
	EndGlobalSection
EndGlobal
